Microsoft Visual Studio Solution File, Format Version 10.00
# Visual C++ Express 2008
Project("{8BC9CEB8-8B4A-11D0-8D11-00A0C91BC942}") = "CDTestFramework", "CDTestFramework.vcproj", "{0565DB39-45CC-416E-B549-BFC24F2666D1}"
	ProjectSection(ProjectDependencies) = postProject
		{3D0AE411-4DAA-4A39-9C51-B089849796D1} = {3D0AE411-4DAA-4A39-9C51-B089849796D1}
		{251D5315-4691-43F0-927C-F4A7B2CE51D6} = {251D5315-4691-43F0-927C-F4A7B2CE51D6}
		{61544C2F-91B2-4BDD-8404-EC24C0282DE7} = {61544C2F-91B2-4BDD-8404-EC24C0282DE7}
		{1CE18A8B-BC22-4394-8FFD-429375B0548A} = {1CE18A8B-BC22-4394-8FFD-429375B0548A}
		{DBE44CA3-2912-4441-8D99-AA2242688AD2} = {DBE44CA3-2912-4441-8D99-AA2242688AD2}
		{953524F7-5819-4D5D-A004-66B743BD3A45} = {953524F7-5819-4D5D-A004-66B743BD3A45}
	EndProjectSection
EndProject
Project("{8BC9CEB8-8B4A-11D0-8D11-00A0C91BC942}") = "Opcode", "Opcode\Opcode.vcproj", "{DBE44CA3-2912-4441-8D99-AA2242688AD2}"
EndProject
Project("{8BC9CEB8-8B4A-11D0-8D11-00A0C91BC942}") = "libbulletcuda", "..\CUDA\libbulletcuda.vcproj", "{F74E8E02-0B47-4816-BD0B-FAEAE3343165}"
EndProject
Project("{8BC9CEB8-8B4A-11D0-8D11-00A0C91BC942}") = "CDTestFrameworkMiniCL", "CDTestFrameworkMiniCL.vcproj", "{08398DD4-2366-41C4-AE52-386047D30B12}"
	ProjectSection(ProjectDependencies) = postProject
		{61544C2F-91B2-4BDD-8404-EC24C0282DE7} = {61544C2F-91B2-4BDD-8404-EC24C0282DE7}
		{1CE18A8B-BC22-4394-8FFD-429375B0548A} = {1CE18A8B-BC22-4394-8FFD-429375B0548A}
		{DBE44CA3-2912-4441-8D99-AA2242688AD2} = {DBE44CA3-2912-4441-8D99-AA2242688AD2}
		{2D826ABD-0902-4D36-87FC-0D3F2D513E50} = {2D826ABD-0902-4D36-87FC-0D3F2D513E50}
		{953524F7-5819-4D5D-A004-66B743BD3A45} = {953524F7-5819-4D5D-A004-66B743BD3A45}
	EndProjectSection
EndProject
Project("{8BC9CEB8-8B4A-11D0-8D11-00A0C91BC942}") = "CDTestFramework_AMD", "CDTestFramework_AMD.vcproj", "{6B791684-9140-4188-ABF0-31E4EEC692E4}"
	ProjectSection(ProjectDependencies) = postProject
		{61544C2F-91B2-4BDD-8404-EC24C0282DE7} = {61544C2F-91B2-4BDD-8404-EC24C0282DE7}
		{1CE18A8B-BC22-4394-8FFD-429375B0548A} = {1CE18A8B-BC22-4394-8FFD-429375B0548A}
		{C0F6A68B-35C9-4724-8221-F204C0487731} = {C0F6A68B-35C9-4724-8221-F204C0487731}
		{DBE44CA3-2912-4441-8D99-AA2242688AD2} = {DBE44CA3-2912-4441-8D99-AA2242688AD2}
		{953524F7-5819-4D5D-A004-66B743BD3A45} = {953524F7-5819-4D5D-A004-66B743BD3A45}
	EndProjectSection
EndProject
Project("{8BC9CEB8-8B4A-11D0-8D11-00A0C91BC942}") = "BulletCollision", "..\..\msvc\2008\src\BulletCollision\BulletCollision.vcproj", "{953524F7-5819-4D5D-A004-66B743BD3A45}"
EndProject
Project("{8BC9CEB8-8B4A-11D0-8D11-00A0C91BC942}") = "LinearMath", "..\..\msvc\2008\src\LinearMath\LinearMath.vcproj", "{61544C2F-91B2-4BDD-8404-EC24C0282DE7}"
EndProject
Project("{8BC9CEB8-8B4A-11D0-8D11-00A0C91BC942}") = "BulletMultiThreaded", "..\..\msvc\2008\src\BulletMultiThreaded\BulletMultiThreaded.vcproj", "{1CE18A8B-BC22-4394-8FFD-429375B0548A}"
EndProject
Project("{8BC9CEB8-8B4A-11D0-8D11-00A0C91BC942}") = "3dGridBroadphaseOCL_AMD", "..\..\msvc\2008\Extras\OpenCL\3dGridBroadphase\AMD\3dGridBroadphaseOCL_AMD.vcproj", "{C0F6A68B-35C9-4724-8221-F204C0487731}"
EndProject
Project("{8BC9CEB8-8B4A-11D0-8D11-00A0C91BC942}") = "3dGridBroadphaseOCL_Mini", "..\..\msvc\2008\Extras\OpenCL\3dGridBroadphase\MiniCL\3dGridBroadphaseOCL_Mini.vcproj", "{2D826ABD-0902-4D36-87FC-0D3F2D513E50}"
EndProject
Project("{8BC9CEB8-8B4A-11D0-8D11-00A0C91BC942}") = "3dGridBroadphaseOCL_Nv", "..\..\msvc\2008\Extras\OpenCL\3dGridBroadphase\NVidia\3dGridBroadphaseOCL_Nv.vcproj", "{251D5315-4691-43F0-927C-F4A7B2CE51D6}"
EndProject
Project("{8BC9CEB8-8B4A-11D0-8D11-00A0C91BC942}") = "Hier3dGridBroadphaseOCL_Nv", "..\..\msvc\2008\Extras\OpenCL\Hier3dGridBroadphase\NVidia\Hier3dGridBroadphaseOCL_Nv.vcproj", "{3D0AE411-4DAA-4A39-9C51-B089849796D1}"
EndProject
Project("{8BC9CEB8-8B4A-11D0-8D11-00A0C91BC942}") = "Hier3dGridBroadphaseOCL_Mini", "..\..\msvc\2008\Extras\OpenCL\Hier3dGridBroadphase\MiniCL\Hier3dGridBroadphaseOCL_Mini.vcproj", "{FD8EC068-8E5D-478B-9F9F-23805C071D5F}"
EndProject
Global
	GlobalSection(SolutionConfigurationPlatforms) = preSolution
		Debug|Win32 = Debug|Win32
		DebugDll|Win32 = DebugDll|Win32
		DebugDoublePrecision|Win32 = DebugDoublePrecision|Win32
		MinSizeRel|Win32 = MinSizeRel|Win32
		Release|Win32 = Release|Win32
		ReleaseDll|Win32 = ReleaseDll|Win32
		ReleaseDoublePrecision|Win32 = ReleaseDoublePrecision|Win32
		RelWithDebInfo|Win32 = RelWithDebInfo|Win32
	EndGlobalSection
	GlobalSection(ProjectConfigurationPlatforms) = postSolution
		{0565DB39-45CC-416E-B549-BFC24F2666D1}.Debug|Win32.ActiveCfg = Debug|Win32
		{0565DB39-45CC-416E-B549-BFC24F2666D1}.Debug|Win32.Build.0 = Debug|Win32
		{0565DB39-45CC-416E-B549-BFC24F2666D1}.DebugDll|Win32.ActiveCfg = Debug|Win32
		{0565DB39-45CC-416E-B549-BFC24F2666D1}.DebugDll|Win32.Build.0 = Debug|Win32
		{0565DB39-45CC-416E-B549-BFC24F2666D1}.DebugDoublePrecision|Win32.ActiveCfg = Debug|Win32
		{0565DB39-45CC-416E-B549-BFC24F2666D1}.DebugDoublePrecision|Win32.Build.0 = Debug|Win32
		{0565DB39-45CC-416E-B549-BFC24F2666D1}.MinSizeRel|Win32.ActiveCfg = Release|Win32
		{0565DB39-45CC-416E-B549-BFC24F2666D1}.MinSizeRel|Win32.Build.0 = Release|Win32
		{0565DB39-45CC-416E-B549-BFC24F2666D1}.Release|Win32.ActiveCfg = Release|Win32
		{0565DB39-45CC-416E-B549-BFC24F2666D1}.Release|Win32.Build.0 = Release|Win32
		{0565DB39-45CC-416E-B549-BFC24F2666D1}.ReleaseDll|Win32.ActiveCfg = Release|Win32
		{0565DB39-45CC-416E-B549-BFC24F2666D1}.ReleaseDll|Win32.Build.0 = Release|Win32
		{0565DB39-45CC-416E-B549-BFC24F2666D1}.ReleaseDoublePrecision|Win32.ActiveCfg = Release|Win32
		{0565DB39-45CC-416E-B549-BFC24F2666D1}.ReleaseDoublePrecision|Win32.Build.0 = Release|Win32
		{0565DB39-45CC-416E-B549-BFC24F2666D1}.RelWithDebInfo|Win32.ActiveCfg = Release|Win32
		{0565DB39-45CC-416E-B549-BFC24F2666D1}.RelWithDebInfo|Win32.Build.0 = Release|Win32
		{DBE44CA3-2912-4441-8D99-AA2242688AD2}.Debug|Win32.ActiveCfg = Debug|Win32
		{DBE44CA3-2912-4441-8D99-AA2242688AD2}.Debug|Win32.Build.0 = Debug|Win32
		{DBE44CA3-2912-4441-8D99-AA2242688AD2}.DebugDll|Win32.ActiveCfg = Debug|Win32
		{DBE44CA3-2912-4441-8D99-AA2242688AD2}.DebugDll|Win32.Build.0 = Debug|Win32
		{DBE44CA3-2912-4441-8D99-AA2242688AD2}.DebugDoublePrecision|Win32.ActiveCfg = Debug|Win32
		{DBE44CA3-2912-4441-8D99-AA2242688AD2}.DebugDoublePrecision|Win32.Build.0 = Debug|Win32
		{DBE44CA3-2912-4441-8D99-AA2242688AD2}.MinSizeRel|Win32.ActiveCfg = Debug|Win32
		{DBE44CA3-2912-4441-8D99-AA2242688AD2}.MinSizeRel|Win32.Build.0 = Debug|Win32
		{DBE44CA3-2912-4441-8D99-AA2242688AD2}.Release|Win32.ActiveCfg = Release|Win32
		{DBE44CA3-2912-4441-8D99-AA2242688AD2}.Release|Win32.Build.0 = Release|Win32
		{DBE44CA3-2912-4441-8D99-AA2242688AD2}.ReleaseDll|Win32.ActiveCfg = Release|Win32
		{DBE44CA3-2912-4441-8D99-AA2242688AD2}.ReleaseDll|Win32.Build.0 = Release|Win32
		{DBE44CA3-2912-4441-8D99-AA2242688AD2}.ReleaseDoublePrecision|Win32.ActiveCfg = Release|Win32
		{DBE44CA3-2912-4441-8D99-AA2242688AD2}.ReleaseDoublePrecision|Win32.Build.0 = Release|Win32
		{DBE44CA3-2912-4441-8D99-AA2242688AD2}.RelWithDebInfo|Win32.ActiveCfg = Release|Win32
		{DBE44CA3-2912-4441-8D99-AA2242688AD2}.RelWithDebInfo|Win32.Build.0 = Release|Win32
		{F74E8E02-0B47-4816-BD0B-FAEAE3343165}.Debug|Win32.ActiveCfg = Debug|Win32
		{F74E8E02-0B47-4816-BD0B-FAEAE3343165}.Debug|Win32.Build.0 = Debug|Win32
		{F74E8E02-0B47-4816-BD0B-FAEAE3343165}.DebugDll|Win32.ActiveCfg = DebugDll|Win32
		{F74E8E02-0B47-4816-BD0B-FAEAE3343165}.DebugDll|Win32.Build.0 = DebugDll|Win32
		{F74E8E02-0B47-4816-BD0B-FAEAE3343165}.DebugDoublePrecision|Win32.ActiveCfg = DebugDoublePrecision|Win32
		{F74E8E02-0B47-4816-BD0B-FAEAE3343165}.DebugDoublePrecision|Win32.Build.0 = DebugDoublePrecision|Win32
		{F74E8E02-0B47-4816-BD0B-FAEAE3343165}.MinSizeRel|Win32.ActiveCfg = DebugDoublePrecision|Win32
		{F74E8E02-0B47-4816-BD0B-FAEAE3343165}.MinSizeRel|Win32.Build.0 = DebugDoublePrecision|Win32
		{F74E8E02-0B47-4816-BD0B-FAEAE3343165}.Release|Win32.ActiveCfg = Release|Win32
		{F74E8E02-0B47-4816-BD0B-FAEAE3343165}.Release|Win32.Build.0 = Release|Win32
		{F74E8E02-0B47-4816-BD0B-FAEAE3343165}.ReleaseDll|Win32.ActiveCfg = ReleaseDll|Win32
		{F74E8E02-0B47-4816-BD0B-FAEAE3343165}.ReleaseDll|Win32.Build.0 = ReleaseDll|Win32
		{F74E8E02-0B47-4816-BD0B-FAEAE3343165}.ReleaseDoublePrecision|Win32.ActiveCfg = ReleaseDoublePrecision|Win32
		{F74E8E02-0B47-4816-BD0B-FAEAE3343165}.ReleaseDoublePrecision|Win32.Build.0 = ReleaseDoublePrecision|Win32
		{F74E8E02-0B47-4816-BD0B-FAEAE3343165}.RelWithDebInfo|Win32.ActiveCfg = ReleaseDoublePrecision|Win32
		{F74E8E02-0B47-4816-BD0B-FAEAE3343165}.RelWithDebInfo|Win32.Build.0 = ReleaseDoublePrecision|Win32
		{08398DD4-2366-41C4-AE52-386047D30B12}.Debug|Win32.ActiveCfg = Debug|Win32
		{08398DD4-2366-41C4-AE52-386047D30B12}.Debug|Win32.Build.0 = Debug|Win32
		{08398DD4-2366-41C4-AE52-386047D30B12}.DebugDll|Win32.ActiveCfg = Debug|Win32
		{08398DD4-2366-41C4-AE52-386047D30B12}.DebugDll|Win32.Build.0 = Debug|Win32
		{08398DD4-2366-41C4-AE52-386047D30B12}.DebugDoublePrecision|Win32.ActiveCfg = Debug|Win32
		{08398DD4-2366-41C4-AE52-386047D30B12}.DebugDoublePrecision|Win32.Build.0 = Debug|Win32
		{08398DD4-2366-41C4-AE52-386047D30B12}.MinSizeRel|Win32.ActiveCfg = Release|Win32
		{08398DD4-2366-41C4-AE52-386047D30B12}.MinSizeRel|Win32.Build.0 = Release|Win32
		{08398DD4-2366-41C4-AE52-386047D30B12}.Release|Win32.ActiveCfg = Release|Win32
		{08398DD4-2366-41C4-AE52-386047D30B12}.Release|Win32.Build.0 = Release|Win32
		{08398DD4-2366-41C4-AE52-386047D30B12}.ReleaseDll|Win32.ActiveCfg = Release|Win32
		{08398DD4-2366-41C4-AE52-386047D30B12}.ReleaseDll|Win32.Build.0 = Release|Win32
		{08398DD4-2366-41C4-AE52-386047D30B12}.ReleaseDoublePrecision|Win32.ActiveCfg = Release|Win32
		{08398DD4-2366-41C4-AE52-386047D30B12}.ReleaseDoublePrecision|Win32.Build.0 = Release|Win32
		{08398DD4-2366-41C4-AE52-386047D30B12}.RelWithDebInfo|Win32.ActiveCfg = Release|Win32
		{08398DD4-2366-41C4-AE52-386047D30B12}.RelWithDebInfo|Win32.Build.0 = Release|Win32
		{6B791684-9140-4188-ABF0-31E4EEC692E4}.Debug|Win32.ActiveCfg = Debug|Win32
		{6B791684-9140-4188-ABF0-31E4EEC692E4}.Debug|Win32.Build.0 = Debug|Win32
		{6B791684-9140-4188-ABF0-31E4EEC692E4}.DebugDll|Win32.ActiveCfg = Debug|Win32
		{6B791684-9140-4188-ABF0-31E4EEC692E4}.DebugDll|Win32.Build.0 = Debug|Win32
		{6B791684-9140-4188-ABF0-31E4EEC692E4}.DebugDoublePrecision|Win32.ActiveCfg = Debug|Win32
		{6B791684-9140-4188-ABF0-31E4EEC692E4}.DebugDoublePrecision|Win32.Build.0 = Debug|Win32
		{6B791684-9140-4188-ABF0-31E4EEC692E4}.MinSizeRel|Win32.ActiveCfg = Release|Win32
		{6B791684-9140-4188-ABF0-31E4EEC692E4}.MinSizeRel|Win32.Build.0 = Release|Win32
		{6B791684-9140-4188-ABF0-31E4EEC692E4}.Release|Win32.ActiveCfg = Release|Win32
		{6B791684-9140-4188-ABF0-31E4EEC692E4}.Release|Win32.Build.0 = Release|Win32
		{6B791684-9140-4188-ABF0-31E4EEC692E4}.ReleaseDll|Win32.ActiveCfg = Release|Win32
		{6B791684-9140-4188-ABF0-31E4EEC692E4}.ReleaseDll|Win32.Build.0 = Release|Win32
		{6B791684-9140-4188-ABF0-31E4EEC692E4}.ReleaseDoublePrecision|Win32.ActiveCfg = Release|Win32
		{6B791684-9140-4188-ABF0-31E4EEC692E4}.ReleaseDoublePrecision|Win32.Build.0 = Release|Win32
		{6B791684-9140-4188-ABF0-31E4EEC692E4}.RelWithDebInfo|Win32.ActiveCfg = Release|Win32
		{6B791684-9140-4188-ABF0-31E4EEC692E4}.RelWithDebInfo|Win32.Build.0 = Release|Win32
		{953524F7-5819-4D5D-A004-66B743BD3A45}.Debug|Win32.ActiveCfg = Debug|Win32
		{953524F7-5819-4D5D-A004-66B743BD3A45}.Debug|Win32.Build.0 = Debug|Win32
		{953524F7-5819-4D5D-A004-66B743BD3A45}.DebugDll|Win32.ActiveCfg = Debug|Win32
		{953524F7-5819-4D5D-A004-66B743BD3A45}.DebugDll|Win32.Build.0 = Debug|Win32
		{953524F7-5819-4D5D-A004-66B743BD3A45}.DebugDoublePrecision|Win32.ActiveCfg = Debug|Win32
		{953524F7-5819-4D5D-A004-66B743BD3A45}.DebugDoublePrecision|Win32.Build.0 = Debug|Win32
		{953524F7-5819-4D5D-A004-66B743BD3A45}.MinSizeRel|Win32.ActiveCfg = MinSizeRel|Win32
		{953524F7-5819-4D5D-A004-66B743BD3A45}.MinSizeRel|Win32.Build.0 = MinSizeRel|Win32
		{953524F7-5819-4D5D-A004-66B743BD3A45}.Release|Win32.ActiveCfg = Release|Win32
		{953524F7-5819-4D5D-A004-66B743BD3A45}.Release|Win32.Build.0 = Release|Win32
		{953524F7-5819-4D5D-A004-66B743BD3A45}.ReleaseDll|Win32.ActiveCfg = Release|Win32
		{953524F7-5819-4D5D-A004-66B743BD3A45}.ReleaseDll|Win32.Build.0 = Release|Win32
		{953524F7-5819-4D5D-A004-66B743BD3A45}.ReleaseDoublePrecision|Win32.ActiveCfg = Release|Win32
		{953524F7-5819-4D5D-A004-66B743BD3A45}.ReleaseDoublePrecision|Win32.Build.0 = Release|Win32
		{953524F7-5819-4D5D-A004-66B743BD3A45}.RelWithDebInfo|Win32.ActiveCfg = RelWithDebInfo|Win32
		{953524F7-5819-4D5D-A004-66B743BD3A45}.RelWithDebInfo|Win32.Build.0 = RelWithDebInfo|Win32
		{61544C2F-91B2-4BDD-8404-EC24C0282DE7}.Debug|Win32.ActiveCfg = Debug|Win32
		{61544C2F-91B2-4BDD-8404-EC24C0282DE7}.Debug|Win32.Build.0 = Debug|Win32
		{61544C2F-91B2-4BDD-8404-EC24C0282DE7}.DebugDll|Win32.ActiveCfg = Debug|Win32
		{61544C2F-91B2-4BDD-8404-EC24C0282DE7}.DebugDll|Win32.Build.0 = Debug|Win32
		{61544C2F-91B2-4BDD-8404-EC24C0282DE7}.DebugDoublePrecision|Win32.ActiveCfg = Debug|Win32
		{61544C2F-91B2-4BDD-8404-EC24C0282DE7}.DebugDoublePrecision|Win32.Build.0 = Debug|Win32
		{61544C2F-91B2-4BDD-8404-EC24C0282DE7}.MinSizeRel|Win32.ActiveCfg = MinSizeRel|Win32
		{61544C2F-91B2-4BDD-8404-EC24C0282DE7}.MinSizeRel|Win32.Build.0 = MinSizeRel|Win32
		{61544C2F-91B2-4BDD-8404-EC24C0282DE7}.Release|Win32.ActiveCfg = Release|Win32
		{61544C2F-91B2-4BDD-8404-EC24C0282DE7}.Release|Win32.Build.0 = Release|Win32
		{61544C2F-91B2-4BDD-8404-EC24C0282DE7}.ReleaseDll|Win32.ActiveCfg = Release|Win32
		{61544C2F-91B2-4BDD-8404-EC24C0282DE7}.ReleaseDll|Win32.Build.0 = Release|Win32
		{61544C2F-91B2-4BDD-8404-EC24C0282DE7}.ReleaseDoublePrecision|Win32.ActiveCfg = Release|Win32
		{61544C2F-91B2-4BDD-8404-EC24C0282DE7}.ReleaseDoublePrecision|Win32.Build.0 = Release|Win32
		{61544C2F-91B2-4BDD-8404-EC24C0282DE7}.RelWithDebInfo|Win32.ActiveCfg = RelWithDebInfo|Win32
		{61544C2F-91B2-4BDD-8404-EC24C0282DE7}.RelWithDebInfo|Win32.Build.0 = RelWithDebInfo|Win32
		{1CE18A8B-BC22-4394-8FFD-429375B0548A}.Debug|Win32.ActiveCfg = Debug|Win32
		{1CE18A8B-BC22-4394-8FFD-429375B0548A}.Debug|Win32.Build.0 = Debug|Win32
		{1CE18A8B-BC22-4394-8FFD-429375B0548A}.DebugDll|Win32.ActiveCfg = Debug|Win32
		{1CE18A8B-BC22-4394-8FFD-429375B0548A}.DebugDll|Win32.Build.0 = Debug|Win32
		{1CE18A8B-BC22-4394-8FFD-429375B0548A}.DebugDoublePrecision|Win32.ActiveCfg = Debug|Win32
		{1CE18A8B-BC22-4394-8FFD-429375B0548A}.DebugDoublePrecision|Win32.Build.0 = Debug|Win32
		{1CE18A8B-BC22-4394-8FFD-429375B0548A}.MinSizeRel|Win32.ActiveCfg = MinSizeRel|Win32
		{1CE18A8B-BC22-4394-8FFD-429375B0548A}.MinSizeRel|Win32.Build.0 = MinSizeRel|Win32
		{1CE18A8B-BC22-4394-8FFD-429375B0548A}.Release|Win32.ActiveCfg = Release|Win32
		{1CE18A8B-BC22-4394-8FFD-429375B0548A}.Release|Win32.Build.0 = Release|Win32
		{1CE18A8B-BC22-4394-8FFD-429375B0548A}.ReleaseDll|Win32.ActiveCfg = Release|Win32
		{1CE18A8B-BC22-4394-8FFD-429375B0548A}.ReleaseDll|Win32.Build.0 = Release|Win32
		{1CE18A8B-BC22-4394-8FFD-429375B0548A}.ReleaseDoublePrecision|Win32.ActiveCfg = Release|Win32
		{1CE18A8B-BC22-4394-8FFD-429375B0548A}.ReleaseDoublePrecision|Win32.Build.0 = Release|Win32
		{1CE18A8B-BC22-4394-8FFD-429375B0548A}.RelWithDebInfo|Win32.ActiveCfg = RelWithDebInfo|Win32
		{1CE18A8B-BC22-4394-8FFD-429375B0548A}.RelWithDebInfo|Win32.Build.0 = RelWithDebInfo|Win32
		{C0F6A68B-35C9-4724-8221-F204C0487731}.Debug|Win32.ActiveCfg = Debug|Win32
		{C0F6A68B-35C9-4724-8221-F204C0487731}.Debug|Win32.Build.0 = Debug|Win32
		{C0F6A68B-35C9-4724-8221-F204C0487731}.DebugDll|Win32.ActiveCfg = Debug|Win32
		{C0F6A68B-35C9-4724-8221-F204C0487731}.DebugDll|Win32.Build.0 = Debug|Win32
		{C0F6A68B-35C9-4724-8221-F204C0487731}.DebugDoublePrecision|Win32.ActiveCfg = Debug|Win32
		{C0F6A68B-35C9-4724-8221-F204C0487731}.DebugDoublePrecision|Win32.Build.0 = Debug|Win32
		{C0F6A68B-35C9-4724-8221-F204C0487731}.MinSizeRel|Win32.ActiveCfg = MinSizeRel|Win32
		{C0F6A68B-35C9-4724-8221-F204C0487731}.MinSizeRel|Win32.Build.0 = MinSizeRel|Win32
		{C0F6A68B-35C9-4724-8221-F204C0487731}.Release|Win32.ActiveCfg = Release|Win32
		{C0F6A68B-35C9-4724-8221-F204C0487731}.Release|Win32.Build.0 = Release|Win32
		{C0F6A68B-35C9-4724-8221-F204C0487731}.ReleaseDll|Win32.ActiveCfg = Release|Win32
		{C0F6A68B-35C9-4724-8221-F204C0487731}.ReleaseDll|Win32.Build.0 = Release|Win32
		{C0F6A68B-35C9-4724-8221-F204C0487731}.ReleaseDoublePrecision|Win32.ActiveCfg = Release|Win32
		{C0F6A68B-35C9-4724-8221-F204C0487731}.ReleaseDoublePrecision|Win32.Build.0 = Release|Win32
		{C0F6A68B-35C9-4724-8221-F204C0487731}.RelWithDebInfo|Win32.ActiveCfg = RelWithDebInfo|Win32
		{C0F6A68B-35C9-4724-8221-F204C0487731}.RelWithDebInfo|Win32.Build.0 = RelWithDebInfo|Win32
		{2D826ABD-0902-4D36-87FC-0D3F2D513E50}.Debug|Win32.ActiveCfg = Debug|Win32
		{2D826ABD-0902-4D36-87FC-0D3F2D513E50}.Debug|Win32.Build.0 = Debug|Win32
		{2D826ABD-0902-4D36-87FC-0D3F2D513E50}.DebugDll|Win32.ActiveCfg = Debug|Win32
		{2D826ABD-0902-4D36-87FC-0D3F2D513E50}.DebugDll|Win32.Build.0 = Debug|Win32
		{2D826ABD-0902-4D36-87FC-0D3F2D513E50}.DebugDoublePrecision|Win32.ActiveCfg = Debug|Win32
		{2D826ABD-0902-4D36-87FC-0D3F2D513E50}.DebugDoublePrecision|Win32.Build.0 = Debug|Win32
		{2D826ABD-0902-4D36-87FC-0D3F2D513E50}.MinSizeRel|Win32.ActiveCfg = MinSizeRel|Win32
		{2D826ABD-0902-4D36-87FC-0D3F2D513E50}.MinSizeRel|Win32.Build.0 = MinSizeRel|Win32
		{2D826ABD-0902-4D36-87FC-0D3F2D513E50}.Release|Win32.ActiveCfg = Release|Win32
		{2D826ABD-0902-4D36-87FC-0D3F2D513E50}.Release|Win32.Build.0 = Release|Win32
		{2D826ABD-0902-4D36-87FC-0D3F2D513E50}.ReleaseDll|Win32.ActiveCfg = Release|Win32
		{2D826ABD-0902-4D36-87FC-0D3F2D513E50}.ReleaseDll|Win32.Build.0 = Release|Win32
		{2D826ABD-0902-4D36-87FC-0D3F2D513E50}.ReleaseDoublePrecision|Win32.ActiveCfg = Release|Win32
		{2D826ABD-0902-4D36-87FC-0D3F2D513E50}.ReleaseDoublePrecision|Win32.Build.0 = Release|Win32
		{2D826ABD-0902-4D36-87FC-0D3F2D513E50}.RelWithDebInfo|Win32.ActiveCfg = RelWithDebInfo|Win32
		{2D826ABD-0902-4D36-87FC-0D3F2D513E50}.RelWithDebInfo|Win32.Build.0 = RelWithDebInfo|Win32
		{251D5315-4691-43F0-927C-F4A7B2CE51D6}.Debug|Win32.ActiveCfg = Debug|Win32
		{251D5315-4691-43F0-927C-F4A7B2CE51D6}.Debug|Win32.Build.0 = Debug|Win32
		{251D5315-4691-43F0-927C-F4A7B2CE51D6}.DebugDll|Win32.ActiveCfg = Debug|Win32
		{251D5315-4691-43F0-927C-F4A7B2CE51D6}.DebugDll|Win32.Build.0 = Debug|Win32
		{251D5315-4691-43F0-927C-F4A7B2CE51D6}.DebugDoublePrecision|Win32.ActiveCfg = Debug|Win32
		{251D5315-4691-43F0-927C-F4A7B2CE51D6}.DebugDoublePrecision|Win32.Build.0 = Debug|Win32
		{251D5315-4691-43F0-927C-F4A7B2CE51D6}.MinSizeRel|Win32.ActiveCfg = MinSizeRel|Win32
		{251D5315-4691-43F0-927C-F4A7B2CE51D6}.MinSizeRel|Win32.Build.0 = MinSizeRel|Win32
		{251D5315-4691-43F0-927C-F4A7B2CE51D6}.Release|Win32.ActiveCfg = Release|Win32
		{251D5315-4691-43F0-927C-F4A7B2CE51D6}.Release|Win32.Build.0 = Release|Win32
		{251D5315-4691-43F0-927C-F4A7B2CE51D6}.ReleaseDll|Win32.ActiveCfg = Release|Win32
		{251D5315-4691-43F0-927C-F4A7B2CE51D6}.ReleaseDll|Win32.Build.0 = Release|Win32
		{251D5315-4691-43F0-927C-F4A7B2CE51D6}.ReleaseDoublePrecision|Win32.ActiveCfg = Release|Win32
		{251D5315-4691-43F0-927C-F4A7B2CE51D6}.ReleaseDoublePrecision|Win32.Build.0 = Release|Win32
		{251D5315-4691-43F0-927C-F4A7B2CE51D6}.RelWithDebInfo|Win32.ActiveCfg = RelWithDebInfo|Win32
		{251D5315-4691-43F0-927C-F4A7B2CE51D6}.RelWithDebInfo|Win32.Build.0 = RelWithDebInfo|Win32
		{3D0AE411-4DAA-4A39-9C51-B089849796D1}.Debug|Win32.ActiveCfg = Debug|Win32
		{3D0AE411-4DAA-4A39-9C51-B089849796D1}.Debug|Win32.Build.0 = Debug|Win32
		{3D0AE411-4DAA-4A39-9C51-B089849796D1}.DebugDll|Win32.ActiveCfg = Debug|Win32
		{3D0AE411-4DAA-4A39-9C51-B089849796D1}.DebugDll|Win32.Build.0 = Debug|Win32
		{3D0AE411-4DAA-4A39-9C51-B089849796D1}.DebugDoublePrecision|Win32.ActiveCfg = Debug|Win32
		{3D0AE411-4DAA-4A39-9C51-B089849796D1}.DebugDoublePrecision|Win32.Build.0 = Debug|Win32
		{3D0AE411-4DAA-4A39-9C51-B089849796D1}.MinSizeRel|Win32.ActiveCfg = MinSizeRel|Win32
		{3D0AE411-4DAA-4A39-9C51-B089849796D1}.MinSizeRel|Win32.Build.0 = MinSizeRel|Win32
		{3D0AE411-4DAA-4A39-9C51-B089849796D1}.Release|Win32.ActiveCfg = Release|Win32
		{3D0AE411-4DAA-4A39-9C51-B089849796D1}.Release|Win32.Build.0 = Release|Win32
		{3D0AE411-4DAA-4A39-9C51-B089849796D1}.ReleaseDll|Win32.ActiveCfg = Release|Win32
		{3D0AE411-4DAA-4A39-9C51-B089849796D1}.ReleaseDll|Win32.Build.0 = Release|Win32
		{3D0AE411-4DAA-4A39-9C51-B089849796D1}.ReleaseDoublePrecision|Win32.ActiveCfg = Release|Win32
		{3D0AE411-4DAA-4A39-9C51-B089849796D1}.ReleaseDoublePrecision|Win32.Build.0 = Release|Win32
		{3D0AE411-4DAA-4A39-9C51-B089849796D1}.RelWithDebInfo|Win32.ActiveCfg = RelWithDebInfo|Win32
		{3D0AE411-4DAA-4A39-9C51-B089849796D1}.RelWithDebInfo|Win32.Build.0 = RelWithDebInfo|Win32
		{FD8EC068-8E5D-478B-9F9F-23805C071D5F}.Debug|Win32.ActiveCfg = Debug|Win32
		{FD8EC068-8E5D-478B-9F9F-23805C071D5F}.Debug|Win32.Build.0 = Debug|Win32
		{FD8EC068-8E5D-478B-9F9F-23805C071D5F}.DebugDll|Win32.ActiveCfg = Debug|Win32
		{FD8EC068-8E5D-478B-9F9F-23805C071D5F}.DebugDll|Win32.Build.0 = Debug|Win32
		{FD8EC068-8E5D-478B-9F9F-23805C071D5F}.DebugDoublePrecision|Win32.ActiveCfg = Debug|Win32
		{FD8EC068-8E5D-478B-9F9F-23805C071D5F}.DebugDoublePrecision|Win32.Build.0 = Debug|Win32
		{FD8EC068-8E5D-478B-9F9F-23805C071D5F}.MinSizeRel|Win32.ActiveCfg = MinSizeRel|Win32
		{FD8EC068-8E5D-478B-9F9F-23805C071D5F}.MinSizeRel|Win32.Build.0 = MinSizeRel|Win32
		{FD8EC068-8E5D-478B-9F9F-23805C071D5F}.Release|Win32.ActiveCfg = Release|Win32
		{FD8EC068-8E5D-478B-9F9F-23805C071D5F}.Release|Win32.Build.0 = Release|Win32
		{FD8EC068-8E5D-478B-9F9F-23805C071D5F}.ReleaseDll|Win32.ActiveCfg = Release|Win32
		{FD8EC068-8E5D-478B-9F9F-23805C071D5F}.ReleaseDll|Win32.Build.0 = Release|Win32
		{FD8EC068-8E5D-478B-9F9F-23805C071D5F}.ReleaseDoublePrecision|Win32.ActiveCfg = Release|Win32
		{FD8EC068-8E5D-478B-9F9F-23805C071D5F}.ReleaseDoublePrecision|Win32.Build.0 = Release|Win32
		{FD8EC068-8E5D-478B-9F9F-23805C071D5F}.RelWithDebInfo|Win32.ActiveCfg = RelWithDebInfo|Win32
		{FD8EC068-8E5D-478B-9F9F-23805C071D5F}.RelWithDebInfo|Win32.Build.0 = RelWithDebInfo|Win32
	EndGlobalSection
	GlobalSection(SolutionProperties) = preSolution
		HideSolutionNode = FALSE
	EndGlobalSection
EndGlobal
