Microsoft Visual Studio Solution File, Format Version 10.00
# Visual C++ Express 2008
Project("{8BC9CEB8-8B4A-11D0-8D11-00A0C91BC942}") = "appMiniCL_VectorAdd_Mini", "appMiniCL_VectorAdd.vcproj", "{6D766893-676D-4222-6547-A75378F2CB60}"
	ProjectSection(ProjectDependencies) = postProject
		{7D6E339F-9C2C-31DA-FDB0-5EE50973CF2A} = {7D6E339F-9C2C-31DA-FDB0-5EE50973CF2A}
		{A24D77FD-D69A-75A0-A7DC-730894C9D0F7} = {A24D77FD-D69A-75A0-A7DC-730894C9D0F7}
	EndProjectSection
EndProject
Project("{8BC9CEB8-8B4A-11D0-8D11-00A0C91BC942}") = "libbulletcollision", "libbulletcollision.vcproj", "{6ADA430D-009C-2ED4-A787-2AC2D6FEB8CE}"
EndProject
Project("{8BC9CEB8-8B4A-11D0-8D11-00A0C91BC942}") = "libbulletdynamics", "libbulletdynamics.vcproj", "{61BD1097-CF2E-B296-DAA9-73A6FE135319}"
EndProject
Project("{8BC9CEB8-8B4A-11D0-8D11-00A0C91BC942}") = "libbulletmath", "libbulletmath.vcproj", "{7D6E339F-9C2C-31DA-FDB0-5EE50973CF2A}"
EndProject
Project("{8BC9CEB8-8B4A-11D0-8D11-00A0C91BC942}") = "libbulletmultithreaded", "libbulletmultithreaded.vcproj", "{A24D77FD-D69A-75A0-A7DC-730894C9D0F7}"
EndProject
Project("{8BC9CEB8-8B4A-11D0-8D11-00A0C91BC942}") = "libbulletopenglsupport", "libbulletopenglsupport.vcproj", "{7C428E76-9271-6284-20F0-9B38ED6931E3}"
EndProject
Project("{8BC9CEB8-8B4A-11D0-8D11-00A0C91BC942}") = "libbulletsoftbody", "libbulletsoftbody.vcproj", "{C04EA8AC-D96C-0E1F-0823-094C1010F087}"
EndProject
Project("{8BC9CEB8-8B4A-11D0-8D11-00A0C91BC942}") = "appSpheresOCL_Nv", "appSpheresOCL_Nv.vcproj", "{4C2FFB50-DB83-4FFE-8D66-AAF03E4A7029}"
	ProjectSection(ProjectDependencies) = postProject
		{6ADA430D-009C-2ED4-A787-2AC2D6FEB8CE} = {6ADA430D-009C-2ED4-A787-2AC2D6FEB8CE}
		{7C428E76-9271-6284-20F0-9B38ED6931E3} = {7C428E76-9271-6284-20F0-9B38ED6931E3}
		{61BD1097-CF2E-B296-DAA9-73A6FE135319} = {61BD1097-CF2E-B296-DAA9-73A6FE135319}
		{7D6E339F-9C2C-31DA-FDB0-5EE50973CF2A} = {7D6E339F-9C2C-31DA-FDB0-5EE50973CF2A}
	EndProjectSection
EndProject
Project("{8BC9CEB8-8B4A-11D0-8D11-00A0C91BC942}") = "appSpheresOCL_Mini", "appSpheresOCL_Mini.vcproj", "{381F6312-944A-4E9F-BE52-FEF21225EB81}"
	ProjectSection(ProjectDependencies) = postProject
		{6ADA430D-009C-2ED4-A787-2AC2D6FEB8CE} = {6ADA430D-009C-2ED4-A787-2AC2D6FEB8CE}
		{7C428E76-9271-6284-20F0-9B38ED6931E3} = {7C428E76-9271-6284-20F0-9B38ED6931E3}
		{61BD1097-CF2E-B296-DAA9-73A6FE135319} = {61BD1097-CF2E-B296-DAA9-73A6FE135319}
		{7D6E339F-9C2C-31DA-FDB0-5EE50973CF2A} = {7D6E339F-9C2C-31DA-FDB0-5EE50973CF2A}
		{A24D77FD-D69A-75A0-A7DC-730894C9D0F7} = {A24D77FD-D69A-75A0-A7DC-730894C9D0F7}
	EndProjectSection
EndProject
Project("{8BC9CEB8-8B4A-11D0-8D11-00A0C91BC942}") = "appSoftBodyDemo", "appSoftBodyDemo.vcproj", "{106E3D23-110E-5DD8-4A6A-D8A2250C43C9}"
	ProjectSection(ProjectDependencies) = postProject
		{6ADA430D-009C-2ED4-A787-2AC2D6FEB8CE} = {6ADA430D-009C-2ED4-A787-2AC2D6FEB8CE}
		{7C428E76-9271-6284-20F0-9B38ED6931E3} = {7C428E76-9271-6284-20F0-9B38ED6931E3}
		{61BD1097-CF2E-B296-DAA9-73A6FE135319} = {61BD1097-CF2E-B296-DAA9-73A6FE135319}
		{7D6E339F-9C2C-31DA-FDB0-5EE50973CF2A} = {7D6E339F-9C2C-31DA-FDB0-5EE50973CF2A}
		{C04EA8AC-D96C-0E1F-0823-094C1010F087} = {C04EA8AC-D96C-0E1F-0823-094C1010F087}
	EndProjectSection
EndProject
Project("{8BC9CEB8-8B4A-11D0-8D11-00A0C91BC942}") = "appSpheresOCL_AMD", "appSpheresOCL_AMD.vcproj", "{7ABF7DFE-A51E-46B9-B2AD-5B77487A6628}"
	ProjectSection(ProjectDependencies) = postProject
		{6ADA430D-009C-2ED4-A787-2AC2D6FEB8CE} = {6ADA430D-009C-2ED4-A787-2AC2D6FEB8CE}
		{7C428E76-9271-6284-20F0-9B38ED6931E3} = {7C428E76-9271-6284-20F0-9B38ED6931E3}
		{61BD1097-CF2E-B296-DAA9-73A6FE135319} = {61BD1097-CF2E-B296-DAA9-73A6FE135319}
		{7D6E339F-9C2C-31DA-FDB0-5EE50973CF2A} = {7D6E339F-9C2C-31DA-FDB0-5EE50973CF2A}
	EndProjectSection
EndProject
Project("{8BC9CEB8-8B4A-11D0-8D11-00A0C91BC942}") = "appSpheresOCL_NvCuda", "appSpheresOCL_NvCuda.vcproj", "{41BC3212-EF53-4426-AB4C-8E499CB2BD35}"
	ProjectSection(ProjectDependencies) = postProject
		{6ADA430D-009C-2ED4-A787-2AC2D6FEB8CE} = {6ADA430D-009C-2ED4-A787-2AC2D6FEB8CE}
		{7C428E76-9271-6284-20F0-9B38ED6931E3} = {7C428E76-9271-6284-20F0-9B38ED6931E3}
		{61BD1097-CF2E-B296-DAA9-73A6FE135319} = {61BD1097-CF2E-B296-DAA9-73A6FE135319}
		{7D6E339F-9C2C-31DA-FDB0-5EE50973CF2A} = {7D6E339F-9C2C-31DA-FDB0-5EE50973CF2A}
	EndProjectSection
EndProject
Project("{8BC9CEB8-8B4A-11D0-8D11-00A0C91BC942}") = "appBasicDemo", "appBasicDemo.vcproj", "{3578834A-4B06-DE6F-78AC-FE11F7226D35}"
	ProjectSection(ProjectDependencies) = postProject
		{6ADA430D-009C-2ED4-A787-2AC2D6FEB8CE} = {6ADA430D-009C-2ED4-A787-2AC2D6FEB8CE}
		{7C428E76-9271-6284-20F0-9B38ED6931E3} = {7C428E76-9271-6284-20F0-9B38ED6931E3}
		{61BD1097-CF2E-B296-DAA9-73A6FE135319} = {61BD1097-CF2E-B296-DAA9-73A6FE135319}
		{7D6E339F-9C2C-31DA-FDB0-5EE50973CF2A} = {7D6E339F-9C2C-31DA-FDB0-5EE50973CF2A}
	EndProjectSection
EndProject
Project("{8BC9CEB8-8B4A-11D0-8D11-00A0C91BC942}") = "appGpu3dDemoOCL_Nv", "appGpu3dDemoOCL_Nv.vcproj", "{13FD13A1-09DA-A501-3BA1-DF3696EC33A8}"
	ProjectSection(ProjectDependencies) = postProject
		{6ADA430D-009C-2ED4-A787-2AC2D6FEB8CE} = {6ADA430D-009C-2ED4-A787-2AC2D6FEB8CE}
		{7C428E76-9271-6284-20F0-9B38ED6931E3} = {7C428E76-9271-6284-20F0-9B38ED6931E3}
		{61BD1097-CF2E-B296-DAA9-73A6FE135319} = {61BD1097-CF2E-B296-DAA9-73A6FE135319}
		{7D6E339F-9C2C-31DA-FDB0-5EE50973CF2A} = {7D6E339F-9C2C-31DA-FDB0-5EE50973CF2A}
		{A24D77FD-D69A-75A0-A7DC-730894C9D0F7} = {A24D77FD-D69A-75A0-A7DC-730894C9D0F7}
	EndProjectSection
EndProject
Global
	GlobalSection(SolutionConfigurationPlatforms) = preSolution
		Debug|Win32 = Debug|Win32
		DebugDll|Win32 = DebugDll|Win32
		DebugDoublePrecision|Win32 = DebugDoublePrecision|Win32
		Release|Win32 = Release|Win32
		ReleaseDll|Win32 = ReleaseDll|Win32
		ReleaseDoublePrecision|Win32 = ReleaseDoublePrecision|Win32
	EndGlobalSection
	GlobalSection(ProjectConfigurationPlatforms) = postSolution
		{6D766893-676D-4222-6547-A75378F2CB60}.Debug|Win32.ActiveCfg = Debug|Win32
		{6D766893-676D-4222-6547-A75378F2CB60}.Debug|Win32.Build.0 = Debug|Win32
		{6D766893-676D-4222-6547-A75378F2CB60}.DebugDll|Win32.ActiveCfg = DebugDll|Win32
		{6D766893-676D-4222-6547-A75378F2CB60}.DebugDll|Win32.Build.0 = DebugDll|Win32
		{6D766893-676D-4222-6547-A75378F2CB60}.DebugDoublePrecision|Win32.ActiveCfg = DebugDoublePrecision|Win32
		{6D766893-676D-4222-6547-A75378F2CB60}.DebugDoublePrecision|Win32.Build.0 = DebugDoublePrecision|Win32
		{6D766893-676D-4222-6547-A75378F2CB60}.Release|Win32.ActiveCfg = Release|Win32
		{6D766893-676D-4222-6547-A75378F2CB60}.Release|Win32.Build.0 = Release|Win32
		{6D766893-676D-4222-6547-A75378F2CB60}.ReleaseDll|Win32.ActiveCfg = ReleaseDll|Win32
		{6D766893-676D-4222-6547-A75378F2CB60}.ReleaseDll|Win32.Build.0 = ReleaseDll|Win32
		{6D766893-676D-4222-6547-A75378F2CB60}.ReleaseDoublePrecision|Win32.ActiveCfg = ReleaseDoublePrecision|Win32
		{6D766893-676D-4222-6547-A75378F2CB60}.ReleaseDoublePrecision|Win32.Build.0 = ReleaseDoublePrecision|Win32
		{6ADA430D-009C-2ED4-A787-2AC2D6FEB8CE}.Debug|Win32.ActiveCfg = Debug|Win32
		{6ADA430D-009C-2ED4-A787-2AC2D6FEB8CE}.Debug|Win32.Build.0 = Debug|Win32
		{6ADA430D-009C-2ED4-A787-2AC2D6FEB8CE}.DebugDll|Win32.ActiveCfg = DebugDll|Win32
		{6ADA430D-009C-2ED4-A787-2AC2D6FEB8CE}.DebugDll|Win32.Build.0 = DebugDll|Win32
		{6ADA430D-009C-2ED4-A787-2AC2D6FEB8CE}.DebugDoublePrecision|Win32.ActiveCfg = DebugDoublePrecision|Win32
		{6ADA430D-009C-2ED4-A787-2AC2D6FEB8CE}.DebugDoublePrecision|Win32.Build.0 = DebugDoublePrecision|Win32
		{6ADA430D-009C-2ED4-A787-2AC2D6FEB8CE}.Release|Win32.ActiveCfg = Release|Win32
		{6ADA430D-009C-2ED4-A787-2AC2D6FEB8CE}.Release|Win32.Build.0 = Release|Win32
		{6ADA430D-009C-2ED4-A787-2AC2D6FEB8CE}.ReleaseDll|Win32.ActiveCfg = ReleaseDll|Win32
		{6ADA430D-009C-2ED4-A787-2AC2D6FEB8CE}.ReleaseDll|Win32.Build.0 = ReleaseDll|Win32
		{6ADA430D-009C-2ED4-A787-2AC2D6FEB8CE}.ReleaseDoublePrecision|Win32.ActiveCfg = ReleaseDoublePrecision|Win32
		{6ADA430D-009C-2ED4-A787-2AC2D6FEB8CE}.ReleaseDoublePrecision|Win32.Build.0 = ReleaseDoublePrecision|Win32
		{61BD1097-CF2E-B296-DAA9-73A6FE135319}.Debug|Win32.ActiveCfg = Debug|Win32
		{61BD1097-CF2E-B296-DAA9-73A6FE135319}.Debug|Win32.Build.0 = Debug|Win32
		{61BD1097-CF2E-B296-DAA9-73A6FE135319}.DebugDll|Win32.ActiveCfg = DebugDll|Win32
		{61BD1097-CF2E-B296-DAA9-73A6FE135319}.DebugDll|Win32.Build.0 = DebugDll|Win32
		{61BD1097-CF2E-B296-DAA9-73A6FE135319}.DebugDoublePrecision|Win32.ActiveCfg = DebugDoublePrecision|Win32
		{61BD1097-CF2E-B296-DAA9-73A6FE135319}.DebugDoublePrecision|Win32.Build.0 = DebugDoublePrecision|Win32
		{61BD1097-CF2E-B296-DAA9-73A6FE135319}.Release|Win32.ActiveCfg = Release|Win32
		{61BD1097-CF2E-B296-DAA9-73A6FE135319}.Release|Win32.Build.0 = Release|Win32
		{61BD1097-CF2E-B296-DAA9-73A6FE135319}.ReleaseDll|Win32.ActiveCfg = ReleaseDll|Win32
		{61BD1097-CF2E-B296-DAA9-73A6FE135319}.ReleaseDll|Win32.Build.0 = ReleaseDll|Win32
		{61BD1097-CF2E-B296-DAA9-73A6FE135319}.ReleaseDoublePrecision|Win32.ActiveCfg = ReleaseDoublePrecision|Win32
		{61BD1097-CF2E-B296-DAA9-73A6FE135319}.ReleaseDoublePrecision|Win32.Build.0 = ReleaseDoublePrecision|Win32
		{7D6E339F-9C2C-31DA-FDB0-5EE50973CF2A}.Debug|Win32.ActiveCfg = Debug|Win32
		{7D6E339F-9C2C-31DA-FDB0-5EE50973CF2A}.Debug|Win32.Build.0 = Debug|Win32
		{7D6E339F-9C2C-31DA-FDB0-5EE50973CF2A}.DebugDll|Win32.ActiveCfg = DebugDll|Win32
		{7D6E339F-9C2C-31DA-FDB0-5EE50973CF2A}.DebugDll|Win32.Build.0 = DebugDll|Win32
		{7D6E339F-9C2C-31DA-FDB0-5EE50973CF2A}.DebugDoublePrecision|Win32.ActiveCfg = DebugDoublePrecision|Win32
		{7D6E339F-9C2C-31DA-FDB0-5EE50973CF2A}.DebugDoublePrecision|Win32.Build.0 = DebugDoublePrecision|Win32
		{7D6E339F-9C2C-31DA-FDB0-5EE50973CF2A}.Release|Win32.ActiveCfg = Release|Win32
		{7D6E339F-9C2C-31DA-FDB0-5EE50973CF2A}.Release|Win32.Build.0 = Release|Win32
		{7D6E339F-9C2C-31DA-FDB0-5EE50973CF2A}.ReleaseDll|Win32.ActiveCfg = ReleaseDll|Win32
		{7D6E339F-9C2C-31DA-FDB0-5EE50973CF2A}.ReleaseDll|Win32.Build.0 = ReleaseDll|Win32
		{7D6E339F-9C2C-31DA-FDB0-5EE50973CF2A}.ReleaseDoublePrecision|Win32.ActiveCfg = ReleaseDoublePrecision|Win32
		{7D6E339F-9C2C-31DA-FDB0-5EE50973CF2A}.ReleaseDoublePrecision|Win32.Build.0 = ReleaseDoublePrecision|Win32
		{A24D77FD-D69A-75A0-A7DC-730894C9D0F7}.Debug|Win32.ActiveCfg = Debug|Win32
		{A24D77FD-D69A-75A0-A7DC-730894C9D0F7}.Debug|Win32.Build.0 = Debug|Win32
		{A24D77FD-D69A-75A0-A7DC-730894C9D0F7}.DebugDll|Win32.ActiveCfg = DebugDll|Win32
		{A24D77FD-D69A-75A0-A7DC-730894C9D0F7}.DebugDll|Win32.Build.0 = DebugDll|Win32
		{A24D77FD-D69A-75A0-A7DC-730894C9D0F7}.DebugDoublePrecision|Win32.ActiveCfg = DebugDoublePrecision|Win32
		{A24D77FD-D69A-75A0-A7DC-730894C9D0F7}.DebugDoublePrecision|Win32.Build.0 = DebugDoublePrecision|Win32
		{A24D77FD-D69A-75A0-A7DC-730894C9D0F7}.Release|Win32.ActiveCfg = Release|Win32
		{A24D77FD-D69A-75A0-A7DC-730894C9D0F7}.Release|Win32.Build.0 = Release|Win32
		{A24D77FD-D69A-75A0-A7DC-730894C9D0F7}.ReleaseDll|Win32.ActiveCfg = ReleaseDll|Win32
		{A24D77FD-D69A-75A0-A7DC-730894C9D0F7}.ReleaseDll|Win32.Build.0 = ReleaseDll|Win32
		{A24D77FD-D69A-75A0-A7DC-730894C9D0F7}.ReleaseDoublePrecision|Win32.ActiveCfg = ReleaseDoublePrecision|Win32
		{A24D77FD-D69A-75A0-A7DC-730894C9D0F7}.ReleaseDoublePrecision|Win32.Build.0 = ReleaseDoublePrecision|Win32
		{7C428E76-9271-6284-20F0-9B38ED6931E3}.Debug|Win32.ActiveCfg = Debug|Win32
		{7C428E76-9271-6284-20F0-9B38ED6931E3}.Debug|Win32.Build.0 = Debug|Win32
		{7C428E76-9271-6284-20F0-9B38ED6931E3}.DebugDll|Win32.ActiveCfg = DebugDll|Win32
		{7C428E76-9271-6284-20F0-9B38ED6931E3}.DebugDll|Win32.Build.0 = DebugDll|Win32
		{7C428E76-9271-6284-20F0-9B38ED6931E3}.DebugDoublePrecision|Win32.ActiveCfg = DebugDoublePrecision|Win32
		{7C428E76-9271-6284-20F0-9B38ED6931E3}.DebugDoublePrecision|Win32.Build.0 = DebugDoublePrecision|Win32
		{7C428E76-9271-6284-20F0-9B38ED6931E3}.Release|Win32.ActiveCfg = Release|Win32
		{7C428E76-9271-6284-20F0-9B38ED6931E3}.Release|Win32.Build.0 = Release|Win32
		{7C428E76-9271-6284-20F0-9B38ED6931E3}.ReleaseDll|Win32.ActiveCfg = ReleaseDll|Win32
		{7C428E76-9271-6284-20F0-9B38ED6931E3}.ReleaseDll|Win32.Build.0 = ReleaseDll|Win32
		{7C428E76-9271-6284-20F0-9B38ED6931E3}.ReleaseDoublePrecision|Win32.ActiveCfg = ReleaseDoublePrecision|Win32
		{7C428E76-9271-6284-20F0-9B38ED6931E3}.ReleaseDoublePrecision|Win32.Build.0 = ReleaseDoublePrecision|Win32
		{C04EA8AC-D96C-0E1F-0823-094C1010F087}.Debug|Win32.ActiveCfg = Debug|Win32
		{C04EA8AC-D96C-0E1F-0823-094C1010F087}.Debug|Win32.Build.0 = Debug|Win32
		{C04EA8AC-D96C-0E1F-0823-094C1010F087}.DebugDll|Win32.ActiveCfg = DebugDll|Win32
		{C04EA8AC-D96C-0E1F-0823-094C1010F087}.DebugDll|Win32.Build.0 = DebugDll|Win32
		{C04EA8AC-D96C-0E1F-0823-094C1010F087}.DebugDoublePrecision|Win32.ActiveCfg = DebugDoublePrecision|Win32
		{C04EA8AC-D96C-0E1F-0823-094C1010F087}.DebugDoublePrecision|Win32.Build.0 = DebugDoublePrecision|Win32
		{C04EA8AC-D96C-0E1F-0823-094C1010F087}.Release|Win32.ActiveCfg = Release|Win32
		{C04EA8AC-D96C-0E1F-0823-094C1010F087}.Release|Win32.Build.0 = Release|Win32
		{C04EA8AC-D96C-0E1F-0823-094C1010F087}.ReleaseDll|Win32.ActiveCfg = ReleaseDll|Win32
		{C04EA8AC-D96C-0E1F-0823-094C1010F087}.ReleaseDll|Win32.Build.0 = ReleaseDll|Win32
		{C04EA8AC-D96C-0E1F-0823-094C1010F087}.ReleaseDoublePrecision|Win32.ActiveCfg = ReleaseDoublePrecision|Win32
		{C04EA8AC-D96C-0E1F-0823-094C1010F087}.ReleaseDoublePrecision|Win32.Build.0 = ReleaseDoublePrecision|Win32
		{4C2FFB50-DB83-4FFE-8D66-AAF03E4A7029}.Debug|Win32.ActiveCfg = Debug|Win32
		{4C2FFB50-DB83-4FFE-8D66-AAF03E4A7029}.Debug|Win32.Build.0 = Debug|Win32
		{4C2FFB50-DB83-4FFE-8D66-AAF03E4A7029}.DebugDll|Win32.ActiveCfg = DebugDll|Win32
		{4C2FFB50-DB83-4FFE-8D66-AAF03E4A7029}.DebugDll|Win32.Build.0 = DebugDll|Win32
		{4C2FFB50-DB83-4FFE-8D66-AAF03E4A7029}.DebugDoublePrecision|Win32.ActiveCfg = DebugDoublePrecision|Win32
		{4C2FFB50-DB83-4FFE-8D66-AAF03E4A7029}.DebugDoublePrecision|Win32.Build.0 = DebugDoublePrecision|Win32
		{4C2FFB50-DB83-4FFE-8D66-AAF03E4A7029}.Release|Win32.ActiveCfg = Release|Win32
		{4C2FFB50-DB83-4FFE-8D66-AAF03E4A7029}.Release|Win32.Build.0 = Release|Win32
		{4C2FFB50-DB83-4FFE-8D66-AAF03E4A7029}.ReleaseDll|Win32.ActiveCfg = ReleaseDll|Win32
		{4C2FFB50-DB83-4FFE-8D66-AAF03E4A7029}.ReleaseDll|Win32.Build.0 = ReleaseDll|Win32
		{4C2FFB50-DB83-4FFE-8D66-AAF03E4A7029}.ReleaseDoublePrecision|Win32.ActiveCfg = ReleaseDoublePrecision|Win32
		{4C2FFB50-DB83-4FFE-8D66-AAF03E4A7029}.ReleaseDoublePrecision|Win32.Build.0 = ReleaseDoublePrecision|Win32
		{381F6312-944A-4E9F-BE52-FEF21225EB81}.Debug|Win32.ActiveCfg = Debug|Win32
		{381F6312-944A-4E9F-BE52-FEF21225EB81}.Debug|Win32.Build.0 = Debug|Win32
		{381F6312-944A-4E9F-BE52-FEF21225EB81}.DebugDll|Win32.ActiveCfg = DebugDll|Win32
		{381F6312-944A-4E9F-BE52-FEF21225EB81}.DebugDll|Win32.Build.0 = DebugDll|Win32
		{381F6312-944A-4E9F-BE52-FEF21225EB81}.DebugDoublePrecision|Win32.ActiveCfg = DebugDoublePrecision|Win32
		{381F6312-944A-4E9F-BE52-FEF21225EB81}.DebugDoublePrecision|Win32.Build.0 = DebugDoublePrecision|Win32
		{381F6312-944A-4E9F-BE52-FEF21225EB81}.Release|Win32.ActiveCfg = Release|Win32
		{381F6312-944A-4E9F-BE52-FEF21225EB81}.Release|Win32.Build.0 = Release|Win32
		{381F6312-944A-4E9F-BE52-FEF21225EB81}.ReleaseDll|Win32.ActiveCfg = ReleaseDll|Win32
		{381F6312-944A-4E9F-BE52-FEF21225EB81}.ReleaseDll|Win32.Build.0 = ReleaseDll|Win32
		{381F6312-944A-4E9F-BE52-FEF21225EB81}.ReleaseDoublePrecision|Win32.ActiveCfg = ReleaseDoublePrecision|Win32
		{381F6312-944A-4E9F-BE52-FEF21225EB81}.ReleaseDoublePrecision|Win32.Build.0 = ReleaseDoublePrecision|Win32
		{106E3D23-110E-5DD8-4A6A-D8A2250C43C9}.Debug|Win32.ActiveCfg = Debug|Win32
		{106E3D23-110E-5DD8-4A6A-D8A2250C43C9}.Debug|Win32.Build.0 = Debug|Win32
		{106E3D23-110E-5DD8-4A6A-D8A2250C43C9}.DebugDll|Win32.ActiveCfg = DebugDll|Win32
		{106E3D23-110E-5DD8-4A6A-D8A2250C43C9}.DebugDll|Win32.Build.0 = DebugDll|Win32
		{106E3D23-110E-5DD8-4A6A-D8A2250C43C9}.DebugDoublePrecision|Win32.ActiveCfg = DebugDoublePrecision|Win32
		{106E3D23-110E-5DD8-4A6A-D8A2250C43C9}.DebugDoublePrecision|Win32.Build.0 = DebugDoublePrecision|Win32
		{106E3D23-110E-5DD8-4A6A-D8A2250C43C9}.Release|Win32.ActiveCfg = Release|Win32
		{106E3D23-110E-5DD8-4A6A-D8A2250C43C9}.Release|Win32.Build.0 = Release|Win32
		{106E3D23-110E-5DD8-4A6A-D8A2250C43C9}.ReleaseDll|Win32.ActiveCfg = ReleaseDll|Win32
		{106E3D23-110E-5DD8-4A6A-D8A2250C43C9}.ReleaseDll|Win32.Build.0 = ReleaseDll|Win32
		{106E3D23-110E-5DD8-4A6A-D8A2250C43C9}.ReleaseDoublePrecision|Win32.ActiveCfg = ReleaseDoublePrecision|Win32
		{106E3D23-110E-5DD8-4A6A-D8A2250C43C9}.ReleaseDoublePrecision|Win32.Build.0 = ReleaseDoublePrecision|Win32
		{7ABF7DFE-A51E-46B9-B2AD-5B77487A6628}.Debug|Win32.ActiveCfg = Debug|Win32
		{7ABF7DFE-A51E-46B9-B2AD-5B77487A6628}.Debug|Win32.Build.0 = Debug|Win32
		{7ABF7DFE-A51E-46B9-B2AD-5B77487A6628}.DebugDll|Win32.ActiveCfg = DebugDll|Win32
		{7ABF7DFE-A51E-46B9-B2AD-5B77487A6628}.DebugDll|Win32.Build.0 = DebugDll|Win32
		{7ABF7DFE-A51E-46B9-B2AD-5B77487A6628}.DebugDoublePrecision|Win32.ActiveCfg = DebugDoublePrecision|Win32
		{7ABF7DFE-A51E-46B9-B2AD-5B77487A6628}.DebugDoublePrecision|Win32.Build.0 = DebugDoublePrecision|Win32
		{7ABF7DFE-A51E-46B9-B2AD-5B77487A6628}.Release|Win32.ActiveCfg = Release|Win32
		{7ABF7DFE-A51E-46B9-B2AD-5B77487A6628}.Release|Win32.Build.0 = Release|Win32
		{7ABF7DFE-A51E-46B9-B2AD-5B77487A6628}.ReleaseDll|Win32.ActiveCfg = ReleaseDll|Win32
		{7ABF7DFE-A51E-46B9-B2AD-5B77487A6628}.ReleaseDll|Win32.Build.0 = ReleaseDll|Win32
		{7ABF7DFE-A51E-46B9-B2AD-5B77487A6628}.ReleaseDoublePrecision|Win32.ActiveCfg = ReleaseDoublePrecision|Win32
		{7ABF7DFE-A51E-46B9-B2AD-5B77487A6628}.ReleaseDoublePrecision|Win32.Build.0 = ReleaseDoublePrecision|Win32
		{41BC3212-EF53-4426-AB4C-8E499CB2BD35}.Debug|Win32.ActiveCfg = Debug|Win32
		{41BC3212-EF53-4426-AB4C-8E499CB2BD35}.Debug|Win32.Build.0 = Debug|Win32
		{41BC3212-EF53-4426-AB4C-8E499CB2BD35}.DebugDll|Win32.ActiveCfg = DebugDll|Win32
		{41BC3212-EF53-4426-AB4C-8E499CB2BD35}.DebugDll|Win32.Build.0 = DebugDll|Win32
		{41BC3212-EF53-4426-AB4C-8E499CB2BD35}.DebugDoublePrecision|Win32.ActiveCfg = DebugDoublePrecision|Win32
		{41BC3212-EF53-4426-AB4C-8E499CB2BD35}.DebugDoublePrecision|Win32.Build.0 = DebugDoublePrecision|Win32
		{41BC3212-EF53-4426-AB4C-8E499CB2BD35}.Release|Win32.ActiveCfg = Release|Win32
		{41BC3212-EF53-4426-AB4C-8E499CB2BD35}.Release|Win32.Build.0 = Release|Win32
		{41BC3212-EF53-4426-AB4C-8E499CB2BD35}.ReleaseDll|Win32.ActiveCfg = ReleaseDll|Win32
		{41BC3212-EF53-4426-AB4C-8E499CB2BD35}.ReleaseDll|Win32.Build.0 = ReleaseDll|Win32
		{41BC3212-EF53-4426-AB4C-8E499CB2BD35}.ReleaseDoublePrecision|Win32.ActiveCfg = ReleaseDoublePrecision|Win32
		{41BC3212-EF53-4426-AB4C-8E499CB2BD35}.ReleaseDoublePrecision|Win32.Build.0 = ReleaseDoublePrecision|Win32
		{3578834A-4B06-DE6F-78AC-FE11F7226D35}.Debug|Win32.ActiveCfg = Debug|Win32
		{3578834A-4B06-DE6F-78AC-FE11F7226D35}.Debug|Win32.Build.0 = Debug|Win32
		{3578834A-4B06-DE6F-78AC-FE11F7226D35}.DebugDll|Win32.ActiveCfg = DebugDll|Win32
		{3578834A-4B06-DE6F-78AC-FE11F7226D35}.DebugDll|Win32.Build.0 = DebugDll|Win32
		{3578834A-4B06-DE6F-78AC-FE11F7226D35}.DebugDoublePrecision|Win32.ActiveCfg = DebugDoublePrecision|Win32
		{3578834A-4B06-DE6F-78AC-FE11F7226D35}.DebugDoublePrecision|Win32.Build.0 = DebugDoublePrecision|Win32
		{3578834A-4B06-DE6F-78AC-FE11F7226D35}.Release|Win32.ActiveCfg = Release|Win32
		{3578834A-4B06-DE6F-78AC-FE11F7226D35}.Release|Win32.Build.0 = Release|Win32
		{3578834A-4B06-DE6F-78AC-FE11F7226D35}.ReleaseDll|Win32.ActiveCfg = ReleaseDll|Win32
		{3578834A-4B06-DE6F-78AC-FE11F7226D35}.ReleaseDll|Win32.Build.0 = ReleaseDll|Win32
		{3578834A-4B06-DE6F-78AC-FE11F7226D35}.ReleaseDoublePrecision|Win32.ActiveCfg = ReleaseDoublePrecision|Win32
		{3578834A-4B06-DE6F-78AC-FE11F7226D35}.ReleaseDoublePrecision|Win32.Build.0 = ReleaseDoublePrecision|Win32
		{13FD13A1-09DA-A501-3BA1-DF3696EC33A8}.Debug|Win32.ActiveCfg = Debug|Win32
		{13FD13A1-09DA-A501-3BA1-DF3696EC33A8}.Debug|Win32.Build.0 = Debug|Win32
		{13FD13A1-09DA-A501-3BA1-DF3696EC33A8}.DebugDll|Win32.ActiveCfg = DebugDll|Win32
		{13FD13A1-09DA-A501-3BA1-DF3696EC33A8}.DebugDll|Win32.Build.0 = DebugDll|Win32
		{13FD13A1-09DA-A501-3BA1-DF3696EC33A8}.DebugDoublePrecision|Win32.ActiveCfg = DebugDoublePrecision|Win32
		{13FD13A1-09DA-A501-3BA1-DF3696EC33A8}.DebugDoublePrecision|Win32.Build.0 = DebugDoublePrecision|Win32
		{13FD13A1-09DA-A501-3BA1-DF3696EC33A8}.Release|Win32.ActiveCfg = Release|Win32
		{13FD13A1-09DA-A501-3BA1-DF3696EC33A8}.Release|Win32.Build.0 = Release|Win32
		{13FD13A1-09DA-A501-3BA1-DF3696EC33A8}.ReleaseDll|Win32.ActiveCfg = ReleaseDll|Win32
		{13FD13A1-09DA-A501-3BA1-DF3696EC33A8}.ReleaseDll|Win32.Build.0 = ReleaseDll|Win32
		{13FD13A1-09DA-A501-3BA1-DF3696EC33A8}.ReleaseDoublePrecision|Win32.ActiveCfg = ReleaseDoublePrecision|Win32
		{13FD13A1-09DA-A501-3BA1-DF3696EC33A8}.ReleaseDoublePrecision|Win32.Build.0 = ReleaseDoublePrecision|Win32
	EndGlobalSection
	GlobalSection(SolutionProperties) = preSolution
		HideSolutionNode = FALSE
	EndGlobalSection
EndGlobal
