Microsoft Visual Studio Solution File, Format Version 10.00
# Visual C++ Express 2008
Project("{8BC9CEB8-8B4A-11D0-8D11-00A0C91BC942}") = "appMiniCL_VectorAdd_Mini", "appMiniCL_VectorAdd.vcproj", "{6D766893-676D-4222-6547-A75378F2CB60}"
	ProjectSection(ProjectDependencies) = postProject
		{7D6E339F-9C2C-31DA-FDB0-5EE50973CF2A} = {7D6E339F-9C2C-31DA-FDB0-5EE50973CF2A}
		{06B487E6-ECC2-46AD-A43E-29B016F4FDBF} = {06B487E6-ECC2-46AD-A43E-29B016F4FDBF}
		{A24D77FD-D69A-75A0-A7DC-730894C9D0F7} = {A24D77FD-D69A-75A0-A7DC-730894C9D0F7}
	EndProjectSection
EndProject
Project("{8BC9CEB8-8B4A-11D0-8D11-00A0C91BC942}") = "libbulletcollision", "libbulletcollision.vcproj", "{6ADA430D-009C-2ED4-A787-2AC2D6FEB8CE}"
EndProject
Project("{8BC9CEB8-8B4A-11D0-8D11-00A0C91BC942}") = "libbulletdynamics", "libbulletdynamics.vcproj", "{61BD1097-CF2E-B296-DAA9-73A6FE135319}"
EndProject
Project("{8BC9CEB8-8B4A-11D0-8D11-00A0C91BC942}") = "libbulletmath", "libbulletmath.vcproj", "{7D6E339F-9C2C-31DA-FDB0-5EE50973CF2A}"
EndProject
Project("{8BC9CEB8-8B4A-11D0-8D11-00A0C91BC942}") = "libbulletmultithreaded", "libbulletmultithreaded.vcproj", "{A24D77FD-D69A-75A0-A7DC-730894C9D0F7}"
EndProject
Project("{8BC9CEB8-8B4A-11D0-8D11-00A0C91BC942}") = "libbulletopenglsupport", "libbulletopenglsupport.vcproj", "{7C428E76-9271-6284-20F0-9B38ED6931E3}"
EndProject
Project("{8BC9CEB8-8B4A-11D0-8D11-00A0C91BC942}") = "libbulletsoftbody", "libbulletsoftbody.vcproj", "{C04EA8AC-D96C-0E1F-0823-094C1010F087}"
EndProject
Project("{8BC9CEB8-8B4A-11D0-8D11-00A0C91BC942}") = "appSpheresOCL_Nv", "appSpheresOCL_Nv.vcproj", "{4C2FFB50-DB83-4FFE-8D66-AAF03E4A7029}"
	ProjectSection(ProjectDependencies) = postProject
		{6ADA430D-009C-2ED4-A787-2AC2D6FEB8CE} = {6ADA430D-009C-2ED4-A787-2AC2D6FEB8CE}
		{7C428E76-9271-6284-20F0-9B38ED6931E3} = {7C428E76-9271-6284-20F0-9B38ED6931E3}
		{61BD1097-CF2E-B296-DAA9-73A6FE135319} = {61BD1097-CF2E-B296-DAA9-73A6FE135319}
		{7D6E339F-9C2C-31DA-FDB0-5EE50973CF2A} = {7D6E339F-9C2C-31DA-FDB0-5EE50973CF2A}
	EndProjectSection
EndProject
Project("{8BC9CEB8-8B4A-11D0-8D11-00A0C91BC942}") = "appSpheresOCL_Mini", "appSpheresOCL_Mini.vcproj", "{381F6312-944A-4E9F-BE52-FEF21225EB81}"
	ProjectSection(ProjectDependencies) = postProject
		{6ADA430D-009C-2ED4-A787-2AC2D6FEB8CE} = {6ADA430D-009C-2ED4-A787-2AC2D6FEB8CE}
		{7C428E76-9271-6284-20F0-9B38ED6931E3} = {7C428E76-9271-6284-20F0-9B38ED6931E3}
		{61BD1097-CF2E-B296-DAA9-73A6FE135319} = {61BD1097-CF2E-B296-DAA9-73A6FE135319}
		{7D6E339F-9C2C-31DA-FDB0-5EE50973CF2A} = {7D6E339F-9C2C-31DA-FDB0-5EE50973CF2A}
		{06B487E6-ECC2-46AD-A43E-29B016F4FDBF} = {06B487E6-ECC2-46AD-A43E-29B016F4FDBF}
		{A24D77FD-D69A-75A0-A7DC-730894C9D0F7} = {A24D77FD-D69A-75A0-A7DC-730894C9D0F7}
	EndProjectSection
EndProject
Project("{8BC9CEB8-8B4A-11D0-8D11-00A0C91BC942}") = "appSoftBodyDemo", "appSoftBodyDemo.vcproj", "{106E3D23-110E-5DD8-4A6A-D8A2250C43C9}"
	ProjectSection(ProjectDependencies) = postProject
		{6ADA430D-009C-2ED4-A787-2AC2D6FEB8CE} = {6ADA430D-009C-2ED4-A787-2AC2D6FEB8CE}
		{7C428E76-9271-6284-20F0-9B38ED6931E3} = {7C428E76-9271-6284-20F0-9B38ED6931E3}
		{61BD1097-CF2E-B296-DAA9-73A6FE135319} = {61BD1097-CF2E-B296-DAA9-73A6FE135319}
		{7D6E339F-9C2C-31DA-FDB0-5EE50973CF2A} = {7D6E339F-9C2C-31DA-FDB0-5EE50973CF2A}
		{C04EA8AC-D96C-0E1F-0823-094C1010F087} = {C04EA8AC-D96C-0E1F-0823-094C1010F087}
	EndProjectSection
EndProject
Project("{8BC9CEB8-8B4A-11D0-8D11-00A0C91BC942}") = "appSpheresOCL_AMD", "appSpheresOCL_AMD.vcproj", "{7ABF7DFE-A51E-46B9-B2AD-5B77487A6628}"
	ProjectSection(ProjectDependencies) = postProject
		{6ADA430D-009C-2ED4-A787-2AC2D6FEB8CE} = {6ADA430D-009C-2ED4-A787-2AC2D6FEB8CE}
		{7C428E76-9271-6284-20F0-9B38ED6931E3} = {7C428E76-9271-6284-20F0-9B38ED6931E3}
		{61BD1097-CF2E-B296-DAA9-73A6FE135319} = {61BD1097-CF2E-B296-DAA9-73A6FE135319}
		{7D6E339F-9C2C-31DA-FDB0-5EE50973CF2A} = {7D6E339F-9C2C-31DA-FDB0-5EE50973CF2A}
	EndProjectSection
EndProject
Project("{8BC9CEB8-8B4A-11D0-8D11-00A0C91BC942}") = "appBasicDemo", "appBasicDemo.vcproj", "{3578834A-4B06-DE6F-78AC-FE11F7226D35}"
	ProjectSection(ProjectDependencies) = postProject
		{6ADA430D-009C-2ED4-A787-2AC2D6FEB8CE} = {6ADA430D-009C-2ED4-A787-2AC2D6FEB8CE}
		{7C428E76-9271-6284-20F0-9B38ED6931E3} = {7C428E76-9271-6284-20F0-9B38ED6931E3}
		{61BD1097-CF2E-B296-DAA9-73A6FE135319} = {61BD1097-CF2E-B296-DAA9-73A6FE135319}
		{7D6E339F-9C2C-31DA-FDB0-5EE50973CF2A} = {7D6E339F-9C2C-31DA-FDB0-5EE50973CF2A}
	EndProjectSection
EndProject
Project("{8BC9CEB8-8B4A-11D0-8D11-00A0C91BC942}") = "appGpu3dDemoOCL_Nv", "appGpu3dDemoOCL_Nv.vcproj", "{13FD13A1-09DA-A501-3BA1-DF3696EC33A8}"
	ProjectSection(ProjectDependencies) = postProject
		{6ADA430D-009C-2ED4-A787-2AC2D6FEB8CE} = {6ADA430D-009C-2ED4-A787-2AC2D6FEB8CE}
		{ECF7A654-1D72-48FC-A552-E8AC7CD8948A} = {ECF7A654-1D72-48FC-A552-E8AC7CD8948A}
		{7C428E76-9271-6284-20F0-9B38ED6931E3} = {7C428E76-9271-6284-20F0-9B38ED6931E3}
		{61BD1097-CF2E-B296-DAA9-73A6FE135319} = {61BD1097-CF2E-B296-DAA9-73A6FE135319}
		{7D6E339F-9C2C-31DA-FDB0-5EE50973CF2A} = {7D6E339F-9C2C-31DA-FDB0-5EE50973CF2A}
		{A24D77FD-D69A-75A0-A7DC-730894C9D0F7} = {A24D77FD-D69A-75A0-A7DC-730894C9D0F7}
	EndProjectSection
EndProject
Project("{8BC9CEB8-8B4A-11D0-8D11-00A0C91BC942}") = "appGpu2dDemo_Nv", "appGpu2dDemo_Nv.vcproj", "{B30C20D9-460A-5221-0903-2A5A3CA8470F}"
	ProjectSection(ProjectDependencies) = postProject
		{6ADA430D-009C-2ED4-A787-2AC2D6FEB8CE} = {6ADA430D-009C-2ED4-A787-2AC2D6FEB8CE}
		{ECF7A654-1D72-48FC-A552-E8AC7CD8948A} = {ECF7A654-1D72-48FC-A552-E8AC7CD8948A}
		{7C428E76-9271-6284-20F0-9B38ED6931E3} = {7C428E76-9271-6284-20F0-9B38ED6931E3}
		{61BD1097-CF2E-B296-DAA9-73A6FE135319} = {61BD1097-CF2E-B296-DAA9-73A6FE135319}
		{7D6E339F-9C2C-31DA-FDB0-5EE50973CF2A} = {7D6E339F-9C2C-31DA-FDB0-5EE50973CF2A}
		{A24D77FD-D69A-75A0-A7DC-730894C9D0F7} = {A24D77FD-D69A-75A0-A7DC-730894C9D0F7}
	EndProjectSection
EndProject
Project("{8BC9CEB8-8B4A-11D0-8D11-00A0C91BC942}") = "libbulletOCLbroadphase_Nv", "..\..\Extras\OpenCL\3dGridBroadphase\libbulletOCLbroadphase_Nv.vcproj", "{ECF7A654-1D72-48FC-A552-E8AC7CD8948A}"
EndProject
Project("{8BC9CEB8-8B4A-11D0-8D11-00A0C91BC942}") = "libMiniCL", "libMiniCL.vcproj", "{06B487E6-ECC2-46AD-A43E-29B016F4FDBF}"
EndProject
Project("{8BC9CEB8-8B4A-11D0-8D11-00A0C91BC942}") = "libbulletOCLbroadphase_Mini", "..\..\Extras\OpenCL\3dGridBroadphase\libbulletOCLbroadphase_Mini.vcproj", "{F14C1B61-705E-402F-9C4A-2568ECD28ADE}"
EndProject
Project("{8BC9CEB8-8B4A-11D0-8D11-00A0C91BC942}") = "appGpu3dDemoOCL_Mini", "appGpu3dDemoOCL_Mini.vcproj", "{605DE81B-A9C8-43D5-9638-7EDA9F35F143}"
	ProjectSection(ProjectDependencies) = postProject
		{6ADA430D-009C-2ED4-A787-2AC2D6FEB8CE} = {6ADA430D-009C-2ED4-A787-2AC2D6FEB8CE}
		{F14C1B61-705E-402F-9C4A-2568ECD28ADE} = {F14C1B61-705E-402F-9C4A-2568ECD28ADE}
		{7C428E76-9271-6284-20F0-9B38ED6931E3} = {7C428E76-9271-6284-20F0-9B38ED6931E3}
		{61BD1097-CF2E-B296-DAA9-73A6FE135319} = {61BD1097-CF2E-B296-DAA9-73A6FE135319}
		{7D6E339F-9C2C-31DA-FDB0-5EE50973CF2A} = {7D6E339F-9C2C-31DA-FDB0-5EE50973CF2A}
		{06B487E6-ECC2-46AD-A43E-29B016F4FDBF} = {06B487E6-ECC2-46AD-A43E-29B016F4FDBF}
		{A24D77FD-D69A-75A0-A7DC-730894C9D0F7} = {A24D77FD-D69A-75A0-A7DC-730894C9D0F7}
	EndProjectSection
EndProject
Project("{8BC9CEB8-8B4A-11D0-8D11-00A0C91BC942}") = "appGpu2dDemo_Mini", "appGpu2dDemo_Mini.vcproj", "{5513FBFF-62E4-4AD1-A8AC-F4E9385E171A}"
	ProjectSection(ProjectDependencies) = postProject
		{6ADA430D-009C-2ED4-A787-2AC2D6FEB8CE} = {6ADA430D-009C-2ED4-A787-2AC2D6FEB8CE}
		{F14C1B61-705E-402F-9C4A-2568ECD28ADE} = {F14C1B61-705E-402F-9C4A-2568ECD28ADE}
		{7C428E76-9271-6284-20F0-9B38ED6931E3} = {7C428E76-9271-6284-20F0-9B38ED6931E3}
		{61BD1097-CF2E-B296-DAA9-73A6FE135319} = {61BD1097-CF2E-B296-DAA9-73A6FE135319}
		{7D6E339F-9C2C-31DA-FDB0-5EE50973CF2A} = {7D6E339F-9C2C-31DA-FDB0-5EE50973CF2A}
		{06B487E6-ECC2-46AD-A43E-29B016F4FDBF} = {06B487E6-ECC2-46AD-A43E-29B016F4FDBF}
		{A24D77FD-D69A-75A0-A7DC-730894C9D0F7} = {A24D77FD-D69A-75A0-A7DC-730894C9D0F7}
	EndProjectSection
EndProject
Project("{8BC9CEB8-8B4A-11D0-8D11-00A0C91BC942}") = "appParticlesOCL_Nv", "ParticlesOCL_Nv.vcproj", "{A1F66D86-775E-4BB8-85DD-629F29D17317}"
	ProjectSection(ProjectDependencies) = postProject
		{6ADA430D-009C-2ED4-A787-2AC2D6FEB8CE} = {6ADA430D-009C-2ED4-A787-2AC2D6FEB8CE}
		{7C428E76-9271-6284-20F0-9B38ED6931E3} = {7C428E76-9271-6284-20F0-9B38ED6931E3}
		{61BD1097-CF2E-B296-DAA9-73A6FE135319} = {61BD1097-CF2E-B296-DAA9-73A6FE135319}
		{7D6E339F-9C2C-31DA-FDB0-5EE50973CF2A} = {7D6E339F-9C2C-31DA-FDB0-5EE50973CF2A}
	EndProjectSection
EndProject
Project("{8BC9CEB8-8B4A-11D0-8D11-00A0C91BC942}") = "appParticlesOCL_Mini", "ParticlesOCL_Mini.vcproj", "{92943C84-7E13-4289-ACDB-15DADE44A379}"
	ProjectSection(ProjectDependencies) = postProject
		{6ADA430D-009C-2ED4-A787-2AC2D6FEB8CE} = {6ADA430D-009C-2ED4-A787-2AC2D6FEB8CE}
		{7C428E76-9271-6284-20F0-9B38ED6931E3} = {7C428E76-9271-6284-20F0-9B38ED6931E3}
		{61BD1097-CF2E-B296-DAA9-73A6FE135319} = {61BD1097-CF2E-B296-DAA9-73A6FE135319}
		{7D6E339F-9C2C-31DA-FDB0-5EE50973CF2A} = {7D6E339F-9C2C-31DA-FDB0-5EE50973CF2A}
		{06B487E6-ECC2-46AD-A43E-29B016F4FDBF} = {06B487E6-ECC2-46AD-A43E-29B016F4FDBF}
		{A24D77FD-D69A-75A0-A7DC-730894C9D0F7} = {A24D77FD-D69A-75A0-A7DC-730894C9D0F7}
	EndProjectSection
EndProject
Project("{8BC9CEB8-8B4A-11D0-8D11-00A0C91BC942}") = "appParticlesOCL_AMD", "ParticlesOCL_AMD.vcproj", "{63313678-77E7-4302-9953-0EC960A67F1C}"
	ProjectSection(ProjectDependencies) = postProject
		{6ADA430D-009C-2ED4-A787-2AC2D6FEB8CE} = {6ADA430D-009C-2ED4-A787-2AC2D6FEB8CE}
		{7C428E76-9271-6284-20F0-9B38ED6931E3} = {7C428E76-9271-6284-20F0-9B38ED6931E3}
		{61BD1097-CF2E-B296-DAA9-73A6FE135319} = {61BD1097-CF2E-B296-DAA9-73A6FE135319}
		{7D6E339F-9C2C-31DA-FDB0-5EE50973CF2A} = {7D6E339F-9C2C-31DA-FDB0-5EE50973CF2A}
		{A24D77FD-D69A-75A0-A7DC-730894C9D0F7} = {A24D77FD-D69A-75A0-A7DC-730894C9D0F7}
	EndProjectSection
EndProject
Project("{8BC9CEB8-8B4A-11D0-8D11-00A0C91BC942}") = "libbulletOCLbroadphase_AMD", "..\..\Extras\OpenCL\3dGridBroadphase\libbulletOCLbroadphase_AMD.vcproj", "{7C443543-26CC-4ED1-84E3-62F22C4029B1}"
EndProject
Project("{8BC9CEB8-8B4A-11D0-8D11-00A0C91BC942}") = "appGpu3dDemoOCL_AMD", "appGpu3dDemoOCL_AMD.vcproj", "{B5982F82-30EF-48D2-8CB5-0D87C05E4899}"
	ProjectSection(ProjectDependencies) = postProject
		{6ADA430D-009C-2ED4-A787-2AC2D6FEB8CE} = {6ADA430D-009C-2ED4-A787-2AC2D6FEB8CE}
		{7C443543-26CC-4ED1-84E3-62F22C4029B1} = {7C443543-26CC-4ED1-84E3-62F22C4029B1}
		{7C428E76-9271-6284-20F0-9B38ED6931E3} = {7C428E76-9271-6284-20F0-9B38ED6931E3}
		{61BD1097-CF2E-B296-DAA9-73A6FE135319} = {61BD1097-CF2E-B296-DAA9-73A6FE135319}
		{7D6E339F-9C2C-31DA-FDB0-5EE50973CF2A} = {7D6E339F-9C2C-31DA-FDB0-5EE50973CF2A}
		{A24D77FD-D69A-75A0-A7DC-730894C9D0F7} = {A24D77FD-D69A-75A0-A7DC-730894C9D0F7}
	EndProjectSection
EndProject
Project("{8BC9CEB8-8B4A-11D0-8D11-00A0C91BC942}") = "appGpu2dDemo_AMD", "appGpu2dDemo_AMD.vcproj", "{E4AC19EA-4C79-48D1-844E-EE532BBD3660}"
	ProjectSection(ProjectDependencies) = postProject
		{6ADA430D-009C-2ED4-A787-2AC2D6FEB8CE} = {6ADA430D-009C-2ED4-A787-2AC2D6FEB8CE}
		{7C443543-26CC-4ED1-84E3-62F22C4029B1} = {7C443543-26CC-4ED1-84E3-62F22C4029B1}
		{7C428E76-9271-6284-20F0-9B38ED6931E3} = {7C428E76-9271-6284-20F0-9B38ED6931E3}
		{61BD1097-CF2E-B296-DAA9-73A6FE135319} = {61BD1097-CF2E-B296-DAA9-73A6FE135319}
		{7D6E339F-9C2C-31DA-FDB0-5EE50973CF2A} = {7D6E339F-9C2C-31DA-FDB0-5EE50973CF2A}
		{A24D77FD-D69A-75A0-A7DC-730894C9D0F7} = {A24D77FD-D69A-75A0-A7DC-730894C9D0F7}
	EndProjectSection
EndProject
Project("{8BC9CEB8-8B4A-11D0-8D11-00A0C91BC942}") = "appBasicDemoOCL_Nv", "appBasicDemoOCL_Nv.vcproj", "{2E2AB6F1-E86C-4754-A151-A0FF0611D0AC}"
	ProjectSection(ProjectDependencies) = postProject
		{6ADA430D-009C-2ED4-A787-2AC2D6FEB8CE} = {6ADA430D-009C-2ED4-A787-2AC2D6FEB8CE}
		{7C428E76-9271-6284-20F0-9B38ED6931E3} = {7C428E76-9271-6284-20F0-9B38ED6931E3}
		{61BD1097-CF2E-B296-DAA9-73A6FE135319} = {61BD1097-CF2E-B296-DAA9-73A6FE135319}
		{896CE09A-43CD-412E-9572-9B80F57CE535} = {896CE09A-43CD-412E-9572-9B80F57CE535}
		{7D6E339F-9C2C-31DA-FDB0-5EE50973CF2A} = {7D6E339F-9C2C-31DA-FDB0-5EE50973CF2A}
	EndProjectSection
EndProject
Project("{8BC9CEB8-8B4A-11D0-8D11-00A0C91BC942}") = "libbulletBatchConstraintSolverOCL_Nv", "..\..\Extras\OpenCL\BatchConstraintSolver\libbulletBatchConstraintSolverOCL_Nv.vcproj", "{896CE09A-43CD-412E-9572-9B80F57CE535}"
EndProject
Project("{8BC9CEB8-8B4A-11D0-8D11-00A0C91BC942}") = "libbulletBatchConstraintSolverOCL_Mini", "..\..\Extras\OpenCL\BatchConstraintSolver\libbulletBatchConstraintSolverOCL_Mini.vcproj", "{29A0D611-6FE0-468F-9362-83B2B0ECF5B4}"
EndProject
Project("{8BC9CEB8-8B4A-11D0-8D11-00A0C91BC942}") = "appBasicDemoOCL_Mini", "appBasicDemoOCL_Mini.vcproj", "{7068E9C6-CC03-4E50-BC49-28DC69F40031}"
	ProjectSection(ProjectDependencies) = postProject
		{6ADA430D-009C-2ED4-A787-2AC2D6FEB8CE} = {6ADA430D-009C-2ED4-A787-2AC2D6FEB8CE}
		{29A0D611-6FE0-468F-9362-83B2B0ECF5B4} = {29A0D611-6FE0-468F-9362-83B2B0ECF5B4}
		{7C428E76-9271-6284-20F0-9B38ED6931E3} = {7C428E76-9271-6284-20F0-9B38ED6931E3}
		{61BD1097-CF2E-B296-DAA9-73A6FE135319} = {61BD1097-CF2E-B296-DAA9-73A6FE135319}
		{7D6E339F-9C2C-31DA-FDB0-5EE50973CF2A} = {7D6E339F-9C2C-31DA-FDB0-5EE50973CF2A}
		{06B487E6-ECC2-46AD-A43E-29B016F4FDBF} = {06B487E6-ECC2-46AD-A43E-29B016F4FDBF}
		{A24D77FD-D69A-75A0-A7DC-730894C9D0F7} = {A24D77FD-D69A-75A0-A7DC-730894C9D0F7}
	EndProjectSection
EndProject
Global
	GlobalSection(SolutionConfigurationPlatforms) = preSolution
		Debug|Win32 = Debug|Win32
		DebugDll|Win32 = DebugDll|Win32
		DebugDoublePrecision|Win32 = DebugDoublePrecision|Win32
		Release|Win32 = Release|Win32
		ReleaseDll|Win32 = ReleaseDll|Win32
		ReleaseDoublePrecision|Win32 = ReleaseDoublePrecision|Win32
	EndGlobalSection
	GlobalSection(ProjectConfigurationPlatforms) = postSolution
		{6D766893-676D-4222-6547-A75378F2CB60}.Debug|Win32.ActiveCfg = Debug|Win32
		{6D766893-676D-4222-6547-A75378F2CB60}.Debug|Win32.Build.0 = Debug|Win32
		{6D766893-676D-4222-6547-A75378F2CB60}.DebugDll|Win32.ActiveCfg = DebugDll|Win32
		{6D766893-676D-4222-6547-A75378F2CB60}.DebugDll|Win32.Build.0 = DebugDll|Win32
		{6D766893-676D-4222-6547-A75378F2CB60}.DebugDoublePrecision|Win32.ActiveCfg = DebugDoublePrecision|Win32
		{6D766893-676D-4222-6547-A75378F2CB60}.DebugDoublePrecision|Win32.Build.0 = DebugDoublePrecision|Win32
		{6D766893-676D-4222-6547-A75378F2CB60}.Release|Win32.ActiveCfg = Release|Win32
		{6D766893-676D-4222-6547-A75378F2CB60}.Release|Win32.Build.0 = Release|Win32
		{6D766893-676D-4222-6547-A75378F2CB60}.ReleaseDll|Win32.ActiveCfg = ReleaseDll|Win32
		{6D766893-676D-4222-6547-A75378F2CB60}.ReleaseDll|Win32.Build.0 = ReleaseDll|Win32
		{6D766893-676D-4222-6547-A75378F2CB60}.ReleaseDoublePrecision|Win32.ActiveCfg = ReleaseDoublePrecision|Win32
		{6D766893-676D-4222-6547-A75378F2CB60}.ReleaseDoublePrecision|Win32.Build.0 = ReleaseDoublePrecision|Win32
		{6ADA430D-009C-2ED4-A787-2AC2D6FEB8CE}.Debug|Win32.ActiveCfg = Debug|Win32
		{6ADA430D-009C-2ED4-A787-2AC2D6FEB8CE}.Debug|Win32.Build.0 = Debug|Win32
		{6ADA430D-009C-2ED4-A787-2AC2D6FEB8CE}.DebugDll|Win32.ActiveCfg = DebugDll|Win32
		{6ADA430D-009C-2ED4-A787-2AC2D6FEB8CE}.DebugDll|Win32.Build.0 = DebugDll|Win32
		{6ADA430D-009C-2ED4-A787-2AC2D6FEB8CE}.DebugDoublePrecision|Win32.ActiveCfg = DebugDoublePrecision|Win32
		{6ADA430D-009C-2ED4-A787-2AC2D6FEB8CE}.DebugDoublePrecision|Win32.Build.0 = DebugDoublePrecision|Win32
		{6ADA430D-009C-2ED4-A787-2AC2D6FEB8CE}.Release|Win32.ActiveCfg = Release|Win32
		{6ADA430D-009C-2ED4-A787-2AC2D6FEB8CE}.Release|Win32.Build.0 = Release|Win32
		{6ADA430D-009C-2ED4-A787-2AC2D6FEB8CE}.ReleaseDll|Win32.ActiveCfg = ReleaseDll|Win32
		{6ADA430D-009C-2ED4-A787-2AC2D6FEB8CE}.ReleaseDll|Win32.Build.0 = ReleaseDll|Win32
		{6ADA430D-009C-2ED4-A787-2AC2D6FEB8CE}.ReleaseDoublePrecision|Win32.ActiveCfg = ReleaseDoublePrecision|Win32
		{6ADA430D-009C-2ED4-A787-2AC2D6FEB8CE}.ReleaseDoublePrecision|Win32.Build.0 = ReleaseDoublePrecision|Win32
		{61BD1097-CF2E-B296-DAA9-73A6FE135319}.Debug|Win32.ActiveCfg = Debug|Win32
		{61BD1097-CF2E-B296-DAA9-73A6FE135319}.Debug|Win32.Build.0 = Debug|Win32
		{61BD1097-CF2E-B296-DAA9-73A6FE135319}.DebugDll|Win32.ActiveCfg = DebugDll|Win32
		{61BD1097-CF2E-B296-DAA9-73A6FE135319}.DebugDll|Win32.Build.0 = DebugDll|Win32
		{61BD1097-CF2E-B296-DAA9-73A6FE135319}.DebugDoublePrecision|Win32.ActiveCfg = DebugDoublePrecision|Win32
		{61BD1097-CF2E-B296-DAA9-73A6FE135319}.DebugDoublePrecision|Win32.Build.0 = DebugDoublePrecision|Win32
		{61BD1097-CF2E-B296-DAA9-73A6FE135319}.Release|Win32.ActiveCfg = Release|Win32
		{61BD1097-CF2E-B296-DAA9-73A6FE135319}.Release|Win32.Build.0 = Release|Win32
		{61BD1097-CF2E-B296-DAA9-73A6FE135319}.ReleaseDll|Win32.ActiveCfg = ReleaseDll|Win32
		{61BD1097-CF2E-B296-DAA9-73A6FE135319}.ReleaseDll|Win32.Build.0 = ReleaseDll|Win32
		{61BD1097-CF2E-B296-DAA9-73A6FE135319}.ReleaseDoublePrecision|Win32.ActiveCfg = ReleaseDoublePrecision|Win32
		{61BD1097-CF2E-B296-DAA9-73A6FE135319}.ReleaseDoublePrecision|Win32.Build.0 = ReleaseDoublePrecision|Win32
		{7D6E339F-9C2C-31DA-FDB0-5EE50973CF2A}.Debug|Win32.ActiveCfg = Debug|Win32
		{7D6E339F-9C2C-31DA-FDB0-5EE50973CF2A}.Debug|Win32.Build.0 = Debug|Win32
		{7D6E339F-9C2C-31DA-FDB0-5EE50973CF2A}.DebugDll|Win32.ActiveCfg = DebugDll|Win32
		{7D6E339F-9C2C-31DA-FDB0-5EE50973CF2A}.DebugDll|Win32.Build.0 = DebugDll|Win32
		{7D6E339F-9C2C-31DA-FDB0-5EE50973CF2A}.DebugDoublePrecision|Win32.ActiveCfg = DebugDoublePrecision|Win32
		{7D6E339F-9C2C-31DA-FDB0-5EE50973CF2A}.DebugDoublePrecision|Win32.Build.0 = DebugDoublePrecision|Win32
		{7D6E339F-9C2C-31DA-FDB0-5EE50973CF2A}.Release|Win32.ActiveCfg = Release|Win32
		{7D6E339F-9C2C-31DA-FDB0-5EE50973CF2A}.Release|Win32.Build.0 = Release|Win32
		{7D6E339F-9C2C-31DA-FDB0-5EE50973CF2A}.ReleaseDll|Win32.ActiveCfg = ReleaseDll|Win32
		{7D6E339F-9C2C-31DA-FDB0-5EE50973CF2A}.ReleaseDll|Win32.Build.0 = ReleaseDll|Win32
		{7D6E339F-9C2C-31DA-FDB0-5EE50973CF2A}.ReleaseDoublePrecision|Win32.ActiveCfg = ReleaseDoublePrecision|Win32
		{7D6E339F-9C2C-31DA-FDB0-5EE50973CF2A}.ReleaseDoublePrecision|Win32.Build.0 = ReleaseDoublePrecision|Win32
		{A24D77FD-D69A-75A0-A7DC-730894C9D0F7}.Debug|Win32.ActiveCfg = Debug|Win32
		{A24D77FD-D69A-75A0-A7DC-730894C9D0F7}.Debug|Win32.Build.0 = Debug|Win32
		{A24D77FD-D69A-75A0-A7DC-730894C9D0F7}.DebugDll|Win32.ActiveCfg = DebugDll|Win32
		{A24D77FD-D69A-75A0-A7DC-730894C9D0F7}.DebugDll|Win32.Build.0 = DebugDll|Win32
		{A24D77FD-D69A-75A0-A7DC-730894C9D0F7}.DebugDoublePrecision|Win32.ActiveCfg = DebugDoublePrecision|Win32
		{A24D77FD-D69A-75A0-A7DC-730894C9D0F7}.DebugDoublePrecision|Win32.Build.0 = DebugDoublePrecision|Win32
		{A24D77FD-D69A-75A0-A7DC-730894C9D0F7}.Release|Win32.ActiveCfg = Release|Win32
		{A24D77FD-D69A-75A0-A7DC-730894C9D0F7}.Release|Win32.Build.0 = Release|Win32
		{A24D77FD-D69A-75A0-A7DC-730894C9D0F7}.ReleaseDll|Win32.ActiveCfg = ReleaseDll|Win32
		{A24D77FD-D69A-75A0-A7DC-730894C9D0F7}.ReleaseDll|Win32.Build.0 = ReleaseDll|Win32
		{A24D77FD-D69A-75A0-A7DC-730894C9D0F7}.ReleaseDoublePrecision|Win32.ActiveCfg = ReleaseDoublePrecision|Win32
		{A24D77FD-D69A-75A0-A7DC-730894C9D0F7}.ReleaseDoublePrecision|Win32.Build.0 = ReleaseDoublePrecision|Win32
		{7C428E76-9271-6284-20F0-9B38ED6931E3}.Debug|Win32.ActiveCfg = Debug|Win32
		{7C428E76-9271-6284-20F0-9B38ED6931E3}.Debug|Win32.Build.0 = Debug|Win32
		{7C428E76-9271-6284-20F0-9B38ED6931E3}.DebugDll|Win32.ActiveCfg = DebugDll|Win32
		{7C428E76-9271-6284-20F0-9B38ED6931E3}.DebugDll|Win32.Build.0 = DebugDll|Win32
		{7C428E76-9271-6284-20F0-9B38ED6931E3}.DebugDoublePrecision|Win32.ActiveCfg = DebugDoublePrecision|Win32
		{7C428E76-9271-6284-20F0-9B38ED6931E3}.DebugDoublePrecision|Win32.Build.0 = DebugDoublePrecision|Win32
		{7C428E76-9271-6284-20F0-9B38ED6931E3}.Release|Win32.ActiveCfg = Release|Win32
		{7C428E76-9271-6284-20F0-9B38ED6931E3}.Release|Win32.Build.0 = Release|Win32
		{7C428E76-9271-6284-20F0-9B38ED6931E3}.ReleaseDll|Win32.ActiveCfg = ReleaseDll|Win32
		{7C428E76-9271-6284-20F0-9B38ED6931E3}.ReleaseDll|Win32.Build.0 = ReleaseDll|Win32
		{7C428E76-9271-6284-20F0-9B38ED6931E3}.ReleaseDoublePrecision|Win32.ActiveCfg = ReleaseDoublePrecision|Win32
		{7C428E76-9271-6284-20F0-9B38ED6931E3}.ReleaseDoublePrecision|Win32.Build.0 = ReleaseDoublePrecision|Win32
		{C04EA8AC-D96C-0E1F-0823-094C1010F087}.Debug|Win32.ActiveCfg = Debug|Win32
		{C04EA8AC-D96C-0E1F-0823-094C1010F087}.Debug|Win32.Build.0 = Debug|Win32
		{C04EA8AC-D96C-0E1F-0823-094C1010F087}.DebugDll|Win32.ActiveCfg = DebugDll|Win32
		{C04EA8AC-D96C-0E1F-0823-094C1010F087}.DebugDll|Win32.Build.0 = DebugDll|Win32
		{C04EA8AC-D96C-0E1F-0823-094C1010F087}.DebugDoublePrecision|Win32.ActiveCfg = DebugDoublePrecision|Win32
		{C04EA8AC-D96C-0E1F-0823-094C1010F087}.DebugDoublePrecision|Win32.Build.0 = DebugDoublePrecision|Win32
		{C04EA8AC-D96C-0E1F-0823-094C1010F087}.Release|Win32.ActiveCfg = Release|Win32
		{C04EA8AC-D96C-0E1F-0823-094C1010F087}.Release|Win32.Build.0 = Release|Win32
		{C04EA8AC-D96C-0E1F-0823-094C1010F087}.ReleaseDll|Win32.ActiveCfg = ReleaseDll|Win32
		{C04EA8AC-D96C-0E1F-0823-094C1010F087}.ReleaseDll|Win32.Build.0 = ReleaseDll|Win32
		{C04EA8AC-D96C-0E1F-0823-094C1010F087}.ReleaseDoublePrecision|Win32.ActiveCfg = ReleaseDoublePrecision|Win32
		{C04EA8AC-D96C-0E1F-0823-094C1010F087}.ReleaseDoublePrecision|Win32.Build.0 = ReleaseDoublePrecision|Win32
		{4C2FFB50-DB83-4FFE-8D66-AAF03E4A7029}.Debug|Win32.ActiveCfg = Debug|Win32
		{4C2FFB50-DB83-4FFE-8D66-AAF03E4A7029}.Debug|Win32.Build.0 = Debug|Win32
		{4C2FFB50-DB83-4FFE-8D66-AAF03E4A7029}.DebugDll|Win32.ActiveCfg = DebugDll|Win32
		{4C2FFB50-DB83-4FFE-8D66-AAF03E4A7029}.DebugDll|Win32.Build.0 = DebugDll|Win32
		{4C2FFB50-DB83-4FFE-8D66-AAF03E4A7029}.DebugDoublePrecision|Win32.ActiveCfg = DebugDoublePrecision|Win32
		{4C2FFB50-DB83-4FFE-8D66-AAF03E4A7029}.DebugDoublePrecision|Win32.Build.0 = DebugDoublePrecision|Win32
		{4C2FFB50-DB83-4FFE-8D66-AAF03E4A7029}.Release|Win32.ActiveCfg = Release|Win32
		{4C2FFB50-DB83-4FFE-8D66-AAF03E4A7029}.Release|Win32.Build.0 = Release|Win32
		{4C2FFB50-DB83-4FFE-8D66-AAF03E4A7029}.ReleaseDll|Win32.ActiveCfg = ReleaseDll|Win32
		{4C2FFB50-DB83-4FFE-8D66-AAF03E4A7029}.ReleaseDll|Win32.Build.0 = ReleaseDll|Win32
		{4C2FFB50-DB83-4FFE-8D66-AAF03E4A7029}.ReleaseDoublePrecision|Win32.ActiveCfg = ReleaseDoublePrecision|Win32
		{4C2FFB50-DB83-4FFE-8D66-AAF03E4A7029}.ReleaseDoublePrecision|Win32.Build.0 = ReleaseDoublePrecision|Win32
		{381F6312-944A-4E9F-BE52-FEF21225EB81}.Debug|Win32.ActiveCfg = Debug|Win32
		{381F6312-944A-4E9F-BE52-FEF21225EB81}.Debug|Win32.Build.0 = Debug|Win32
		{381F6312-944A-4E9F-BE52-FEF21225EB81}.DebugDll|Win32.ActiveCfg = DebugDll|Win32
		{381F6312-944A-4E9F-BE52-FEF21225EB81}.DebugDll|Win32.Build.0 = DebugDll|Win32
		{381F6312-944A-4E9F-BE52-FEF21225EB81}.DebugDoublePrecision|Win32.ActiveCfg = DebugDoublePrecision|Win32
		{381F6312-944A-4E9F-BE52-FEF21225EB81}.DebugDoublePrecision|Win32.Build.0 = DebugDoublePrecision|Win32
		{381F6312-944A-4E9F-BE52-FEF21225EB81}.Release|Win32.ActiveCfg = Release|Win32
		{381F6312-944A-4E9F-BE52-FEF21225EB81}.Release|Win32.Build.0 = Release|Win32
		{381F6312-944A-4E9F-BE52-FEF21225EB81}.ReleaseDll|Win32.ActiveCfg = ReleaseDll|Win32
		{381F6312-944A-4E9F-BE52-FEF21225EB81}.ReleaseDll|Win32.Build.0 = ReleaseDll|Win32
		{381F6312-944A-4E9F-BE52-FEF21225EB81}.ReleaseDoublePrecision|Win32.ActiveCfg = ReleaseDoublePrecision|Win32
		{381F6312-944A-4E9F-BE52-FEF21225EB81}.ReleaseDoublePrecision|Win32.Build.0 = ReleaseDoublePrecision|Win32
		{106E3D23-110E-5DD8-4A6A-D8A2250C43C9}.Debug|Win32.ActiveCfg = Debug|Win32
		{106E3D23-110E-5DD8-4A6A-D8A2250C43C9}.Debug|Win32.Build.0 = Debug|Win32
		{106E3D23-110E-5DD8-4A6A-D8A2250C43C9}.DebugDll|Win32.ActiveCfg = DebugDll|Win32
		{106E3D23-110E-5DD8-4A6A-D8A2250C43C9}.DebugDll|Win32.Build.0 = DebugDll|Win32
		{106E3D23-110E-5DD8-4A6A-D8A2250C43C9}.DebugDoublePrecision|Win32.ActiveCfg = DebugDoublePrecision|Win32
		{106E3D23-110E-5DD8-4A6A-D8A2250C43C9}.DebugDoublePrecision|Win32.Build.0 = DebugDoublePrecision|Win32
		{106E3D23-110E-5DD8-4A6A-D8A2250C43C9}.Release|Win32.ActiveCfg = Release|Win32
		{106E3D23-110E-5DD8-4A6A-D8A2250C43C9}.Release|Win32.Build.0 = Release|Win32
		{106E3D23-110E-5DD8-4A6A-D8A2250C43C9}.ReleaseDll|Win32.ActiveCfg = ReleaseDll|Win32
		{106E3D23-110E-5DD8-4A6A-D8A2250C43C9}.ReleaseDll|Win32.Build.0 = ReleaseDll|Win32
		{106E3D23-110E-5DD8-4A6A-D8A2250C43C9}.ReleaseDoublePrecision|Win32.ActiveCfg = ReleaseDoublePrecision|Win32
		{106E3D23-110E-5DD8-4A6A-D8A2250C43C9}.ReleaseDoublePrecision|Win32.Build.0 = ReleaseDoublePrecision|Win32
		{7ABF7DFE-A51E-46B9-B2AD-5B77487A6628}.Debug|Win32.ActiveCfg = Debug|Win32
		{7ABF7DFE-A51E-46B9-B2AD-5B77487A6628}.Debug|Win32.Build.0 = Debug|Win32
		{7ABF7DFE-A51E-46B9-B2AD-5B77487A6628}.DebugDll|Win32.ActiveCfg = DebugDll|Win32
		{7ABF7DFE-A51E-46B9-B2AD-5B77487A6628}.DebugDll|Win32.Build.0 = DebugDll|Win32
		{7ABF7DFE-A51E-46B9-B2AD-5B77487A6628}.DebugDoublePrecision|Win32.ActiveCfg = DebugDoublePrecision|Win32
		{7ABF7DFE-A51E-46B9-B2AD-5B77487A6628}.DebugDoublePrecision|Win32.Build.0 = DebugDoublePrecision|Win32
		{7ABF7DFE-A51E-46B9-B2AD-5B77487A6628}.Release|Win32.ActiveCfg = Release|Win32
		{7ABF7DFE-A51E-46B9-B2AD-5B77487A6628}.Release|Win32.Build.0 = Release|Win32
		{7ABF7DFE-A51E-46B9-B2AD-5B77487A6628}.ReleaseDll|Win32.ActiveCfg = ReleaseDll|Win32
		{7ABF7DFE-A51E-46B9-B2AD-5B77487A6628}.ReleaseDll|Win32.Build.0 = ReleaseDll|Win32
		{7ABF7DFE-A51E-46B9-B2AD-5B77487A6628}.ReleaseDoublePrecision|Win32.ActiveCfg = ReleaseDoublePrecision|Win32
		{7ABF7DFE-A51E-46B9-B2AD-5B77487A6628}.ReleaseDoublePrecision|Win32.Build.0 = ReleaseDoublePrecision|Win32
		{3578834A-4B06-DE6F-78AC-FE11F7226D35}.Debug|Win32.ActiveCfg = Debug|Win32
		{3578834A-4B06-DE6F-78AC-FE11F7226D35}.Debug|Win32.Build.0 = Debug|Win32
		{3578834A-4B06-DE6F-78AC-FE11F7226D35}.DebugDll|Win32.ActiveCfg = DebugDll|Win32
		{3578834A-4B06-DE6F-78AC-FE11F7226D35}.DebugDll|Win32.Build.0 = DebugDll|Win32
		{3578834A-4B06-DE6F-78AC-FE11F7226D35}.DebugDoublePrecision|Win32.ActiveCfg = DebugDoublePrecision|Win32
		{3578834A-4B06-DE6F-78AC-FE11F7226D35}.DebugDoublePrecision|Win32.Build.0 = DebugDoublePrecision|Win32
		{3578834A-4B06-DE6F-78AC-FE11F7226D35}.Release|Win32.ActiveCfg = Release|Win32
		{3578834A-4B06-DE6F-78AC-FE11F7226D35}.Release|Win32.Build.0 = Release|Win32
		{3578834A-4B06-DE6F-78AC-FE11F7226D35}.ReleaseDll|Win32.ActiveCfg = ReleaseDll|Win32
		{3578834A-4B06-DE6F-78AC-FE11F7226D35}.ReleaseDll|Win32.Build.0 = ReleaseDll|Win32
		{3578834A-4B06-DE6F-78AC-FE11F7226D35}.ReleaseDoublePrecision|Win32.ActiveCfg = ReleaseDoublePrecision|Win32
		{3578834A-4B06-DE6F-78AC-FE11F7226D35}.ReleaseDoublePrecision|Win32.Build.0 = ReleaseDoublePrecision|Win32
		{13FD13A1-09DA-A501-3BA1-DF3696EC33A8}.Debug|Win32.ActiveCfg = Debug|Win32
		{13FD13A1-09DA-A501-3BA1-DF3696EC33A8}.Debug|Win32.Build.0 = Debug|Win32
		{13FD13A1-09DA-A501-3BA1-DF3696EC33A8}.DebugDll|Win32.ActiveCfg = DebugDll|Win32
		{13FD13A1-09DA-A501-3BA1-DF3696EC33A8}.DebugDll|Win32.Build.0 = DebugDll|Win32
		{13FD13A1-09DA-A501-3BA1-DF3696EC33A8}.DebugDoublePrecision|Win32.ActiveCfg = DebugDoublePrecision|Win32
		{13FD13A1-09DA-A501-3BA1-DF3696EC33A8}.DebugDoublePrecision|Win32.Build.0 = DebugDoublePrecision|Win32
		{13FD13A1-09DA-A501-3BA1-DF3696EC33A8}.Release|Win32.ActiveCfg = Release|Win32
		{13FD13A1-09DA-A501-3BA1-DF3696EC33A8}.Release|Win32.Build.0 = Release|Win32
		{13FD13A1-09DA-A501-3BA1-DF3696EC33A8}.ReleaseDll|Win32.ActiveCfg = ReleaseDll|Win32
		{13FD13A1-09DA-A501-3BA1-DF3696EC33A8}.ReleaseDll|Win32.Build.0 = ReleaseDll|Win32
		{13FD13A1-09DA-A501-3BA1-DF3696EC33A8}.ReleaseDoublePrecision|Win32.ActiveCfg = ReleaseDoublePrecision|Win32
		{13FD13A1-09DA-A501-3BA1-DF3696EC33A8}.ReleaseDoublePrecision|Win32.Build.0 = ReleaseDoublePrecision|Win32
		{B30C20D9-460A-5221-0903-2A5A3CA8470F}.Debug|Win32.ActiveCfg = Debug|Win32
		{B30C20D9-460A-5221-0903-2A5A3CA8470F}.Debug|Win32.Build.0 = Debug|Win32
		{B30C20D9-460A-5221-0903-2A5A3CA8470F}.DebugDll|Win32.ActiveCfg = DebugDll|Win32
		{B30C20D9-460A-5221-0903-2A5A3CA8470F}.DebugDll|Win32.Build.0 = DebugDll|Win32
		{B30C20D9-460A-5221-0903-2A5A3CA8470F}.DebugDoublePrecision|Win32.ActiveCfg = DebugDoublePrecision|Win32
		{B30C20D9-460A-5221-0903-2A5A3CA8470F}.DebugDoublePrecision|Win32.Build.0 = DebugDoublePrecision|Win32
		{B30C20D9-460A-5221-0903-2A5A3CA8470F}.Release|Win32.ActiveCfg = Release|Win32
		{B30C20D9-460A-5221-0903-2A5A3CA8470F}.Release|Win32.Build.0 = Release|Win32
		{B30C20D9-460A-5221-0903-2A5A3CA8470F}.ReleaseDll|Win32.ActiveCfg = ReleaseDll|Win32
		{B30C20D9-460A-5221-0903-2A5A3CA8470F}.ReleaseDll|Win32.Build.0 = ReleaseDll|Win32
		{B30C20D9-460A-5221-0903-2A5A3CA8470F}.ReleaseDoublePrecision|Win32.ActiveCfg = ReleaseDoublePrecision|Win32
		{B30C20D9-460A-5221-0903-2A5A3CA8470F}.ReleaseDoublePrecision|Win32.Build.0 = ReleaseDoublePrecision|Win32
		{ECF7A654-1D72-48FC-A552-E8AC7CD8948A}.Debug|Win32.ActiveCfg = Debug|Win32
		{ECF7A654-1D72-48FC-A552-E8AC7CD8948A}.Debug|Win32.Build.0 = Debug|Win32
		{ECF7A654-1D72-48FC-A552-E8AC7CD8948A}.DebugDll|Win32.ActiveCfg = DebugDll|Win32
		{ECF7A654-1D72-48FC-A552-E8AC7CD8948A}.DebugDll|Win32.Build.0 = DebugDll|Win32
		{ECF7A654-1D72-48FC-A552-E8AC7CD8948A}.DebugDoublePrecision|Win32.ActiveCfg = DebugDoublePrecision|Win32
		{ECF7A654-1D72-48FC-A552-E8AC7CD8948A}.DebugDoublePrecision|Win32.Build.0 = DebugDoublePrecision|Win32
		{ECF7A654-1D72-48FC-A552-E8AC7CD8948A}.Release|Win32.ActiveCfg = Release|Win32
		{ECF7A654-1D72-48FC-A552-E8AC7CD8948A}.Release|Win32.Build.0 = Release|Win32
		{ECF7A654-1D72-48FC-A552-E8AC7CD8948A}.ReleaseDll|Win32.ActiveCfg = ReleaseDll|Win32
		{ECF7A654-1D72-48FC-A552-E8AC7CD8948A}.ReleaseDll|Win32.Build.0 = ReleaseDll|Win32
		{ECF7A654-1D72-48FC-A552-E8AC7CD8948A}.ReleaseDoublePrecision|Win32.ActiveCfg = ReleaseDoublePrecision|Win32
		{ECF7A654-1D72-48FC-A552-E8AC7CD8948A}.ReleaseDoublePrecision|Win32.Build.0 = ReleaseDoublePrecision|Win32
		{06B487E6-ECC2-46AD-A43E-29B016F4FDBF}.Debug|Win32.ActiveCfg = Debug|Win32
		{06B487E6-ECC2-46AD-A43E-29B016F4FDBF}.Debug|Win32.Build.0 = Debug|Win32
		{06B487E6-ECC2-46AD-A43E-29B016F4FDBF}.DebugDll|Win32.ActiveCfg = Debug|Win32
		{06B487E6-ECC2-46AD-A43E-29B016F4FDBF}.DebugDll|Win32.Build.0 = Debug|Win32
		{06B487E6-ECC2-46AD-A43E-29B016F4FDBF}.DebugDoublePrecision|Win32.ActiveCfg = Debug|Win32
		{06B487E6-ECC2-46AD-A43E-29B016F4FDBF}.DebugDoublePrecision|Win32.Build.0 = Debug|Win32
		{06B487E6-ECC2-46AD-A43E-29B016F4FDBF}.Release|Win32.ActiveCfg = Release|Win32
		{06B487E6-ECC2-46AD-A43E-29B016F4FDBF}.Release|Win32.Build.0 = Release|Win32
		{06B487E6-ECC2-46AD-A43E-29B016F4FDBF}.ReleaseDll|Win32.ActiveCfg = Release|Win32
		{06B487E6-ECC2-46AD-A43E-29B016F4FDBF}.ReleaseDll|Win32.Build.0 = Release|Win32
		{06B487E6-ECC2-46AD-A43E-29B016F4FDBF}.ReleaseDoublePrecision|Win32.ActiveCfg = Release|Win32
		{06B487E6-ECC2-46AD-A43E-29B016F4FDBF}.ReleaseDoublePrecision|Win32.Build.0 = Release|Win32
		{F14C1B61-705E-402F-9C4A-2568ECD28ADE}.Debug|Win32.ActiveCfg = Debug|Win32
		{F14C1B61-705E-402F-9C4A-2568ECD28ADE}.Debug|Win32.Build.0 = Debug|Win32
		{F14C1B61-705E-402F-9C4A-2568ECD28ADE}.DebugDll|Win32.ActiveCfg = DebugDll|Win32
		{F14C1B61-705E-402F-9C4A-2568ECD28ADE}.DebugDll|Win32.Build.0 = DebugDll|Win32
		{F14C1B61-705E-402F-9C4A-2568ECD28ADE}.DebugDoublePrecision|Win32.ActiveCfg = DebugDoublePrecision|Win32
		{F14C1B61-705E-402F-9C4A-2568ECD28ADE}.DebugDoublePrecision|Win32.Build.0 = DebugDoublePrecision|Win32
		{F14C1B61-705E-402F-9C4A-2568ECD28ADE}.Release|Win32.ActiveCfg = Release|Win32
		{F14C1B61-705E-402F-9C4A-2568ECD28ADE}.Release|Win32.Build.0 = Release|Win32
		{F14C1B61-705E-402F-9C4A-2568ECD28ADE}.ReleaseDll|Win32.ActiveCfg = ReleaseDll|Win32
		{F14C1B61-705E-402F-9C4A-2568ECD28ADE}.ReleaseDll|Win32.Build.0 = ReleaseDll|Win32
		{F14C1B61-705E-402F-9C4A-2568ECD28ADE}.ReleaseDoublePrecision|Win32.ActiveCfg = ReleaseDoublePrecision|Win32
		{F14C1B61-705E-402F-9C4A-2568ECD28ADE}.ReleaseDoublePrecision|Win32.Build.0 = ReleaseDoublePrecision|Win32
		{605DE81B-A9C8-43D5-9638-7EDA9F35F143}.Debug|Win32.ActiveCfg = Debug|Win32
		{605DE81B-A9C8-43D5-9638-7EDA9F35F143}.Debug|Win32.Build.0 = Debug|Win32
		{605DE81B-A9C8-43D5-9638-7EDA9F35F143}.DebugDll|Win32.ActiveCfg = DebugDll|Win32
		{605DE81B-A9C8-43D5-9638-7EDA9F35F143}.DebugDll|Win32.Build.0 = DebugDll|Win32
		{605DE81B-A9C8-43D5-9638-7EDA9F35F143}.DebugDoublePrecision|Win32.ActiveCfg = DebugDoublePrecision|Win32
		{605DE81B-A9C8-43D5-9638-7EDA9F35F143}.DebugDoublePrecision|Win32.Build.0 = DebugDoublePrecision|Win32
		{605DE81B-A9C8-43D5-9638-7EDA9F35F143}.Release|Win32.ActiveCfg = Release|Win32
		{605DE81B-A9C8-43D5-9638-7EDA9F35F143}.Release|Win32.Build.0 = Release|Win32
		{605DE81B-A9C8-43D5-9638-7EDA9F35F143}.ReleaseDll|Win32.ActiveCfg = ReleaseDll|Win32
		{605DE81B-A9C8-43D5-9638-7EDA9F35F143}.ReleaseDll|Win32.Build.0 = ReleaseDll|Win32
		{605DE81B-A9C8-43D5-9638-7EDA9F35F143}.ReleaseDoublePrecision|Win32.ActiveCfg = ReleaseDoublePrecision|Win32
		{605DE81B-A9C8-43D5-9638-7EDA9F35F143}.ReleaseDoublePrecision|Win32.Build.0 = ReleaseDoublePrecision|Win32
		{5513FBFF-62E4-4AD1-A8AC-F4E9385E171A}.Debug|Win32.ActiveCfg = Debug|Win32
		{5513FBFF-62E4-4AD1-A8AC-F4E9385E171A}.Debug|Win32.Build.0 = Debug|Win32
		{5513FBFF-62E4-4AD1-A8AC-F4E9385E171A}.DebugDll|Win32.ActiveCfg = DebugDll|Win32
		{5513FBFF-62E4-4AD1-A8AC-F4E9385E171A}.DebugDll|Win32.Build.0 = DebugDll|Win32
		{5513FBFF-62E4-4AD1-A8AC-F4E9385E171A}.DebugDoublePrecision|Win32.ActiveCfg = DebugDoublePrecision|Win32
		{5513FBFF-62E4-4AD1-A8AC-F4E9385E171A}.DebugDoublePrecision|Win32.Build.0 = DebugDoublePrecision|Win32
		{5513FBFF-62E4-4AD1-A8AC-F4E9385E171A}.Release|Win32.ActiveCfg = Release|Win32
		{5513FBFF-62E4-4AD1-A8AC-F4E9385E171A}.Release|Win32.Build.0 = Release|Win32
		{5513FBFF-62E4-4AD1-A8AC-F4E9385E171A}.ReleaseDll|Win32.ActiveCfg = ReleaseDll|Win32
		{5513FBFF-62E4-4AD1-A8AC-F4E9385E171A}.ReleaseDll|Win32.Build.0 = ReleaseDll|Win32
		{5513FBFF-62E4-4AD1-A8AC-F4E9385E171A}.ReleaseDoublePrecision|Win32.ActiveCfg = ReleaseDoublePrecision|Win32
		{5513FBFF-62E4-4AD1-A8AC-F4E9385E171A}.ReleaseDoublePrecision|Win32.Build.0 = ReleaseDoublePrecision|Win32
		{A1F66D86-775E-4BB8-85DD-629F29D17317}.Debug|Win32.ActiveCfg = Debug|Win32
		{A1F66D86-775E-4BB8-85DD-629F29D17317}.Debug|Win32.Build.0 = Debug|Win32
		{A1F66D86-775E-4BB8-85DD-629F29D17317}.DebugDll|Win32.ActiveCfg = Debug|Win32
		{A1F66D86-775E-4BB8-85DD-629F29D17317}.DebugDll|Win32.Build.0 = Debug|Win32
		{A1F66D86-775E-4BB8-85DD-629F29D17317}.DebugDoublePrecision|Win32.ActiveCfg = Debug|Win32
		{A1F66D86-775E-4BB8-85DD-629F29D17317}.DebugDoublePrecision|Win32.Build.0 = Debug|Win32
		{A1F66D86-775E-4BB8-85DD-629F29D17317}.Release|Win32.ActiveCfg = Release|Win32
		{A1F66D86-775E-4BB8-85DD-629F29D17317}.Release|Win32.Build.0 = Release|Win32
		{A1F66D86-775E-4BB8-85DD-629F29D17317}.ReleaseDll|Win32.ActiveCfg = Release|Win32
		{A1F66D86-775E-4BB8-85DD-629F29D17317}.ReleaseDll|Win32.Build.0 = Release|Win32
		{A1F66D86-775E-4BB8-85DD-629F29D17317}.ReleaseDoublePrecision|Win32.ActiveCfg = Release|Win32
		{A1F66D86-775E-4BB8-85DD-629F29D17317}.ReleaseDoublePrecision|Win32.Build.0 = Release|Win32
		{92943C84-7E13-4289-ACDB-15DADE44A379}.Debug|Win32.ActiveCfg = Debug|Win32
		{92943C84-7E13-4289-ACDB-15DADE44A379}.Debug|Win32.Build.0 = Debug|Win32
		{92943C84-7E13-4289-ACDB-15DADE44A379}.DebugDll|Win32.ActiveCfg = Debug|Win32
		{92943C84-7E13-4289-ACDB-15DADE44A379}.DebugDll|Win32.Build.0 = Debug|Win32
		{92943C84-7E13-4289-ACDB-15DADE44A379}.DebugDoublePrecision|Win32.ActiveCfg = Debug|Win32
		{92943C84-7E13-4289-ACDB-15DADE44A379}.DebugDoublePrecision|Win32.Build.0 = Debug|Win32
		{92943C84-7E13-4289-ACDB-15DADE44A379}.Release|Win32.ActiveCfg = Release|Win32
		{92943C84-7E13-4289-ACDB-15DADE44A379}.Release|Win32.Build.0 = Release|Win32
		{92943C84-7E13-4289-ACDB-15DADE44A379}.ReleaseDll|Win32.ActiveCfg = Release|Win32
		{92943C84-7E13-4289-ACDB-15DADE44A379}.ReleaseDll|Win32.Build.0 = Release|Win32
		{92943C84-7E13-4289-ACDB-15DADE44A379}.ReleaseDoublePrecision|Win32.ActiveCfg = Release|Win32
		{92943C84-7E13-4289-ACDB-15DADE44A379}.ReleaseDoublePrecision|Win32.Build.0 = Release|Win32
		{63313678-77E7-4302-9953-0EC960A67F1C}.Debug|Win32.ActiveCfg = Debug|Win32
		{63313678-77E7-4302-9953-0EC960A67F1C}.Debug|Win32.Build.0 = Debug|Win32
		{63313678-77E7-4302-9953-0EC960A67F1C}.DebugDll|Win32.ActiveCfg = Debug|Win32
		{63313678-77E7-4302-9953-0EC960A67F1C}.DebugDll|Win32.Build.0 = Debug|Win32
		{63313678-77E7-4302-9953-0EC960A67F1C}.DebugDoublePrecision|Win32.ActiveCfg = Debug|Win32
		{63313678-77E7-4302-9953-0EC960A67F1C}.DebugDoublePrecision|Win32.Build.0 = Debug|Win32
		{63313678-77E7-4302-9953-0EC960A67F1C}.Release|Win32.ActiveCfg = Release|Win32
		{63313678-77E7-4302-9953-0EC960A67F1C}.Release|Win32.Build.0 = Release|Win32
		{63313678-77E7-4302-9953-0EC960A67F1C}.ReleaseDll|Win32.ActiveCfg = Release|Win32
		{63313678-77E7-4302-9953-0EC960A67F1C}.ReleaseDll|Win32.Build.0 = Release|Win32
		{63313678-77E7-4302-9953-0EC960A67F1C}.ReleaseDoublePrecision|Win32.ActiveCfg = Release|Win32
		{63313678-77E7-4302-9953-0EC960A67F1C}.ReleaseDoublePrecision|Win32.Build.0 = Release|Win32
		{7C443543-26CC-4ED1-84E3-62F22C4029B1}.Debug|Win32.ActiveCfg = Debug|Win32
		{7C443543-26CC-4ED1-84E3-62F22C4029B1}.Debug|Win32.Build.0 = Debug|Win32
		{7C443543-26CC-4ED1-84E3-62F22C4029B1}.DebugDll|Win32.ActiveCfg = DebugDll|Win32
		{7C443543-26CC-4ED1-84E3-62F22C4029B1}.DebugDll|Win32.Build.0 = DebugDll|Win32
		{7C443543-26CC-4ED1-84E3-62F22C4029B1}.DebugDoublePrecision|Win32.ActiveCfg = DebugDoublePrecision|Win32
		{7C443543-26CC-4ED1-84E3-62F22C4029B1}.DebugDoublePrecision|Win32.Build.0 = DebugDoublePrecision|Win32
		{7C443543-26CC-4ED1-84E3-62F22C4029B1}.Release|Win32.ActiveCfg = Release|Win32
		{7C443543-26CC-4ED1-84E3-62F22C4029B1}.Release|Win32.Build.0 = Release|Win32
		{7C443543-26CC-4ED1-84E3-62F22C4029B1}.ReleaseDll|Win32.ActiveCfg = ReleaseDll|Win32
		{7C443543-26CC-4ED1-84E3-62F22C4029B1}.ReleaseDll|Win32.Build.0 = ReleaseDll|Win32
		{7C443543-26CC-4ED1-84E3-62F22C4029B1}.ReleaseDoublePrecision|Win32.ActiveCfg = ReleaseDoublePrecision|Win32
		{7C443543-26CC-4ED1-84E3-62F22C4029B1}.ReleaseDoublePrecision|Win32.Build.0 = ReleaseDoublePrecision|Win32
		{B5982F82-30EF-48D2-8CB5-0D87C05E4899}.Debug|Win32.ActiveCfg = Debug|Win32
		{B5982F82-30EF-48D2-8CB5-0D87C05E4899}.Debug|Win32.Build.0 = Debug|Win32
		{B5982F82-30EF-48D2-8CB5-0D87C05E4899}.DebugDll|Win32.ActiveCfg = DebugDll|Win32
		{B5982F82-30EF-48D2-8CB5-0D87C05E4899}.DebugDll|Win32.Build.0 = DebugDll|Win32
		{B5982F82-30EF-48D2-8CB5-0D87C05E4899}.DebugDoublePrecision|Win32.ActiveCfg = DebugDoublePrecision|Win32
		{B5982F82-30EF-48D2-8CB5-0D87C05E4899}.DebugDoublePrecision|Win32.Build.0 = DebugDoublePrecision|Win32
		{B5982F82-30EF-48D2-8CB5-0D87C05E4899}.Release|Win32.ActiveCfg = Release|Win32
		{B5982F82-30EF-48D2-8CB5-0D87C05E4899}.Release|Win32.Build.0 = Release|Win32
		{B5982F82-30EF-48D2-8CB5-0D87C05E4899}.ReleaseDll|Win32.ActiveCfg = ReleaseDll|Win32
		{B5982F82-30EF-48D2-8CB5-0D87C05E4899}.ReleaseDll|Win32.Build.0 = ReleaseDll|Win32
		{B5982F82-30EF-48D2-8CB5-0D87C05E4899}.ReleaseDoublePrecision|Win32.ActiveCfg = ReleaseDoublePrecision|Win32
		{B5982F82-30EF-48D2-8CB5-0D87C05E4899}.ReleaseDoublePrecision|Win32.Build.0 = ReleaseDoublePrecision|Win32
		{E4AC19EA-4C79-48D1-844E-EE532BBD3660}.Debug|Win32.ActiveCfg = Debug|Win32
		{E4AC19EA-4C79-48D1-844E-EE532BBD3660}.Debug|Win32.Build.0 = Debug|Win32
		{E4AC19EA-4C79-48D1-844E-EE532BBD3660}.DebugDll|Win32.ActiveCfg = DebugDll|Win32
		{E4AC19EA-4C79-48D1-844E-EE532BBD3660}.DebugDll|Win32.Build.0 = DebugDll|Win32
		{E4AC19EA-4C79-48D1-844E-EE532BBD3660}.DebugDoublePrecision|Win32.ActiveCfg = DebugDoublePrecision|Win32
		{E4AC19EA-4C79-48D1-844E-EE532BBD3660}.DebugDoublePrecision|Win32.Build.0 = DebugDoublePrecision|Win32
		{E4AC19EA-4C79-48D1-844E-EE532BBD3660}.Release|Win32.ActiveCfg = Release|Win32
		{E4AC19EA-4C79-48D1-844E-EE532BBD3660}.Release|Win32.Build.0 = Release|Win32
		{E4AC19EA-4C79-48D1-844E-EE532BBD3660}.ReleaseDll|Win32.ActiveCfg = ReleaseDll|Win32
		{E4AC19EA-4C79-48D1-844E-EE532BBD3660}.ReleaseDll|Win32.Build.0 = ReleaseDll|Win32
		{E4AC19EA-4C79-48D1-844E-EE532BBD3660}.ReleaseDoublePrecision|Win32.ActiveCfg = ReleaseDoublePrecision|Win32
		{E4AC19EA-4C79-48D1-844E-EE532BBD3660}.ReleaseDoublePrecision|Win32.Build.0 = ReleaseDoublePrecision|Win32
		{2E2AB6F1-E86C-4754-A151-A0FF0611D0AC}.Debug|Win32.ActiveCfg = Debug|Win32
		{2E2AB6F1-E86C-4754-A151-A0FF0611D0AC}.Debug|Win32.Build.0 = Debug|Win32
		{2E2AB6F1-E86C-4754-A151-A0FF0611D0AC}.DebugDll|Win32.ActiveCfg = Debug|Win32
		{2E2AB6F1-E86C-4754-A151-A0FF0611D0AC}.DebugDll|Win32.Build.0 = Debug|Win32
		{2E2AB6F1-E86C-4754-A151-A0FF0611D0AC}.DebugDoublePrecision|Win32.ActiveCfg = Debug|Win32
		{2E2AB6F1-E86C-4754-A151-A0FF0611D0AC}.DebugDoublePrecision|Win32.Build.0 = Debug|Win32
		{2E2AB6F1-E86C-4754-A151-A0FF0611D0AC}.Release|Win32.ActiveCfg = Release|Win32
		{2E2AB6F1-E86C-4754-A151-A0FF0611D0AC}.Release|Win32.Build.0 = Release|Win32
		{2E2AB6F1-E86C-4754-A151-A0FF0611D0AC}.ReleaseDll|Win32.ActiveCfg = Release|Win32
		{2E2AB6F1-E86C-4754-A151-A0FF0611D0AC}.ReleaseDll|Win32.Build.0 = Release|Win32
		{2E2AB6F1-E86C-4754-A151-A0FF0611D0AC}.ReleaseDoublePrecision|Win32.ActiveCfg = Release|Win32
		{2E2AB6F1-E86C-4754-A151-A0FF0611D0AC}.ReleaseDoublePrecision|Win32.Build.0 = Release|Win32
		{896CE09A-43CD-412E-9572-9B80F57CE535}.Debug|Win32.ActiveCfg = Debug|Win32
		{896CE09A-43CD-412E-9572-9B80F57CE535}.Debug|Win32.Build.0 = Debug|Win32
		{896CE09A-43CD-412E-9572-9B80F57CE535}.DebugDll|Win32.ActiveCfg = Debug|Win32
		{896CE09A-43CD-412E-9572-9B80F57CE535}.DebugDll|Win32.Build.0 = Debug|Win32
		{896CE09A-43CD-412E-9572-9B80F57CE535}.DebugDoublePrecision|Win32.ActiveCfg = Debug|Win32
		{896CE09A-43CD-412E-9572-9B80F57CE535}.DebugDoublePrecision|Win32.Build.0 = Debug|Win32
		{896CE09A-43CD-412E-9572-9B80F57CE535}.Release|Win32.ActiveCfg = Release|Win32
		{896CE09A-43CD-412E-9572-9B80F57CE535}.Release|Win32.Build.0 = Release|Win32
		{896CE09A-43CD-412E-9572-9B80F57CE535}.ReleaseDll|Win32.ActiveCfg = Release|Win32
		{896CE09A-43CD-412E-9572-9B80F57CE535}.ReleaseDll|Win32.Build.0 = Release|Win32
		{896CE09A-43CD-412E-9572-9B80F57CE535}.ReleaseDoublePrecision|Win32.ActiveCfg = Release|Win32
		{896CE09A-43CD-412E-9572-9B80F57CE535}.ReleaseDoublePrecision|Win32.Build.0 = Release|Win32
		{29A0D611-6FE0-468F-9362-83B2B0ECF5B4}.Debug|Win32.ActiveCfg = Debug|Win32
		{29A0D611-6FE0-468F-9362-83B2B0ECF5B4}.Debug|Win32.Build.0 = Debug|Win32
		{29A0D611-6FE0-468F-9362-83B2B0ECF5B4}.DebugDll|Win32.ActiveCfg = Debug|Win32
		{29A0D611-6FE0-468F-9362-83B2B0ECF5B4}.DebugDll|Win32.Build.0 = Debug|Win32
		{29A0D611-6FE0-468F-9362-83B2B0ECF5B4}.DebugDoublePrecision|Win32.ActiveCfg = Debug|Win32
		{29A0D611-6FE0-468F-9362-83B2B0ECF5B4}.DebugDoublePrecision|Win32.Build.0 = Debug|Win32
		{29A0D611-6FE0-468F-9362-83B2B0ECF5B4}.Release|Win32.ActiveCfg = Release|Win32
		{29A0D611-6FE0-468F-9362-83B2B0ECF5B4}.Release|Win32.Build.0 = Release|Win32
		{29A0D611-6FE0-468F-9362-83B2B0ECF5B4}.ReleaseDll|Win32.ActiveCfg = Release|Win32
		{29A0D611-6FE0-468F-9362-83B2B0ECF5B4}.ReleaseDll|Win32.Build.0 = Release|Win32
		{29A0D611-6FE0-468F-9362-83B2B0ECF5B4}.ReleaseDoublePrecision|Win32.ActiveCfg = Release|Win32
		{29A0D611-6FE0-468F-9362-83B2B0ECF5B4}.ReleaseDoublePrecision|Win32.Build.0 = Release|Win32
		{7068E9C6-CC03-4E50-BC49-28DC69F40031}.Debug|Win32.ActiveCfg = Debug|Win32
		{7068E9C6-CC03-4E50-BC49-28DC69F40031}.Debug|Win32.Build.0 = Debug|Win32
		{7068E9C6-CC03-4E50-BC49-28DC69F40031}.DebugDll|Win32.ActiveCfg = Debug|Win32
		{7068E9C6-CC03-4E50-BC49-28DC69F40031}.DebugDll|Win32.Build.0 = Debug|Win32
		{7068E9C6-CC03-4E50-BC49-28DC69F40031}.DebugDoublePrecision|Win32.ActiveCfg = Debug|Win32
		{7068E9C6-CC03-4E50-BC49-28DC69F40031}.DebugDoublePrecision|Win32.Build.0 = Debug|Win32
		{7068E9C6-CC03-4E50-BC49-28DC69F40031}.Release|Win32.ActiveCfg = Release|Win32
		{7068E9C6-CC03-4E50-BC49-28DC69F40031}.Release|Win32.Build.0 = Release|Win32
		{7068E9C6-CC03-4E50-BC49-28DC69F40031}.ReleaseDll|Win32.ActiveCfg = Release|Win32
		{7068E9C6-CC03-4E50-BC49-28DC69F40031}.ReleaseDll|Win32.Build.0 = Release|Win32
		{7068E9C6-CC03-4E50-BC49-28DC69F40031}.ReleaseDoublePrecision|Win32.ActiveCfg = Release|Win32
		{7068E9C6-CC03-4E50-BC49-28DC69F40031}.ReleaseDoublePrecision|Win32.Build.0 = Release|Win32
	EndGlobalSection
	GlobalSection(SolutionProperties) = preSolution
		HideSolutionNode = FALSE
	EndGlobalSection
EndGlobal
