Microsoft Visual Studio Solution File, Format Version 10.00
# Visual C++ Express 2008
Project("{8BC9CEB8-8B4A-11D0-8D11-00A0C91BC942}") = "appMiniCL_VectorAdd_Mini", "appMiniCL_VectorAdd.vcproj", "{6D766893-676D-4222-6547-A75378F2CB60}"
	ProjectSection(ProjectDependencies) = postProject
		{7D6E339F-9C2C-31DA-FDB0-5EE50973CF2A} = {7D6E339F-9C2C-31DA-FDB0-5EE50973CF2A}
		{06B487E6-ECC2-46AD-A43E-29B016F4FDBF} = {06B487E6-ECC2-46AD-A43E-29B016F4FDBF}
		{A24D77FD-D69A-75A0-A7DC-730894C9D0F7} = {A24D77FD-D69A-75A0-A7DC-730894C9D0F7}
	EndProjectSection
EndProject
Project("{8BC9CEB8-8B4A-11D0-8D11-00A0C91BC942}") = "libbulletcollision", "libbulletcollision.vcproj", "{6ADA430D-009C-2ED4-A787-2AC2D6FEB8CE}"
EndProject
Project("{8BC9CEB8-8B4A-11D0-8D11-00A0C91BC942}") = "libbulletdynamics", "libbulletdynamics.vcproj", "{61BD1097-CF2E-B296-DAA9-73A6FE135319}"
EndProject
Project("{8BC9CEB8-8B4A-11D0-8D11-00A0C91BC942}") = "libbulletmath", "libbulletmath.vcproj", "{7D6E339F-9C2C-31DA-FDB0-5EE50973CF2A}"
EndProject
Project("{8BC9CEB8-8B4A-11D0-8D11-00A0C91BC942}") = "libbulletmultithreaded", "libbulletmultithreaded.vcproj", "{A24D77FD-D69A-75A0-A7DC-730894C9D0F7}"
EndProject
Project("{8BC9CEB8-8B4A-11D0-8D11-00A0C91BC942}") = "libbulletopenglsupport", "libbulletopenglsupport.vcproj", "{7C428E76-9271-6284-20F0-9B38ED6931E3}"
EndProject
Project("{8BC9CEB8-8B4A-11D0-8D11-00A0C91BC942}") = "libbulletsoftbody", "libbulletsoftbody.vcproj", "{C04EA8AC-D96C-0E1F-0823-094C1010F087}"
EndProject
Project("{8BC9CEB8-8B4A-11D0-8D11-00A0C91BC942}") = "appSpheresOCL_Nv", "appSpheresOCL_Nv.vcproj", "{4C2FFB50-DB83-4FFE-8D66-AAF03E4A7029}"
	ProjectSection(ProjectDependencies) = postProject
		{6ADA430D-009C-2ED4-A787-2AC2D6FEB8CE} = {6ADA430D-009C-2ED4-A787-2AC2D6FEB8CE}
		{7C428E76-9271-6284-20F0-9B38ED6931E3} = {7C428E76-9271-6284-20F0-9B38ED6931E3}
		{61BD1097-CF2E-B296-DAA9-73A6FE135319} = {61BD1097-CF2E-B296-DAA9-73A6FE135319}
		{7D6E339F-9C2C-31DA-FDB0-5EE50973CF2A} = {7D6E339F-9C2C-31DA-FDB0-5EE50973CF2A}
	EndProjectSection
EndProject
Project("{8BC9CEB8-8B4A-11D0-8D11-00A0C91BC942}") = "appSpheresOCL_Mini", "appSpheresOCL_Mini.vcproj", "{381F6312-944A-4E9F-BE52-FEF21225EB81}"
	ProjectSection(ProjectDependencies) = postProject
		{6ADA430D-009C-2ED4-A787-2AC2D6FEB8CE} = {6ADA430D-009C-2ED4-A787-2AC2D6FEB8CE}
		{7C428E76-9271-6284-20F0-9B38ED6931E3} = {7C428E76-9271-6284-20F0-9B38ED6931E3}
		{61BD1097-CF2E-B296-DAA9-73A6FE135319} = {61BD1097-CF2E-B296-DAA9-73A6FE135319}
		{7D6E339F-9C2C-31DA-FDB0-5EE50973CF2A} = {7D6E339F-9C2C-31DA-FDB0-5EE50973CF2A}
		{06B487E6-ECC2-46AD-A43E-29B016F4FDBF} = {06B487E6-ECC2-46AD-A43E-29B016F4FDBF}
		{A24D77FD-D69A-75A0-A7DC-730894C9D0F7} = {A24D77FD-D69A-75A0-A7DC-730894C9D0F7}
	EndProjectSection
EndProject
Project("{8BC9CEB8-8B4A-11D0-8D11-00A0C91BC942}") = "appSoftBodyDemo", "appSoftBodyDemo.vcproj", "{106E3D23-110E-5DD8-4A6A-D8A2250C43C9}"
	ProjectSection(ProjectDependencies) = postProject
		{6ADA430D-009C-2ED4-A787-2AC2D6FEB8CE} = {6ADA430D-009C-2ED4-A787-2AC2D6FEB8CE}
		{7C428E76-9271-6284-20F0-9B38ED6931E3} = {7C428E76-9271-6284-20F0-9B38ED6931E3}
		{61BD1097-CF2E-B296-DAA9-73A6FE135319} = {61BD1097-CF2E-B296-DAA9-73A6FE135319}
		{7D6E339F-9C2C-31DA-FDB0-5EE50973CF2A} = {7D6E339F-9C2C-31DA-FDB0-5EE50973CF2A}
		{C04EA8AC-D96C-0E1F-0823-094C1010F087} = {C04EA8AC-D96C-0E1F-0823-094C1010F087}
	EndProjectSection
EndProject
Project("{8BC9CEB8-8B4A-11D0-8D11-00A0C91BC942}") = "appSpheresOCL_AMD", "appSpheresOCL_AMD.vcproj", "{7ABF7DFE-A51E-46B9-B2AD-5B77487A6628}"
	ProjectSection(ProjectDependencies) = postProject
		{6ADA430D-009C-2ED4-A787-2AC2D6FEB8CE} = {6ADA430D-009C-2ED4-A787-2AC2D6FEB8CE}
		{7C428E76-9271-6284-20F0-9B38ED6931E3} = {7C428E76-9271-6284-20F0-9B38ED6931E3}
		{61BD1097-CF2E-B296-DAA9-73A6FE135319} = {61BD1097-CF2E-B296-DAA9-73A6FE135319}
		{7D6E339F-9C2C-31DA-FDB0-5EE50973CF2A} = {7D6E339F-9C2C-31DA-FDB0-5EE50973CF2A}
	EndProjectSection
EndProject
Project("{8BC9CEB8-8B4A-11D0-8D11-00A0C91BC942}") = "appBasicDemo", "appBasicDemo.vcproj", "{3578834A-4B06-DE6F-78AC-FE11F7226D35}"
	ProjectSection(ProjectDependencies) = postProject
		{6ADA430D-009C-2ED4-A787-2AC2D6FEB8CE} = {6ADA430D-009C-2ED4-A787-2AC2D6FEB8CE}
		{7C428E76-9271-6284-20F0-9B38ED6931E3} = {7C428E76-9271-6284-20F0-9B38ED6931E3}
		{61BD1097-CF2E-B296-DAA9-73A6FE135319} = {61BD1097-CF2E-B296-DAA9-73A6FE135319}
		{7D6E339F-9C2C-31DA-FDB0-5EE50973CF2A} = {7D6E339F-9C2C-31DA-FDB0-5EE50973CF2A}
	EndProjectSection
EndProject
Project("{8BC9CEB8-8B4A-11D0-8D11-00A0C91BC942}") = "appGpu3dDemoOCL_Nv", "appGpu3dDemoOCL_Nv.vcproj", "{13FD13A1-09DA-A501-3BA1-DF3696EC33A8}"
	ProjectSection(ProjectDependencies) = postProject
		{6ADA430D-009C-2ED4-A787-2AC2D6FEB8CE} = {6ADA430D-009C-2ED4-A787-2AC2D6FEB8CE}
		{ECF7A654-1D72-48FC-A552-E8AC7CD8948A} = {ECF7A654-1D72-48FC-A552-E8AC7CD8948A}
		{7C428E76-9271-6284-20F0-9B38ED6931E3} = {7C428E76-9271-6284-20F0-9B38ED6931E3}
		{61BD1097-CF2E-B296-DAA9-73A6FE135319} = {61BD1097-CF2E-B296-DAA9-73A6FE135319}
		{7D6E339F-9C2C-31DA-FDB0-5EE50973CF2A} = {7D6E339F-9C2C-31DA-FDB0-5EE50973CF2A}
		{A24D77FD-D69A-75A0-A7DC-730894C9D0F7} = {A24D77FD-D69A-75A0-A7DC-730894C9D0F7}
	EndProjectSection
EndProject
Project("{8BC9CEB8-8B4A-11D0-8D11-00A0C91BC942}") = "appGpu2dDemo_Nv", "appGpu2dDemo_Nv.vcproj", "{B30C20D9-460A-5221-0903-2A5A3CA8470F}"
	ProjectSection(ProjectDependencies) = postProject
		{6ADA430D-009C-2ED4-A787-2AC2D6FEB8CE} = {6ADA430D-009C-2ED4-A787-2AC2D6FEB8CE}
		{ECF7A654-1D72-48FC-A552-E8AC7CD8948A} = {ECF7A654-1D72-48FC-A552-E8AC7CD8948A}
		{7C428E76-9271-6284-20F0-9B38ED6931E3} = {7C428E76-9271-6284-20F0-9B38ED6931E3}
		{61BD1097-CF2E-B296-DAA9-73A6FE135319} = {61BD1097-CF2E-B296-DAA9-73A6FE135319}
		{7D6E339F-9C2C-31DA-FDB0-5EE50973CF2A} = {7D6E339F-9C2C-31DA-FDB0-5EE50973CF2A}
		{A24D77FD-D69A-75A0-A7DC-730894C9D0F7} = {A24D77FD-D69A-75A0-A7DC-730894C9D0F7}
	EndProjectSection
EndProject
Project("{8BC9CEB8-8B4A-11D0-8D11-00A0C91BC942}") = "libbulletOCLbroadphase_Nv", "..\..\Extras\OpenCL\3dGridBroadphase\libbulletOCLbroadphase_Nv.vcproj", "{ECF7A654-1D72-48FC-A552-E8AC7CD8948A}"
EndProject
Project("{8BC9CEB8-8B4A-11D0-8D11-00A0C91BC942}") = "libMiniCL", "libMiniCL.vcproj", "{06B487E6-ECC2-46AD-A43E-29B016F4FDBF}"
EndProject
Project("{8BC9CEB8-8B4A-11D0-8D11-00A0C91BC942}") = "libbulletOCLbroadphase_Mini", "..\..\Extras\OpenCL\3dGridBroadphase\libbulletOCLbroadphase_Mini.vcproj", "{F14C1B61-705E-402F-9C4A-2568ECD28ADE}"
EndProject
Project("{8BC9CEB8-8B4A-11D0-8D11-00A0C91BC942}") = "appGpu3dDemoOCL_Mini", "appGpu3dDemoOCL_Mini.vcproj", "{605DE81B-A9C8-43D5-9638-7EDA9F35F143}"
	ProjectSection(ProjectDependencies) = postProject
		{6ADA430D-009C-2ED4-A787-2AC2D6FEB8CE} = {6ADA430D-009C-2ED4-A787-2AC2D6FEB8CE}
		{F14C1B61-705E-402F-9C4A-2568ECD28ADE} = {F14C1B61-705E-402F-9C4A-2568ECD28ADE}
		{7C428E76-9271-6284-20F0-9B38ED6931E3} = {7C428E76-9271-6284-20F0-9B38ED6931E3}
		{61BD1097-CF2E-B296-DAA9-73A6FE135319} = {61BD1097-CF2E-B296-DAA9-73A6FE135319}
		{7D6E339F-9C2C-31DA-FDB0-5EE50973CF2A} = {7D6E339F-9C2C-31DA-FDB0-5EE50973CF2A}
		{06B487E6-ECC2-46AD-A43E-29B016F4FDBF} = {06B487E6-ECC2-46AD-A43E-29B016F4FDBF}
		{A24D77FD-D69A-75A0-A7DC-730894C9D0F7} = {A24D77FD-D69A-75A0-A7DC-730894C9D0F7}
	EndProjectSection
EndProject
Project("{8BC9CEB8-8B4A-11D0-8D11-00A0C91BC942}") = "appGpu2dDemo_Mini", "appGpu2dDemo_Mini.vcproj", "{5513FBFF-62E4-4AD1-A8AC-F4E9385E171A}"
	ProjectSection(ProjectDependencies) = postProject
		{6ADA430D-009C-2ED4-A787-2AC2D6FEB8CE} = {6ADA430D-009C-2ED4-A787-2AC2D6FEB8CE}
		{F14C1B61-705E-402F-9C4A-2568ECD28ADE} = {F14C1B61-705E-402F-9C4A-2568ECD28ADE}
		{7C428E76-9271-6284-20F0-9B38ED6931E3} = {7C428E76-9271-6284-20F0-9B38ED6931E3}
		{61BD1097-CF2E-B296-DAA9-73A6FE135319} = {61BD1097-CF2E-B296-DAA9-73A6FE135319}
		{7D6E339F-9C2C-31DA-FDB0-5EE50973CF2A} = {7D6E339F-9C2C-31DA-FDB0-5EE50973CF2A}
		{06B487E6-ECC2-46AD-A43E-29B016F4FDBF} = {06B487E6-ECC2-46AD-A43E-29B016F4FDBF}
		{A24D77FD-D69A-75A0-A7DC-730894C9D0F7} = {A24D77FD-D69A-75A0-A7DC-730894C9D0F7}
	EndProjectSection
EndProject
Project("{8BC9CEB8-8B4A-11D0-8D11-00A0C91BC942}") = "appParticlesOCL_Nv", "ParticlesOCL_Nv.vcproj", "{A1F66D86-775E-4BB8-85DD-629F29D17317}"
	ProjectSection(ProjectDependencies) = postProject
		{6ADA430D-009C-2ED4-A787-2AC2D6FEB8CE} = {6ADA430D-009C-2ED4-A787-2AC2D6FEB8CE}
		{7C428E76-9271-6284-20F0-9B38ED6931E3} = {7C428E76-9271-6284-20F0-9B38ED6931E3}
		{61BD1097-CF2E-B296-DAA9-73A6FE135319} = {61BD1097-CF2E-B296-DAA9-73A6FE135319}
		{7D6E339F-9C2C-31DA-FDB0-5EE50973CF2A} = {7D6E339F-9C2C-31DA-FDB0-5EE50973CF2A}
	EndProjectSection
EndProject
Project("{8BC9CEB8-8B4A-11D0-8D11-00A0C91BC942}") = "appParticlesOCL_Mini", "ParticlesOCL_Mini.vcproj", "{92943C84-7E13-4289-ACDB-15DADE44A379}"
	ProjectSection(ProjectDependencies) = postProject
		{6ADA430D-009C-2ED4-A787-2AC2D6FEB8CE} = {6ADA430D-009C-2ED4-A787-2AC2D6FEB8CE}
		{7C428E76-9271-6284-20F0-9B38ED6931E3} = {7C428E76-9271-6284-20F0-9B38ED6931E3}
		{61BD1097-CF2E-B296-DAA9-73A6FE135319} = {61BD1097-CF2E-B296-DAA9-73A6FE135319}
		{7D6E339F-9C2C-31DA-FDB0-5EE50973CF2A} = {7D6E339F-9C2C-31DA-FDB0-5EE50973CF2A}
		{06B487E6-ECC2-46AD-A43E-29B016F4FDBF} = {06B487E6-ECC2-46AD-A43E-29B016F4FDBF}
		{A24D77FD-D69A-75A0-A7DC-730894C9D0F7} = {A24D77FD-D69A-75A0-A7DC-730894C9D0F7}
	EndProjectSection
EndProject
Global
	GlobalSection(SolutionConfigurationPlatforms) = preSolution
		Debug|Win32 = Debug|Win32
		Release|Win32 = Release|Win32
	EndGlobalSection
	GlobalSection(ProjectConfigurationPlatforms) = postSolution
		{6D766893-676D-4222-6547-A75378F2CB60}.Debug|Win32.ActiveCfg = Debug|Win32
		{6D766893-676D-4222-6547-A75378F2CB60}.Debug|Win32.Build.0 = Debug|Win32
		{6D766893-676D-4222-6547-A75378F2CB60}.Release|Win32.ActiveCfg = Release|Win32
		{6D766893-676D-4222-6547-A75378F2CB60}.Release|Win32.Build.0 = Release|Win32
		{6ADA430D-009C-2ED4-A787-2AC2D6FEB8CE}.Debug|Win32.ActiveCfg = Debug|Win32
		{6ADA430D-009C-2ED4-A787-2AC2D6FEB8CE}.Debug|Win32.Build.0 = Debug|Win32
		{6ADA430D-009C-2ED4-A787-2AC2D6FEB8CE}.Release|Win32.ActiveCfg = Release|Win32
		{6ADA430D-009C-2ED4-A787-2AC2D6FEB8CE}.Release|Win32.Build.0 = Release|Win32
		{61BD1097-CF2E-B296-DAA9-73A6FE135319}.Debug|Win32.ActiveCfg = Debug|Win32
		{61BD1097-CF2E-B296-DAA9-73A6FE135319}.Debug|Win32.Build.0 = Debug|Win32
		{61BD1097-CF2E-B296-DAA9-73A6FE135319}.Release|Win32.ActiveCfg = Release|Win32
		{61BD1097-CF2E-B296-DAA9-73A6FE135319}.Release|Win32.Build.0 = Release|Win32
		{7D6E339F-9C2C-31DA-FDB0-5EE50973CF2A}.Debug|Win32.ActiveCfg = Debug|Win32
		{7D6E339F-9C2C-31DA-FDB0-5EE50973CF2A}.Debug|Win32.Build.0 = Debug|Win32
		{7D6E339F-9C2C-31DA-FDB0-5EE50973CF2A}.Release|Win32.ActiveCfg = Release|Win32
		{7D6E339F-9C2C-31DA-FDB0-5EE50973CF2A}.Release|Win32.Build.0 = Release|Win32
		{A24D77FD-D69A-75A0-A7DC-730894C9D0F7}.Debug|Win32.ActiveCfg = Debug|Win32
		{A24D77FD-D69A-75A0-A7DC-730894C9D0F7}.Debug|Win32.Build.0 = Debug|Win32
		{A24D77FD-D69A-75A0-A7DC-730894C9D0F7}.Release|Win32.ActiveCfg = Release|Win32
		{A24D77FD-D69A-75A0-A7DC-730894C9D0F7}.Release|Win32.Build.0 = Release|Win32
		{7C428E76-9271-6284-20F0-9B38ED6931E3}.Debug|Win32.ActiveCfg = Debug|Win32
		{7C428E76-9271-6284-20F0-9B38ED6931E3}.Debug|Win32.Build.0 = Debug|Win32
		{7C428E76-9271-6284-20F0-9B38ED6931E3}.Release|Win32.ActiveCfg = Release|Win32
		{7C428E76-9271-6284-20F0-9B38ED6931E3}.Release|Win32.Build.0 = Release|Win32
		{C04EA8AC-D96C-0E1F-0823-094C1010F087}.Debug|Win32.ActiveCfg = Debug|Win32
		{C04EA8AC-D96C-0E1F-0823-094C1010F087}.Debug|Win32.Build.0 = Debug|Win32
		{C04EA8AC-D96C-0E1F-0823-094C1010F087}.Release|Win32.ActiveCfg = Release|Win32
		{C04EA8AC-D96C-0E1F-0823-094C1010F087}.Release|Win32.Build.0 = Release|Win32
		{4C2FFB50-DB83-4FFE-8D66-AAF03E4A7029}.Debug|Win32.ActiveCfg = Debug|Win32
		{4C2FFB50-DB83-4FFE-8D66-AAF03E4A7029}.Debug|Win32.Build.0 = Debug|Win32
		{4C2FFB50-DB83-4FFE-8D66-AAF03E4A7029}.Release|Win32.ActiveCfg = Release|Win32
		{4C2FFB50-DB83-4FFE-8D66-AAF03E4A7029}.Release|Win32.Build.0 = Release|Win32
		{381F6312-944A-4E9F-BE52-FEF21225EB81}.Debug|Win32.ActiveCfg = Debug|Win32
		{381F6312-944A-4E9F-BE52-FEF21225EB81}.Debug|Win32.Build.0 = Debug|Win32
		{381F6312-944A-4E9F-BE52-FEF21225EB81}.Release|Win32.ActiveCfg = Release|Win32
		{381F6312-944A-4E9F-BE52-FEF21225EB81}.Release|Win32.Build.0 = Release|Win32
		{106E3D23-110E-5DD8-4A6A-D8A2250C43C9}.Debug|Win32.ActiveCfg = Debug|Win32
		{106E3D23-110E-5DD8-4A6A-D8A2250C43C9}.Debug|Win32.Build.0 = Debug|Win32
		{106E3D23-110E-5DD8-4A6A-D8A2250C43C9}.Release|Win32.ActiveCfg = Release|Win32
		{106E3D23-110E-5DD8-4A6A-D8A2250C43C9}.Release|Win32.Build.0 = Release|Win32
		{7ABF7DFE-A51E-46B9-B2AD-5B77487A6628}.Debug|Win32.ActiveCfg = Debug|Win32
		{7ABF7DFE-A51E-46B9-B2AD-5B77487A6628}.Debug|Win32.Build.0 = Debug|Win32
		{7ABF7DFE-A51E-46B9-B2AD-5B77487A6628}.Release|Win32.ActiveCfg = Release|Win32
		{7ABF7DFE-A51E-46B9-B2AD-5B77487A6628}.Release|Win32.Build.0 = Release|Win32
		{3578834A-4B06-DE6F-78AC-FE11F7226D35}.Debug|Win32.ActiveCfg = Debug|Win32
		{3578834A-4B06-DE6F-78AC-FE11F7226D35}.Debug|Win32.Build.0 = Debug|Win32
		{3578834A-4B06-DE6F-78AC-FE11F7226D35}.Release|Win32.ActiveCfg = Release|Win32
		{3578834A-4B06-DE6F-78AC-FE11F7226D35}.Release|Win32.Build.0 = Release|Win32
		{13FD13A1-09DA-A501-3BA1-DF3696EC33A8}.Debug|Win32.ActiveCfg = Debug|Win32
		{13FD13A1-09DA-A501-3BA1-DF3696EC33A8}.Debug|Win32.Build.0 = Debug|Win32
		{13FD13A1-09DA-A501-3BA1-DF3696EC33A8}.Release|Win32.ActiveCfg = Release|Win32
		{13FD13A1-09DA-A501-3BA1-DF3696EC33A8}.Release|Win32.Build.0 = Release|Win32
		{B30C20D9-460A-5221-0903-2A5A3CA8470F}.Debug|Win32.ActiveCfg = Debug|Win32
		{B30C20D9-460A-5221-0903-2A5A3CA8470F}.Debug|Win32.Build.0 = Debug|Win32
		{B30C20D9-460A-5221-0903-2A5A3CA8470F}.Release|Win32.ActiveCfg = Release|Win32
		{B30C20D9-460A-5221-0903-2A5A3CA8470F}.Release|Win32.Build.0 = Release|Win32
		{ECF7A654-1D72-48FC-A552-E8AC7CD8948A}.Debug|Win32.ActiveCfg = Debug|Win32
		{ECF7A654-1D72-48FC-A552-E8AC7CD8948A}.Debug|Win32.Build.0 = Debug|Win32
		{ECF7A654-1D72-48FC-A552-E8AC7CD8948A}.Release|Win32.ActiveCfg = Release|Win32
		{ECF7A654-1D72-48FC-A552-E8AC7CD8948A}.Release|Win32.Build.0 = Release|Win32
		{06B487E6-ECC2-46AD-A43E-29B016F4FDBF}.Debug|Win32.ActiveCfg = Debug|Win32
		{06B487E6-ECC2-46AD-A43E-29B016F4FDBF}.Debug|Win32.Build.0 = Debug|Win32
		{06B487E6-ECC2-46AD-A43E-29B016F4FDBF}.Release|Win32.ActiveCfg = Release|Win32
		{06B487E6-ECC2-46AD-A43E-29B016F4FDBF}.Release|Win32.Build.0 = Release|Win32
		{F14C1B61-705E-402F-9C4A-2568ECD28ADE}.Debug|Win32.ActiveCfg = Debug|Win32
		{F14C1B61-705E-402F-9C4A-2568ECD28ADE}.Debug|Win32.Build.0 = Debug|Win32
		{F14C1B61-705E-402F-9C4A-2568ECD28ADE}.Release|Win32.ActiveCfg = Release|Win32
		{F14C1B61-705E-402F-9C4A-2568ECD28ADE}.Release|Win32.Build.0 = Release|Win32
		{605DE81B-A9C8-43D5-9638-7EDA9F35F143}.Debug|Win32.ActiveCfg = Debug|Win32
		{605DE81B-A9C8-43D5-9638-7EDA9F35F143}.Debug|Win32.Build.0 = Debug|Win32
		{605DE81B-A9C8-43D5-9638-7EDA9F35F143}.Release|Win32.ActiveCfg = Release|Win32
		{605DE81B-A9C8-43D5-9638-7EDA9F35F143}.Release|Win32.Build.0 = Release|Win32
		{5513FBFF-62E4-4AD1-A8AC-F4E9385E171A}.Debug|Win32.ActiveCfg = Debug|Win32
		{5513FBFF-62E4-4AD1-A8AC-F4E9385E171A}.Debug|Win32.Build.0 = Debug|Win32
		{5513FBFF-62E4-4AD1-A8AC-F4E9385E171A}.Release|Win32.ActiveCfg = Release|Win32
		{5513FBFF-62E4-4AD1-A8AC-F4E9385E171A}.Release|Win32.Build.0 = Release|Win32
		{A1F66D86-775E-4BB8-85DD-629F29D17317}.Debug|Win32.ActiveCfg = Debug|Win32
		{A1F66D86-775E-4BB8-85DD-629F29D17317}.Debug|Win32.Build.0 = Debug|Win32
		{A1F66D86-775E-4BB8-85DD-629F29D17317}.Release|Win32.ActiveCfg = Release|Win32
		{A1F66D86-775E-4BB8-85DD-629F29D17317}.Release|Win32.Build.0 = Release|Win32
		{92943C84-7E13-4289-ACDB-15DADE44A379}.Debug|Win32.ActiveCfg = Debug|Win32
		{92943C84-7E13-4289-ACDB-15DADE44A379}.Debug|Win32.Build.0 = Debug|Win32
		{92943C84-7E13-4289-ACDB-15DADE44A379}.Release|Win32.ActiveCfg = Release|Win32
		{92943C84-7E13-4289-ACDB-15DADE44A379}.Release|Win32.Build.0 = Release|Win32
	EndGlobalSection
	GlobalSection(SolutionProperties) = preSolution
		HideSolutionNode = FALSE
	EndGlobalSection
EndGlobal
