Microsoft Visual Studio Solution File, Format Version 10.00
# Visual Studio 2008
Project("{8BC9CEB8-8B4A-11D0-8D11-00A0C91BC942}") = "ALL_BUILD", ".\ALL_BUILD.vcproj", "{5F462E57-19B2-4621-BC4C-7D7181394C4A}"
	ProjectSection(ProjectDependencies) = postProject
		{C0F6A68B-35C9-4724-8221-F204C0487731} = {C0F6A68B-35C9-4724-8221-F204C0487731}
		{2D826ABD-0902-4D36-87FC-0D3F2D513E50} = {2D826ABD-0902-4D36-87FC-0D3F2D513E50}
		{251D5315-4691-43F0-927C-F4A7B2CE51D6} = {251D5315-4691-43F0-927C-F4A7B2CE51D6}
		{D6093264-0C7C-460E-B2AA-693201104D64} = {D6093264-0C7C-460E-B2AA-693201104D64}
		{7862D625-50BE-4EB0-9DD6-3CA2D70F4DC6} = {7862D625-50BE-4EB0-9DD6-3CA2D70F4DC6}
		{AB9B8579-BA41-4196-ACAB-3CF34B273E07} = {AB9B8579-BA41-4196-ACAB-3CF34B273E07}
		{BDF1BD48-DFC4-4989-9D35-2A9DB609C47E} = {BDF1BD48-DFC4-4989-9D35-2A9DB609C47E}
		{AB673C6E-ED2D-48E6-ABE2-41C0EC535093} = {AB673C6E-ED2D-48E6-ABE2-41C0EC535093}
		{C0CEB977-14E1-49CA-9BEA-FFE389FBF2D8} = {C0CEB977-14E1-49CA-9BEA-FFE389FBF2D8}
		{6E27F60B-F296-41D5-9D33-3D6C22818195} = {6E27F60B-F296-41D5-9D33-3D6C22818195}
		{250A12A8-C72C-4374-AEA7-C9B6DDE16985} = {250A12A8-C72C-4374-AEA7-C9B6DDE16985}
		{353E06AC-B092-49E8-9898-3B6A96FF2CF1} = {353E06AC-B092-49E8-9898-3B6A96FF2CF1}
		{C1C1FFAE-8CF5-4E47-93EF-6EF920AB4048} = {C1C1FFAE-8CF5-4E47-93EF-6EF920AB4048}
		{DD8FD137-F71A-4B97-957E-523A5958FA63} = {DD8FD137-F71A-4B97-957E-523A5958FA63}
		{0DC5C212-92D8-4793-A56F-A92790AF4760} = {0DC5C212-92D8-4793-A56F-A92790AF4760}
		{77C85B20-50B8-4CC6-B5B2-EFFB943DB497} = {77C85B20-50B8-4CC6-B5B2-EFFB943DB497}
		{375CF62C-C045-411C-B317-077F2967CE8C} = {375CF62C-C045-411C-B317-077F2967CE8C}
		{EC4F7DF3-838C-47AA-A46E-858D5EB43CBA} = {EC4F7DF3-838C-47AA-A46E-858D5EB43CBA}
		{F7D8A128-7056-4A82-9470-825556E7852E} = {F7D8A128-7056-4A82-9470-825556E7852E}
		{6614EEDC-3BC1-4C82-ABDD-22E54DD75ACB} = {6614EEDC-3BC1-4C82-ABDD-22E54DD75ACB}
		{AC37AF73-C03C-4C5F-BF6F-9B0BB56D416A} = {AC37AF73-C03C-4C5F-BF6F-9B0BB56D416A}
		{C5B82B7C-99F8-4E33-B91D-9C36DAE12129} = {C5B82B7C-99F8-4E33-B91D-9C36DAE12129}
		{0BAD46EB-7688-4113-870F-C1F3D9AD64F6} = {0BAD46EB-7688-4113-870F-C1F3D9AD64F6}
		{C970EB54-7A4F-4A64-85B6-7346C6026A1B} = {C970EB54-7A4F-4A64-85B6-7346C6026A1B}
		{953524F7-5819-4D5D-A004-66B743BD3A45} = {953524F7-5819-4D5D-A004-66B743BD3A45}
		{9A05868D-D0E0-4FDB-ADD4-F9F57B44AA82} = {9A05868D-D0E0-4FDB-ADD4-F9F57B44AA82}
		{1CE18A8B-BC22-4394-8FFD-429375B0548A} = {1CE18A8B-BC22-4394-8FFD-429375B0548A}
		{2B262D3C-3E77-4015-B964-36435EF7130F} = {2B262D3C-3E77-4015-B964-36435EF7130F}
		{FD8EC068-8E5D-478B-9F9F-23805C071D5F} = {FD8EC068-8E5D-478B-9F9F-23805C071D5F}
		{3D0AE411-4DAA-4A39-9C51-B089849796D1} = {3D0AE411-4DAA-4A39-9C51-B089849796D1}
		{61544C2F-91B2-4BDD-8404-EC24C0282DE7} = {61544C2F-91B2-4BDD-8404-EC24C0282DE7}
		{9047F2F2-9F0F-42E8-A244-9B8036C24A30} = {9047F2F2-9F0F-42E8-A244-9B8036C24A30}
	EndProjectSection
EndProject
Project("{8BC9CEB8-8B4A-11D0-8D11-00A0C91BC942}") = "3dGridBroadphaseOCL_AMD", "Extras\OpenCL\3dGridBroadphase\AMD\3dGridBroadphaseOCL_AMD.vcproj", "{C0F6A68B-35C9-4724-8221-F204C0487731}"
	ProjectSection(ProjectDependencies) = postProject
	EndProjectSection
EndProject
Project("{8BC9CEB8-8B4A-11D0-8D11-00A0C91BC942}") = "3dGridBroadphaseOCL_Mini", "Extras\OpenCL\3dGridBroadphase\MiniCL\3dGridBroadphaseOCL_Mini.vcproj", "{2D826ABD-0902-4D36-87FC-0D3F2D513E50}"
	ProjectSection(ProjectDependencies) = postProject
	EndProjectSection
EndProject
Project("{8BC9CEB8-8B4A-11D0-8D11-00A0C91BC942}") = "3dGridBroadphaseOCL_Nv", "Extras\OpenCL\3dGridBroadphase\NVidia\3dGridBroadphaseOCL_Nv.vcproj", "{251D5315-4691-43F0-927C-F4A7B2CE51D6}"
	ProjectSection(ProjectDependencies) = postProject
	EndProjectSection
EndProject
Project("{8BC9CEB8-8B4A-11D0-8D11-00A0C91BC942}") = "AppBasicDemoOpenCL_Mini", "Demos\BasicDemoOpenCL\MiniCL\AppBasicDemoOpenCL_Mini.vcproj", "{D6093264-0C7C-460E-B2AA-693201104D64}"
	ProjectSection(ProjectDependencies) = postProject
		{9047F2F2-9F0F-42E8-A244-9B8036C24A30} = {9047F2F2-9F0F-42E8-A244-9B8036C24A30}
		{9A05868D-D0E0-4FDB-ADD4-F9F57B44AA82} = {9A05868D-D0E0-4FDB-ADD4-F9F57B44AA82}
		{953524F7-5819-4D5D-A004-66B743BD3A45} = {953524F7-5819-4D5D-A004-66B743BD3A45}
		{1CE18A8B-BC22-4394-8FFD-429375B0548A} = {1CE18A8B-BC22-4394-8FFD-429375B0548A}
		{61544C2F-91B2-4BDD-8404-EC24C0282DE7} = {61544C2F-91B2-4BDD-8404-EC24C0282DE7}
		{2D826ABD-0902-4D36-87FC-0D3F2D513E50} = {2D826ABD-0902-4D36-87FC-0D3F2D513E50}
		{0BAD46EB-7688-4113-870F-C1F3D9AD64F6} = {0BAD46EB-7688-4113-870F-C1F3D9AD64F6}
	EndProjectSection
EndProject
Project("{8BC9CEB8-8B4A-11D0-8D11-00A0C91BC942}") = "AppBasicDemoOpenCL_Nv", "Demos\BasicDemoOpenCL\NVidia\AppBasicDemoOpenCL_Nv.vcproj", "{7862D625-50BE-4EB0-9DD6-3CA2D70F4DC6}"
	ProjectSection(ProjectDependencies) = postProject
		{9047F2F2-9F0F-42E8-A244-9B8036C24A30} = {9047F2F2-9F0F-42E8-A244-9B8036C24A30}
		{9A05868D-D0E0-4FDB-ADD4-F9F57B44AA82} = {9A05868D-D0E0-4FDB-ADD4-F9F57B44AA82}
		{953524F7-5819-4D5D-A004-66B743BD3A45} = {953524F7-5819-4D5D-A004-66B743BD3A45}
		{1CE18A8B-BC22-4394-8FFD-429375B0548A} = {1CE18A8B-BC22-4394-8FFD-429375B0548A}
		{61544C2F-91B2-4BDD-8404-EC24C0282DE7} = {61544C2F-91B2-4BDD-8404-EC24C0282DE7}
		{251D5315-4691-43F0-927C-F4A7B2CE51D6} = {251D5315-4691-43F0-927C-F4A7B2CE51D6}
		{C970EB54-7A4F-4A64-85B6-7346C6026A1B} = {C970EB54-7A4F-4A64-85B6-7346C6026A1B}
	EndProjectSection
EndProject
Project("{8BC9CEB8-8B4A-11D0-8D11-00A0C91BC942}") = "AppBenchmarks_Mini", "Demos\Benchmarks\MiniCL\AppBenchmarks_Mini.vcproj", "{AB9B8579-BA41-4196-ACAB-3CF34B273E07}"
	ProjectSection(ProjectDependencies) = postProject
		{9047F2F2-9F0F-42E8-A244-9B8036C24A30} = {9047F2F2-9F0F-42E8-A244-9B8036C24A30}
		{1CE18A8B-BC22-4394-8FFD-429375B0548A} = {1CE18A8B-BC22-4394-8FFD-429375B0548A}
		{9A05868D-D0E0-4FDB-ADD4-F9F57B44AA82} = {9A05868D-D0E0-4FDB-ADD4-F9F57B44AA82}
		{953524F7-5819-4D5D-A004-66B743BD3A45} = {953524F7-5819-4D5D-A004-66B743BD3A45}
		{61544C2F-91B2-4BDD-8404-EC24C0282DE7} = {61544C2F-91B2-4BDD-8404-EC24C0282DE7}
		{2D826ABD-0902-4D36-87FC-0D3F2D513E50} = {2D826ABD-0902-4D36-87FC-0D3F2D513E50}
		{FD8EC068-8E5D-478B-9F9F-23805C071D5F} = {FD8EC068-8E5D-478B-9F9F-23805C071D5F}
	EndProjectSection
EndProject
Project("{8BC9CEB8-8B4A-11D0-8D11-00A0C91BC942}") = "AppBenchmarks_Nv", "Demos\Benchmarks\NVidia\AppBenchmarks_Nv.vcproj", "{BDF1BD48-DFC4-4989-9D35-2A9DB609C47E}"
	ProjectSection(ProjectDependencies) = postProject
		{9047F2F2-9F0F-42E8-A244-9B8036C24A30} = {9047F2F2-9F0F-42E8-A244-9B8036C24A30}
		{9A05868D-D0E0-4FDB-ADD4-F9F57B44AA82} = {9A05868D-D0E0-4FDB-ADD4-F9F57B44AA82}
		{953524F7-5819-4D5D-A004-66B743BD3A45} = {953524F7-5819-4D5D-A004-66B743BD3A45}
		{61544C2F-91B2-4BDD-8404-EC24C0282DE7} = {61544C2F-91B2-4BDD-8404-EC24C0282DE7}
		{251D5315-4691-43F0-927C-F4A7B2CE51D6} = {251D5315-4691-43F0-927C-F4A7B2CE51D6}
		{3D0AE411-4DAA-4A39-9C51-B089849796D1} = {3D0AE411-4DAA-4A39-9C51-B089849796D1}
	EndProjectSection
EndProject
Project("{8BC9CEB8-8B4A-11D0-8D11-00A0C91BC942}") = "AppCDTestDemo_Mini", "Demos\CDTest\MiniCL\AppCDTestDemo_Mini.vcproj", "{AB673C6E-ED2D-48E6-ABE2-41C0EC535093}"
	ProjectSection(ProjectDependencies) = postProject
		{9047F2F2-9F0F-42E8-A244-9B8036C24A30} = {9047F2F2-9F0F-42E8-A244-9B8036C24A30}
		{953524F7-5819-4D5D-A004-66B743BD3A45} = {953524F7-5819-4D5D-A004-66B743BD3A45}
		{9A05868D-D0E0-4FDB-ADD4-F9F57B44AA82} = {9A05868D-D0E0-4FDB-ADD4-F9F57B44AA82}
		{1CE18A8B-BC22-4394-8FFD-429375B0548A} = {1CE18A8B-BC22-4394-8FFD-429375B0548A}
		{61544C2F-91B2-4BDD-8404-EC24C0282DE7} = {61544C2F-91B2-4BDD-8404-EC24C0282DE7}
		{2D826ABD-0902-4D36-87FC-0D3F2D513E50} = {2D826ABD-0902-4D36-87FC-0D3F2D513E50}
		{FD8EC068-8E5D-478B-9F9F-23805C071D5F} = {FD8EC068-8E5D-478B-9F9F-23805C071D5F}
	EndProjectSection
EndProject
Project("{8BC9CEB8-8B4A-11D0-8D11-00A0C91BC942}") = "AppCDTestDemo_Nv", "Demos\CDTest\NVidia\AppCDTestDemo_Nv.vcproj", "{C0CEB977-14E1-49CA-9BEA-FFE389FBF2D8}"
	ProjectSection(ProjectDependencies) = postProject
		{9047F2F2-9F0F-42E8-A244-9B8036C24A30} = {9047F2F2-9F0F-42E8-A244-9B8036C24A30}
		{953524F7-5819-4D5D-A004-66B743BD3A45} = {953524F7-5819-4D5D-A004-66B743BD3A45}
		{9A05868D-D0E0-4FDB-ADD4-F9F57B44AA82} = {9A05868D-D0E0-4FDB-ADD4-F9F57B44AA82}
		{1CE18A8B-BC22-4394-8FFD-429375B0548A} = {1CE18A8B-BC22-4394-8FFD-429375B0548A}
		{61544C2F-91B2-4BDD-8404-EC24C0282DE7} = {61544C2F-91B2-4BDD-8404-EC24C0282DE7}
		{251D5315-4691-43F0-927C-F4A7B2CE51D6} = {251D5315-4691-43F0-927C-F4A7B2CE51D6}
		{3D0AE411-4DAA-4A39-9C51-B089849796D1} = {3D0AE411-4DAA-4A39-9C51-B089849796D1}
	EndProjectSection
EndProject
Project("{8BC9CEB8-8B4A-11D0-8D11-00A0C91BC942}") = "AppGpu2dDemo_AMD", "Demos\Gpu2dDemo\AMD\AppGpu2dDemo_AMD.vcproj", "{6E27F60B-F296-41D5-9D33-3D6C22818195}"
	ProjectSection(ProjectDependencies) = postProject
		{9047F2F2-9F0F-42E8-A244-9B8036C24A30} = {9047F2F2-9F0F-42E8-A244-9B8036C24A30}
		{9A05868D-D0E0-4FDB-ADD4-F9F57B44AA82} = {9A05868D-D0E0-4FDB-ADD4-F9F57B44AA82}
		{953524F7-5819-4D5D-A004-66B743BD3A45} = {953524F7-5819-4D5D-A004-66B743BD3A45}
		{1CE18A8B-BC22-4394-8FFD-429375B0548A} = {1CE18A8B-BC22-4394-8FFD-429375B0548A}
		{61544C2F-91B2-4BDD-8404-EC24C0282DE7} = {61544C2F-91B2-4BDD-8404-EC24C0282DE7}
		{C0F6A68B-35C9-4724-8221-F204C0487731} = {C0F6A68B-35C9-4724-8221-F204C0487731}
	EndProjectSection
EndProject
Project("{8BC9CEB8-8B4A-11D0-8D11-00A0C91BC942}") = "AppGpu2dDemo_Mini", "Demos\Gpu2dDemo\MiniCL\AppGpu2dDemo_Mini.vcproj", "{250A12A8-C72C-4374-AEA7-C9B6DDE16985}"
	ProjectSection(ProjectDependencies) = postProject
		{9047F2F2-9F0F-42E8-A244-9B8036C24A30} = {9047F2F2-9F0F-42E8-A244-9B8036C24A30}
		{9A05868D-D0E0-4FDB-ADD4-F9F57B44AA82} = {9A05868D-D0E0-4FDB-ADD4-F9F57B44AA82}
		{953524F7-5819-4D5D-A004-66B743BD3A45} = {953524F7-5819-4D5D-A004-66B743BD3A45}
		{1CE18A8B-BC22-4394-8FFD-429375B0548A} = {1CE18A8B-BC22-4394-8FFD-429375B0548A}
		{61544C2F-91B2-4BDD-8404-EC24C0282DE7} = {61544C2F-91B2-4BDD-8404-EC24C0282DE7}
		{2D826ABD-0902-4D36-87FC-0D3F2D513E50} = {2D826ABD-0902-4D36-87FC-0D3F2D513E50}
	EndProjectSection
EndProject
Project("{8BC9CEB8-8B4A-11D0-8D11-00A0C91BC942}") = "AppGpu2dDemo_Nv", "Demos\Gpu2dDemo\NVidia\AppGpu2dDemo_Nv.vcproj", "{353E06AC-B092-49E8-9898-3B6A96FF2CF1}"
	ProjectSection(ProjectDependencies) = postProject
		{9047F2F2-9F0F-42E8-A244-9B8036C24A30} = {9047F2F2-9F0F-42E8-A244-9B8036C24A30}
		{9A05868D-D0E0-4FDB-ADD4-F9F57B44AA82} = {9A05868D-D0E0-4FDB-ADD4-F9F57B44AA82}
		{953524F7-5819-4D5D-A004-66B743BD3A45} = {953524F7-5819-4D5D-A004-66B743BD3A45}
		{1CE18A8B-BC22-4394-8FFD-429375B0548A} = {1CE18A8B-BC22-4394-8FFD-429375B0548A}
		{61544C2F-91B2-4BDD-8404-EC24C0282DE7} = {61544C2F-91B2-4BDD-8404-EC24C0282DE7}
		{251D5315-4691-43F0-927C-F4A7B2CE51D6} = {251D5315-4691-43F0-927C-F4A7B2CE51D6}
	EndProjectSection
EndProject
Project("{8BC9CEB8-8B4A-11D0-8D11-00A0C91BC942}") = "AppGpu3dDemo_AMD", "Demos\Gpu3dDemo\AMD\AppGpu3dDemo_AMD.vcproj", "{C1C1FFAE-8CF5-4E47-93EF-6EF920AB4048}"
	ProjectSection(ProjectDependencies) = postProject
		{9047F2F2-9F0F-42E8-A244-9B8036C24A30} = {9047F2F2-9F0F-42E8-A244-9B8036C24A30}
		{9A05868D-D0E0-4FDB-ADD4-F9F57B44AA82} = {9A05868D-D0E0-4FDB-ADD4-F9F57B44AA82}
		{953524F7-5819-4D5D-A004-66B743BD3A45} = {953524F7-5819-4D5D-A004-66B743BD3A45}
		{1CE18A8B-BC22-4394-8FFD-429375B0548A} = {1CE18A8B-BC22-4394-8FFD-429375B0548A}
		{61544C2F-91B2-4BDD-8404-EC24C0282DE7} = {61544C2F-91B2-4BDD-8404-EC24C0282DE7}
		{C0F6A68B-35C9-4724-8221-F204C0487731} = {C0F6A68B-35C9-4724-8221-F204C0487731}
	EndProjectSection
EndProject
Project("{8BC9CEB8-8B4A-11D0-8D11-00A0C91BC942}") = "AppGpu3dDemo_Mini", "Demos\Gpu3dDemo\MiniCL\AppGpu3dDemo_Mini.vcproj", "{DD8FD137-F71A-4B97-957E-523A5958FA63}"
	ProjectSection(ProjectDependencies) = postProject
		{9047F2F2-9F0F-42E8-A244-9B8036C24A30} = {9047F2F2-9F0F-42E8-A244-9B8036C24A30}
		{9A05868D-D0E0-4FDB-ADD4-F9F57B44AA82} = {9A05868D-D0E0-4FDB-ADD4-F9F57B44AA82}
		{953524F7-5819-4D5D-A004-66B743BD3A45} = {953524F7-5819-4D5D-A004-66B743BD3A45}
		{1CE18A8B-BC22-4394-8FFD-429375B0548A} = {1CE18A8B-BC22-4394-8FFD-429375B0548A}
		{61544C2F-91B2-4BDD-8404-EC24C0282DE7} = {61544C2F-91B2-4BDD-8404-EC24C0282DE7}
		{2D826ABD-0902-4D36-87FC-0D3F2D513E50} = {2D826ABD-0902-4D36-87FC-0D3F2D513E50}
	EndProjectSection
EndProject
Project("{8BC9CEB8-8B4A-11D0-8D11-00A0C91BC942}") = "AppGpu3dDemo_Nv", "Demos\Gpu3dDemo\NVidia\AppGpu3dDemo_Nv.vcproj", "{0DC5C212-92D8-4793-A56F-A92790AF4760}"
	ProjectSection(ProjectDependencies) = postProject
		{9047F2F2-9F0F-42E8-A244-9B8036C24A30} = {9047F2F2-9F0F-42E8-A244-9B8036C24A30}
		{9A05868D-D0E0-4FDB-ADD4-F9F57B44AA82} = {9A05868D-D0E0-4FDB-ADD4-F9F57B44AA82}
		{953524F7-5819-4D5D-A004-66B743BD3A45} = {953524F7-5819-4D5D-A004-66B743BD3A45}
		{1CE18A8B-BC22-4394-8FFD-429375B0548A} = {1CE18A8B-BC22-4394-8FFD-429375B0548A}
		{61544C2F-91B2-4BDD-8404-EC24C0282DE7} = {61544C2F-91B2-4BDD-8404-EC24C0282DE7}
		{251D5315-4691-43F0-927C-F4A7B2CE51D6} = {251D5315-4691-43F0-927C-F4A7B2CE51D6}
	EndProjectSection
EndProject
Project("{8BC9CEB8-8B4A-11D0-8D11-00A0C91BC942}") = "AppMiniCLVectorAdd", "Demos\MiniCL_VectorAdd\AppMiniCLVectorAdd.vcproj", "{77C85B20-50B8-4CC6-B5B2-EFFB943DB497}"
	ProjectSection(ProjectDependencies) = postProject
		{1CE18A8B-BC22-4394-8FFD-429375B0548A} = {1CE18A8B-BC22-4394-8FFD-429375B0548A}
		{61544C2F-91B2-4BDD-8404-EC24C0282DE7} = {61544C2F-91B2-4BDD-8404-EC24C0282DE7}
	EndProjectSection
EndProject
Project("{8BC9CEB8-8B4A-11D0-8D11-00A0C91BC942}") = "AppParticlesOCL_AMD", "Demos\ParticlesOpenCL\AMD\AppParticlesOCL_AMD.vcproj", "{375CF62C-C045-411C-B317-077F2967CE8C}"
	ProjectSection(ProjectDependencies) = postProject
		{9047F2F2-9F0F-42E8-A244-9B8036C24A30} = {9047F2F2-9F0F-42E8-A244-9B8036C24A30}
		{9A05868D-D0E0-4FDB-ADD4-F9F57B44AA82} = {9A05868D-D0E0-4FDB-ADD4-F9F57B44AA82}
		{953524F7-5819-4D5D-A004-66B743BD3A45} = {953524F7-5819-4D5D-A004-66B743BD3A45}
		{1CE18A8B-BC22-4394-8FFD-429375B0548A} = {1CE18A8B-BC22-4394-8FFD-429375B0548A}
		{61544C2F-91B2-4BDD-8404-EC24C0282DE7} = {61544C2F-91B2-4BDD-8404-EC24C0282DE7}
	EndProjectSection
EndProject
Project("{8BC9CEB8-8B4A-11D0-8D11-00A0C91BC942}") = "AppParticlesOCL_Mini", "Demos\ParticlesOpenCL\MiniCL\AppParticlesOCL_Mini.vcproj", "{EC4F7DF3-838C-47AA-A46E-858D5EB43CBA}"
	ProjectSection(ProjectDependencies) = postProject
		{9047F2F2-9F0F-42E8-A244-9B8036C24A30} = {9047F2F2-9F0F-42E8-A244-9B8036C24A30}
		{9A05868D-D0E0-4FDB-ADD4-F9F57B44AA82} = {9A05868D-D0E0-4FDB-ADD4-F9F57B44AA82}
		{953524F7-5819-4D5D-A004-66B743BD3A45} = {953524F7-5819-4D5D-A004-66B743BD3A45}
		{1CE18A8B-BC22-4394-8FFD-429375B0548A} = {1CE18A8B-BC22-4394-8FFD-429375B0548A}
		{61544C2F-91B2-4BDD-8404-EC24C0282DE7} = {61544C2F-91B2-4BDD-8404-EC24C0282DE7}
	EndProjectSection
EndProject
Project("{8BC9CEB8-8B4A-11D0-8D11-00A0C91BC942}") = "AppParticlesOCL_Nv", "Demos\ParticlesOpenCL\NVidia\AppParticlesOCL_Nv.vcproj", "{F7D8A128-7056-4A82-9470-825556E7852E}"
	ProjectSection(ProjectDependencies) = postProject
		{9047F2F2-9F0F-42E8-A244-9B8036C24A30} = {9047F2F2-9F0F-42E8-A244-9B8036C24A30}
		{9A05868D-D0E0-4FDB-ADD4-F9F57B44AA82} = {9A05868D-D0E0-4FDB-ADD4-F9F57B44AA82}
		{953524F7-5819-4D5D-A004-66B743BD3A45} = {953524F7-5819-4D5D-A004-66B743BD3A45}
		{1CE18A8B-BC22-4394-8FFD-429375B0548A} = {1CE18A8B-BC22-4394-8FFD-429375B0548A}
		{61544C2F-91B2-4BDD-8404-EC24C0282DE7} = {61544C2F-91B2-4BDD-8404-EC24C0282DE7}
	EndProjectSection
EndProject
Project("{8BC9CEB8-8B4A-11D0-8D11-00A0C91BC942}") = "AppSpheresOCL_AMD", "Demos\SpheresOpenCL\AMD\AppSpheresOCL_AMD.vcproj", "{6614EEDC-3BC1-4C82-ABDD-22E54DD75ACB}"
	ProjectSection(ProjectDependencies) = postProject
		{9047F2F2-9F0F-42E8-A244-9B8036C24A30} = {9047F2F2-9F0F-42E8-A244-9B8036C24A30}
		{9A05868D-D0E0-4FDB-ADD4-F9F57B44AA82} = {9A05868D-D0E0-4FDB-ADD4-F9F57B44AA82}
		{953524F7-5819-4D5D-A004-66B743BD3A45} = {953524F7-5819-4D5D-A004-66B743BD3A45}
		{1CE18A8B-BC22-4394-8FFD-429375B0548A} = {1CE18A8B-BC22-4394-8FFD-429375B0548A}
		{61544C2F-91B2-4BDD-8404-EC24C0282DE7} = {61544C2F-91B2-4BDD-8404-EC24C0282DE7}
	EndProjectSection
EndProject
Project("{8BC9CEB8-8B4A-11D0-8D11-00A0C91BC942}") = "AppSpheresOCL_Mini", "Demos\SpheresOpenCL\MiniCL\AppSpheresOCL_Mini.vcproj", "{AC37AF73-C03C-4C5F-BF6F-9B0BB56D416A}"
	ProjectSection(ProjectDependencies) = postProject
		{9047F2F2-9F0F-42E8-A244-9B8036C24A30} = {9047F2F2-9F0F-42E8-A244-9B8036C24A30}
		{9A05868D-D0E0-4FDB-ADD4-F9F57B44AA82} = {9A05868D-D0E0-4FDB-ADD4-F9F57B44AA82}
		{953524F7-5819-4D5D-A004-66B743BD3A45} = {953524F7-5819-4D5D-A004-66B743BD3A45}
		{1CE18A8B-BC22-4394-8FFD-429375B0548A} = {1CE18A8B-BC22-4394-8FFD-429375B0548A}
		{61544C2F-91B2-4BDD-8404-EC24C0282DE7} = {61544C2F-91B2-4BDD-8404-EC24C0282DE7}
	EndProjectSection
EndProject
Project("{8BC9CEB8-8B4A-11D0-8D11-00A0C91BC942}") = "AppSpheresOCL_Nv", "Demos\SpheresOpenCL\NVidia\AppSpheresOCL_Nv.vcproj", "{C5B82B7C-99F8-4E33-B91D-9C36DAE12129}"
	ProjectSection(ProjectDependencies) = postProject
		{9047F2F2-9F0F-42E8-A244-9B8036C24A30} = {9047F2F2-9F0F-42E8-A244-9B8036C24A30}
		{9A05868D-D0E0-4FDB-ADD4-F9F57B44AA82} = {9A05868D-D0E0-4FDB-ADD4-F9F57B44AA82}
		{953524F7-5819-4D5D-A004-66B743BD3A45} = {953524F7-5819-4D5D-A004-66B743BD3A45}
		{1CE18A8B-BC22-4394-8FFD-429375B0548A} = {1CE18A8B-BC22-4394-8FFD-429375B0548A}
		{61544C2F-91B2-4BDD-8404-EC24C0282DE7} = {61544C2F-91B2-4BDD-8404-EC24C0282DE7}
	EndProjectSection
EndProject
Project("{8BC9CEB8-8B4A-11D0-8D11-00A0C91BC942}") = "BatchConstraintSolverOCL_Mini", "Extras\OpenCL\BatchConstraintSolver\MiniCL\BatchConstraintSolverOCL_Mini.vcproj", "{0BAD46EB-7688-4113-870F-C1F3D9AD64F6}"
	ProjectSection(ProjectDependencies) = postProject
	EndProjectSection
EndProject
Project("{8BC9CEB8-8B4A-11D0-8D11-00A0C91BC942}") = "BatchConstraintSolverOCL_Nv", "Extras\OpenCL\BatchConstraintSolver\NVidia\BatchConstraintSolverOCL_Nv.vcproj", "{C970EB54-7A4F-4A64-85B6-7346C6026A1B}"
	ProjectSection(ProjectDependencies) = postProject
	EndProjectSection
EndProject
Project("{8BC9CEB8-8B4A-11D0-8D11-00A0C91BC942}") = "BulletCollision", "src\BulletCollision\BulletCollision.vcproj", "{953524F7-5819-4D5D-A004-66B743BD3A45}"
	ProjectSection(ProjectDependencies) = postProject
	EndProjectSection
EndProject
Project("{8BC9CEB8-8B4A-11D0-8D11-00A0C91BC942}") = "BulletDynamics", "src\BulletDynamics\BulletDynamics.vcproj", "{9A05868D-D0E0-4FDB-ADD4-F9F57B44AA82}"
	ProjectSection(ProjectDependencies) = postProject
	EndProjectSection
EndProject
Project("{8BC9CEB8-8B4A-11D0-8D11-00A0C91BC942}") = "BulletMultiThreaded", "src\BulletMultiThreaded\BulletMultiThreaded.vcproj", "{1CE18A8B-BC22-4394-8FFD-429375B0548A}"
	ProjectSection(ProjectDependencies) = postProject
	EndProjectSection
EndProject
Project("{8BC9CEB8-8B4A-11D0-8D11-00A0C91BC942}") = "BulletSoftBody", "src\BulletSoftBody\BulletSoftBody.vcproj", "{2B262D3C-3E77-4015-B964-36435EF7130F}"
	ProjectSection(ProjectDependencies) = postProject
	EndProjectSection
EndProject
Project("{8BC9CEB8-8B4A-11D0-8D11-00A0C91BC942}") = "Hier3dGridBroadphaseOCL_Mini", "Extras\OpenCL\Hier3dGridBroadphase\MiniCL\Hier3dGridBroadphaseOCL_Mini.vcproj", "{FD8EC068-8E5D-478B-9F9F-23805C071D5F}"
	ProjectSection(ProjectDependencies) = postProject
	EndProjectSection
EndProject
Project("{8BC9CEB8-8B4A-11D0-8D11-00A0C91BC942}") = "Hier3dGridBroadphaseOCL_Nv", "Extras\OpenCL\Hier3dGridBroadphase\NVidia\Hier3dGridBroadphaseOCL_Nv.vcproj", "{3D0AE411-4DAA-4A39-9C51-B089849796D1}"
	ProjectSection(ProjectDependencies) = postProject
	EndProjectSection
EndProject
Project("{8BC9CEB8-8B4A-11D0-8D11-00A0C91BC942}") = "LinearMath", "src\LinearMath\LinearMath.vcproj", "{61544C2F-91B2-4BDD-8404-EC24C0282DE7}"
	ProjectSection(ProjectDependencies) = postProject
	EndProjectSection
EndProject
Project("{8BC9CEB8-8B4A-11D0-8D11-00A0C91BC942}") = "OpenGLSupport", "Demos\OpenGL\OpenGLSupport.vcproj", "{9047F2F2-9F0F-42E8-A244-9B8036C24A30}"
	ProjectSection(ProjectDependencies) = postProject
	EndProjectSection
EndProject
Global
	GlobalSection(SolutionConfigurationPlatforms) = preSolution
		Debug|Win32 = Debug|Win32
		Release|Win32 = Release|Win32
		MinSizeRel|Win32 = MinSizeRel|Win32
		RelWithDebInfo|Win32 = RelWithDebInfo|Win32
	EndGlobalSection
	GlobalSection(ProjectConfigurationPlatforms) = postSolution
		{5F462E57-19B2-4621-BC4C-7D7181394C4A}.Debug|Win32.ActiveCfg = Debug|Win32
		{5F462E57-19B2-4621-BC4C-7D7181394C4A}.Release|Win32.ActiveCfg = Release|Win32
		{5F462E57-19B2-4621-BC4C-7D7181394C4A}.MinSizeRel|Win32.ActiveCfg = MinSizeRel|Win32
		{5F462E57-19B2-4621-BC4C-7D7181394C4A}.RelWithDebInfo|Win32.ActiveCfg = RelWithDebInfo|Win32
		{C0F6A68B-35C9-4724-8221-F204C0487731}.Debug|Win32.ActiveCfg = Debug|Win32
		{C0F6A68B-35C9-4724-8221-F204C0487731}.Debug|Win32.Build.0 = Debug|Win32
		{C0F6A68B-35C9-4724-8221-F204C0487731}.Release|Win32.ActiveCfg = Release|Win32
		{C0F6A68B-35C9-4724-8221-F204C0487731}.Release|Win32.Build.0 = Release|Win32
		{C0F6A68B-35C9-4724-8221-F204C0487731}.MinSizeRel|Win32.ActiveCfg = MinSizeRel|Win32
		{C0F6A68B-35C9-4724-8221-F204C0487731}.MinSizeRel|Win32.Build.0 = MinSizeRel|Win32
		{C0F6A68B-35C9-4724-8221-F204C0487731}.RelWithDebInfo|Win32.ActiveCfg = RelWithDebInfo|Win32
		{C0F6A68B-35C9-4724-8221-F204C0487731}.RelWithDebInfo|Win32.Build.0 = RelWithDebInfo|Win32
		{2D826ABD-0902-4D36-87FC-0D3F2D513E50}.Debug|Win32.ActiveCfg = Debug|Win32
		{2D826ABD-0902-4D36-87FC-0D3F2D513E50}.Debug|Win32.Build.0 = Debug|Win32
		{2D826ABD-0902-4D36-87FC-0D3F2D513E50}.Release|Win32.ActiveCfg = Release|Win32
		{2D826ABD-0902-4D36-87FC-0D3F2D513E50}.Release|Win32.Build.0 = Release|Win32
		{2D826ABD-0902-4D36-87FC-0D3F2D513E50}.MinSizeRel|Win32.ActiveCfg = MinSizeRel|Win32
		{2D826ABD-0902-4D36-87FC-0D3F2D513E50}.MinSizeRel|Win32.Build.0 = MinSizeRel|Win32
		{2D826ABD-0902-4D36-87FC-0D3F2D513E50}.RelWithDebInfo|Win32.ActiveCfg = RelWithDebInfo|Win32
		{2D826ABD-0902-4D36-87FC-0D3F2D513E50}.RelWithDebInfo|Win32.Build.0 = RelWithDebInfo|Win32
		{251D5315-4691-43F0-927C-F4A7B2CE51D6}.Debug|Win32.ActiveCfg = Debug|Win32
		{251D5315-4691-43F0-927C-F4A7B2CE51D6}.Debug|Win32.Build.0 = Debug|Win32
		{251D5315-4691-43F0-927C-F4A7B2CE51D6}.Release|Win32.ActiveCfg = Release|Win32
		{251D5315-4691-43F0-927C-F4A7B2CE51D6}.Release|Win32.Build.0 = Release|Win32
		{251D5315-4691-43F0-927C-F4A7B2CE51D6}.MinSizeRel|Win32.ActiveCfg = MinSizeRel|Win32
		{251D5315-4691-43F0-927C-F4A7B2CE51D6}.MinSizeRel|Win32.Build.0 = MinSizeRel|Win32
		{251D5315-4691-43F0-927C-F4A7B2CE51D6}.RelWithDebInfo|Win32.ActiveCfg = RelWithDebInfo|Win32
		{251D5315-4691-43F0-927C-F4A7B2CE51D6}.RelWithDebInfo|Win32.Build.0 = RelWithDebInfo|Win32
		{D6093264-0C7C-460E-B2AA-693201104D64}.Debug|Win32.ActiveCfg = Debug|Win32
		{D6093264-0C7C-460E-B2AA-693201104D64}.Debug|Win32.Build.0 = Debug|Win32
		{D6093264-0C7C-460E-B2AA-693201104D64}.Release|Win32.ActiveCfg = Release|Win32
		{D6093264-0C7C-460E-B2AA-693201104D64}.Release|Win32.Build.0 = Release|Win32
		{D6093264-0C7C-460E-B2AA-693201104D64}.MinSizeRel|Win32.ActiveCfg = MinSizeRel|Win32
		{D6093264-0C7C-460E-B2AA-693201104D64}.MinSizeRel|Win32.Build.0 = MinSizeRel|Win32
		{D6093264-0C7C-460E-B2AA-693201104D64}.RelWithDebInfo|Win32.ActiveCfg = RelWithDebInfo|Win32
		{D6093264-0C7C-460E-B2AA-693201104D64}.RelWithDebInfo|Win32.Build.0 = RelWithDebInfo|Win32
		{7862D625-50BE-4EB0-9DD6-3CA2D70F4DC6}.Debug|Win32.ActiveCfg = Debug|Win32
		{7862D625-50BE-4EB0-9DD6-3CA2D70F4DC6}.Debug|Win32.Build.0 = Debug|Win32
		{7862D625-50BE-4EB0-9DD6-3CA2D70F4DC6}.Release|Win32.ActiveCfg = Release|Win32
		{7862D625-50BE-4EB0-9DD6-3CA2D70F4DC6}.Release|Win32.Build.0 = Release|Win32
		{7862D625-50BE-4EB0-9DD6-3CA2D70F4DC6}.MinSizeRel|Win32.ActiveCfg = MinSizeRel|Win32
		{7862D625-50BE-4EB0-9DD6-3CA2D70F4DC6}.MinSizeRel|Win32.Build.0 = MinSizeRel|Win32
		{7862D625-50BE-4EB0-9DD6-3CA2D70F4DC6}.RelWithDebInfo|Win32.ActiveCfg = RelWithDebInfo|Win32
		{7862D625-50BE-4EB0-9DD6-3CA2D70F4DC6}.RelWithDebInfo|Win32.Build.0 = RelWithDebInfo|Win32
		{AB9B8579-BA41-4196-ACAB-3CF34B273E07}.Debug|Win32.ActiveCfg = Debug|Win32
		{AB9B8579-BA41-4196-ACAB-3CF34B273E07}.Debug|Win32.Build.0 = Debug|Win32
		{AB9B8579-BA41-4196-ACAB-3CF34B273E07}.Release|Win32.ActiveCfg = Release|Win32
		{AB9B8579-BA41-4196-ACAB-3CF34B273E07}.Release|Win32.Build.0 = Release|Win32
		{AB9B8579-BA41-4196-ACAB-3CF34B273E07}.MinSizeRel|Win32.ActiveCfg = MinSizeRel|Win32
		{AB9B8579-BA41-4196-ACAB-3CF34B273E07}.MinSizeRel|Win32.Build.0 = MinSizeRel|Win32
		{AB9B8579-BA41-4196-ACAB-3CF34B273E07}.RelWithDebInfo|Win32.ActiveCfg = RelWithDebInfo|Win32
		{AB9B8579-BA41-4196-ACAB-3CF34B273E07}.RelWithDebInfo|Win32.Build.0 = RelWithDebInfo|Win32
		{BDF1BD48-DFC4-4989-9D35-2A9DB609C47E}.Debug|Win32.ActiveCfg = Debug|Win32
		{BDF1BD48-DFC4-4989-9D35-2A9DB609C47E}.Debug|Win32.Build.0 = Debug|Win32
		{BDF1BD48-DFC4-4989-9D35-2A9DB609C47E}.Release|Win32.ActiveCfg = Release|Win32
		{BDF1BD48-DFC4-4989-9D35-2A9DB609C47E}.Release|Win32.Build.0 = Release|Win32
		{BDF1BD48-DFC4-4989-9D35-2A9DB609C47E}.MinSizeRel|Win32.ActiveCfg = MinSizeRel|Win32
		{BDF1BD48-DFC4-4989-9D35-2A9DB609C47E}.MinSizeRel|Win32.Build.0 = MinSizeRel|Win32
		{BDF1BD48-DFC4-4989-9D35-2A9DB609C47E}.RelWithDebInfo|Win32.ActiveCfg = RelWithDebInfo|Win32
		{BDF1BD48-DFC4-4989-9D35-2A9DB609C47E}.RelWithDebInfo|Win32.Build.0 = RelWithDebInfo|Win32
		{AB673C6E-ED2D-48E6-ABE2-41C0EC535093}.Debug|Win32.ActiveCfg = Debug|Win32
		{AB673C6E-ED2D-48E6-ABE2-41C0EC535093}.Debug|Win32.Build.0 = Debug|Win32
		{AB673C6E-ED2D-48E6-ABE2-41C0EC535093}.Release|Win32.ActiveCfg = Release|Win32
		{AB673C6E-ED2D-48E6-ABE2-41C0EC535093}.Release|Win32.Build.0 = Release|Win32
		{AB673C6E-ED2D-48E6-ABE2-41C0EC535093}.MinSizeRel|Win32.ActiveCfg = MinSizeRel|Win32
		{AB673C6E-ED2D-48E6-ABE2-41C0EC535093}.MinSizeRel|Win32.Build.0 = MinSizeRel|Win32
		{AB673C6E-ED2D-48E6-ABE2-41C0EC535093}.RelWithDebInfo|Win32.ActiveCfg = RelWithDebInfo|Win32
		{AB673C6E-ED2D-48E6-ABE2-41C0EC535093}.RelWithDebInfo|Win32.Build.0 = RelWithDebInfo|Win32
		{C0CEB977-14E1-49CA-9BEA-FFE389FBF2D8}.Debug|Win32.ActiveCfg = Debug|Win32
		{C0CEB977-14E1-49CA-9BEA-FFE389FBF2D8}.Debug|Win32.Build.0 = Debug|Win32
		{C0CEB977-14E1-49CA-9BEA-FFE389FBF2D8}.Release|Win32.ActiveCfg = Release|Win32
		{C0CEB977-14E1-49CA-9BEA-FFE389FBF2D8}.Release|Win32.Build.0 = Release|Win32
		{C0CEB977-14E1-49CA-9BEA-FFE389FBF2D8}.MinSizeRel|Win32.ActiveCfg = MinSizeRel|Win32
		{C0CEB977-14E1-49CA-9BEA-FFE389FBF2D8}.MinSizeRel|Win32.Build.0 = MinSizeRel|Win32
		{C0CEB977-14E1-49CA-9BEA-FFE389FBF2D8}.RelWithDebInfo|Win32.ActiveCfg = RelWithDebInfo|Win32
		{C0CEB977-14E1-49CA-9BEA-FFE389FBF2D8}.RelWithDebInfo|Win32.Build.0 = RelWithDebInfo|Win32
		{6E27F60B-F296-41D5-9D33-3D6C22818195}.Debug|Win32.ActiveCfg = Debug|Win32
		{6E27F60B-F296-41D5-9D33-3D6C22818195}.Debug|Win32.Build.0 = Debug|Win32
		{6E27F60B-F296-41D5-9D33-3D6C22818195}.Release|Win32.ActiveCfg = Release|Win32
		{6E27F60B-F296-41D5-9D33-3D6C22818195}.Release|Win32.Build.0 = Release|Win32
		{6E27F60B-F296-41D5-9D33-3D6C22818195}.MinSizeRel|Win32.ActiveCfg = MinSizeRel|Win32
		{6E27F60B-F296-41D5-9D33-3D6C22818195}.MinSizeRel|Win32.Build.0 = MinSizeRel|Win32
		{6E27F60B-F296-41D5-9D33-3D6C22818195}.RelWithDebInfo|Win32.ActiveCfg = RelWithDebInfo|Win32
		{6E27F60B-F296-41D5-9D33-3D6C22818195}.RelWithDebInfo|Win32.Build.0 = RelWithDebInfo|Win32
		{250A12A8-C72C-4374-AEA7-C9B6DDE16985}.Debug|Win32.ActiveCfg = Debug|Win32
		{250A12A8-C72C-4374-AEA7-C9B6DDE16985}.Debug|Win32.Build.0 = Debug|Win32
		{250A12A8-C72C-4374-AEA7-C9B6DDE16985}.Release|Win32.ActiveCfg = Release|Win32
		{250A12A8-C72C-4374-AEA7-C9B6DDE16985}.Release|Win32.Build.0 = Release|Win32
		{250A12A8-C72C-4374-AEA7-C9B6DDE16985}.MinSizeRel|Win32.ActiveCfg = MinSizeRel|Win32
		{250A12A8-C72C-4374-AEA7-C9B6DDE16985}.MinSizeRel|Win32.Build.0 = MinSizeRel|Win32
		{250A12A8-C72C-4374-AEA7-C9B6DDE16985}.RelWithDebInfo|Win32.ActiveCfg = RelWithDebInfo|Win32
		{250A12A8-C72C-4374-AEA7-C9B6DDE16985}.RelWithDebInfo|Win32.Build.0 = RelWithDebInfo|Win32
		{353E06AC-B092-49E8-9898-3B6A96FF2CF1}.Debug|Win32.ActiveCfg = Debug|Win32
		{353E06AC-B092-49E8-9898-3B6A96FF2CF1}.Debug|Win32.Build.0 = Debug|Win32
		{353E06AC-B092-49E8-9898-3B6A96FF2CF1}.Release|Win32.ActiveCfg = Release|Win32
		{353E06AC-B092-49E8-9898-3B6A96FF2CF1}.Release|Win32.Build.0 = Release|Win32
		{353E06AC-B092-49E8-9898-3B6A96FF2CF1}.MinSizeRel|Win32.ActiveCfg = MinSizeRel|Win32
		{353E06AC-B092-49E8-9898-3B6A96FF2CF1}.MinSizeRel|Win32.Build.0 = MinSizeRel|Win32
		{353E06AC-B092-49E8-9898-3B6A96FF2CF1}.RelWithDebInfo|Win32.ActiveCfg = RelWithDebInfo|Win32
		{353E06AC-B092-49E8-9898-3B6A96FF2CF1}.RelWithDebInfo|Win32.Build.0 = RelWithDebInfo|Win32
		{C1C1FFAE-8CF5-4E47-93EF-6EF920AB4048}.Debug|Win32.ActiveCfg = Debug|Win32
		{C1C1FFAE-8CF5-4E47-93EF-6EF920AB4048}.Debug|Win32.Build.0 = Debug|Win32
		{C1C1FFAE-8CF5-4E47-93EF-6EF920AB4048}.Release|Win32.ActiveCfg = Release|Win32
		{C1C1FFAE-8CF5-4E47-93EF-6EF920AB4048}.Release|Win32.Build.0 = Release|Win32
		{C1C1FFAE-8CF5-4E47-93EF-6EF920AB4048}.MinSizeRel|Win32.ActiveCfg = MinSizeRel|Win32
		{C1C1FFAE-8CF5-4E47-93EF-6EF920AB4048}.MinSizeRel|Win32.Build.0 = MinSizeRel|Win32
		{C1C1FFAE-8CF5-4E47-93EF-6EF920AB4048}.RelWithDebInfo|Win32.ActiveCfg = RelWithDebInfo|Win32
		{C1C1FFAE-8CF5-4E47-93EF-6EF920AB4048}.RelWithDebInfo|Win32.Build.0 = RelWithDebInfo|Win32
		{DD8FD137-F71A-4B97-957E-523A5958FA63}.Debug|Win32.ActiveCfg = Debug|Win32
		{DD8FD137-F71A-4B97-957E-523A5958FA63}.Debug|Win32.Build.0 = Debug|Win32
		{DD8FD137-F71A-4B97-957E-523A5958FA63}.Release|Win32.ActiveCfg = Release|Win32
		{DD8FD137-F71A-4B97-957E-523A5958FA63}.Release|Win32.Build.0 = Release|Win32
		{DD8FD137-F71A-4B97-957E-523A5958FA63}.MinSizeRel|Win32.ActiveCfg = MinSizeRel|Win32
		{DD8FD137-F71A-4B97-957E-523A5958FA63}.MinSizeRel|Win32.Build.0 = MinSizeRel|Win32
		{DD8FD137-F71A-4B97-957E-523A5958FA63}.RelWithDebInfo|Win32.ActiveCfg = RelWithDebInfo|Win32
		{DD8FD137-F71A-4B97-957E-523A5958FA63}.RelWithDebInfo|Win32.Build.0 = RelWithDebInfo|Win32
		{0DC5C212-92D8-4793-A56F-A92790AF4760}.Debug|Win32.ActiveCfg = Debug|Win32
		{0DC5C212-92D8-4793-A56F-A92790AF4760}.Debug|Win32.Build.0 = Debug|Win32
		{0DC5C212-92D8-4793-A56F-A92790AF4760}.Release|Win32.ActiveCfg = Release|Win32
		{0DC5C212-92D8-4793-A56F-A92790AF4760}.Release|Win32.Build.0 = Release|Win32
		{0DC5C212-92D8-4793-A56F-A92790AF4760}.MinSizeRel|Win32.ActiveCfg = MinSizeRel|Win32
		{0DC5C212-92D8-4793-A56F-A92790AF4760}.MinSizeRel|Win32.Build.0 = MinSizeRel|Win32
		{0DC5C212-92D8-4793-A56F-A92790AF4760}.RelWithDebInfo|Win32.ActiveCfg = RelWithDebInfo|Win32
		{0DC5C212-92D8-4793-A56F-A92790AF4760}.RelWithDebInfo|Win32.Build.0 = RelWithDebInfo|Win32
		{77C85B20-50B8-4CC6-B5B2-EFFB943DB497}.Debug|Win32.ActiveCfg = Debug|Win32
		{77C85B20-50B8-4CC6-B5B2-EFFB943DB497}.Debug|Win32.Build.0 = Debug|Win32
		{77C85B20-50B8-4CC6-B5B2-EFFB943DB497}.Release|Win32.ActiveCfg = Release|Win32
		{77C85B20-50B8-4CC6-B5B2-EFFB943DB497}.Release|Win32.Build.0 = Release|Win32
		{77C85B20-50B8-4CC6-B5B2-EFFB943DB497}.MinSizeRel|Win32.ActiveCfg = MinSizeRel|Win32
		{77C85B20-50B8-4CC6-B5B2-EFFB943DB497}.MinSizeRel|Win32.Build.0 = MinSizeRel|Win32
		{77C85B20-50B8-4CC6-B5B2-EFFB943DB497}.RelWithDebInfo|Win32.ActiveCfg = RelWithDebInfo|Win32
		{77C85B20-50B8-4CC6-B5B2-EFFB943DB497}.RelWithDebInfo|Win32.Build.0 = RelWithDebInfo|Win32
		{375CF62C-C045-411C-B317-077F2967CE8C}.Debug|Win32.ActiveCfg = Debug|Win32
		{375CF62C-C045-411C-B317-077F2967CE8C}.Debug|Win32.Build.0 = Debug|Win32
		{375CF62C-C045-411C-B317-077F2967CE8C}.Release|Win32.ActiveCfg = Release|Win32
		{375CF62C-C045-411C-B317-077F2967CE8C}.Release|Win32.Build.0 = Release|Win32
		{375CF62C-C045-411C-B317-077F2967CE8C}.MinSizeRel|Win32.ActiveCfg = MinSizeRel|Win32
		{375CF62C-C045-411C-B317-077F2967CE8C}.MinSizeRel|Win32.Build.0 = MinSizeRel|Win32
		{375CF62C-C045-411C-B317-077F2967CE8C}.RelWithDebInfo|Win32.ActiveCfg = RelWithDebInfo|Win32
		{375CF62C-C045-411C-B317-077F2967CE8C}.RelWithDebInfo|Win32.Build.0 = RelWithDebInfo|Win32
		{EC4F7DF3-838C-47AA-A46E-858D5EB43CBA}.Debug|Win32.ActiveCfg = Debug|Win32
		{EC4F7DF3-838C-47AA-A46E-858D5EB43CBA}.Debug|Win32.Build.0 = Debug|Win32
		{EC4F7DF3-838C-47AA-A46E-858D5EB43CBA}.Release|Win32.ActiveCfg = Release|Win32
		{EC4F7DF3-838C-47AA-A46E-858D5EB43CBA}.Release|Win32.Build.0 = Release|Win32
		{EC4F7DF3-838C-47AA-A46E-858D5EB43CBA}.MinSizeRel|Win32.ActiveCfg = MinSizeRel|Win32
		{EC4F7DF3-838C-47AA-A46E-858D5EB43CBA}.MinSizeRel|Win32.Build.0 = MinSizeRel|Win32
		{EC4F7DF3-838C-47AA-A46E-858D5EB43CBA}.RelWithDebInfo|Win32.ActiveCfg = RelWithDebInfo|Win32
		{EC4F7DF3-838C-47AA-A46E-858D5EB43CBA}.RelWithDebInfo|Win32.Build.0 = RelWithDebInfo|Win32
		{F7D8A128-7056-4A82-9470-825556E7852E}.Debug|Win32.ActiveCfg = Debug|Win32
		{F7D8A128-7056-4A82-9470-825556E7852E}.Debug|Win32.Build.0 = Debug|Win32
		{F7D8A128-7056-4A82-9470-825556E7852E}.Release|Win32.ActiveCfg = Release|Win32
		{F7D8A128-7056-4A82-9470-825556E7852E}.Release|Win32.Build.0 = Release|Win32
		{F7D8A128-7056-4A82-9470-825556E7852E}.MinSizeRel|Win32.ActiveCfg = MinSizeRel|Win32
		{F7D8A128-7056-4A82-9470-825556E7852E}.MinSizeRel|Win32.Build.0 = MinSizeRel|Win32
		{F7D8A128-7056-4A82-9470-825556E7852E}.RelWithDebInfo|Win32.ActiveCfg = RelWithDebInfo|Win32
		{F7D8A128-7056-4A82-9470-825556E7852E}.RelWithDebInfo|Win32.Build.0 = RelWithDebInfo|Win32
		{6614EEDC-3BC1-4C82-ABDD-22E54DD75ACB}.Debug|Win32.ActiveCfg = Debug|Win32
		{6614EEDC-3BC1-4C82-ABDD-22E54DD75ACB}.Debug|Win32.Build.0 = Debug|Win32
		{6614EEDC-3BC1-4C82-ABDD-22E54DD75ACB}.Release|Win32.ActiveCfg = Release|Win32
		{6614EEDC-3BC1-4C82-ABDD-22E54DD75ACB}.Release|Win32.Build.0 = Release|Win32
		{6614EEDC-3BC1-4C82-ABDD-22E54DD75ACB}.MinSizeRel|Win32.ActiveCfg = MinSizeRel|Win32
		{6614EEDC-3BC1-4C82-ABDD-22E54DD75ACB}.MinSizeRel|Win32.Build.0 = MinSizeRel|Win32
		{6614EEDC-3BC1-4C82-ABDD-22E54DD75ACB}.RelWithDebInfo|Win32.ActiveCfg = RelWithDebInfo|Win32
		{6614EEDC-3BC1-4C82-ABDD-22E54DD75ACB}.RelWithDebInfo|Win32.Build.0 = RelWithDebInfo|Win32
		{AC37AF73-C03C-4C5F-BF6F-9B0BB56D416A}.Debug|Win32.ActiveCfg = Debug|Win32
		{AC37AF73-C03C-4C5F-BF6F-9B0BB56D416A}.Debug|Win32.Build.0 = Debug|Win32
		{AC37AF73-C03C-4C5F-BF6F-9B0BB56D416A}.Release|Win32.ActiveCfg = Release|Win32
		{AC37AF73-C03C-4C5F-BF6F-9B0BB56D416A}.Release|Win32.Build.0 = Release|Win32
		{AC37AF73-C03C-4C5F-BF6F-9B0BB56D416A}.MinSizeRel|Win32.ActiveCfg = MinSizeRel|Win32
		{AC37AF73-C03C-4C5F-BF6F-9B0BB56D416A}.MinSizeRel|Win32.Build.0 = MinSizeRel|Win32
		{AC37AF73-C03C-4C5F-BF6F-9B0BB56D416A}.RelWithDebInfo|Win32.ActiveCfg = RelWithDebInfo|Win32
		{AC37AF73-C03C-4C5F-BF6F-9B0BB56D416A}.RelWithDebInfo|Win32.Build.0 = RelWithDebInfo|Win32
		{C5B82B7C-99F8-4E33-B91D-9C36DAE12129}.Debug|Win32.ActiveCfg = Debug|Win32
		{C5B82B7C-99F8-4E33-B91D-9C36DAE12129}.Debug|Win32.Build.0 = Debug|Win32
		{C5B82B7C-99F8-4E33-B91D-9C36DAE12129}.Release|Win32.ActiveCfg = Release|Win32
		{C5B82B7C-99F8-4E33-B91D-9C36DAE12129}.Release|Win32.Build.0 = Release|Win32
		{C5B82B7C-99F8-4E33-B91D-9C36DAE12129}.MinSizeRel|Win32.ActiveCfg = MinSizeRel|Win32
		{C5B82B7C-99F8-4E33-B91D-9C36DAE12129}.MinSizeRel|Win32.Build.0 = MinSizeRel|Win32
		{C5B82B7C-99F8-4E33-B91D-9C36DAE12129}.RelWithDebInfo|Win32.ActiveCfg = RelWithDebInfo|Win32
		{C5B82B7C-99F8-4E33-B91D-9C36DAE12129}.RelWithDebInfo|Win32.Build.0 = RelWithDebInfo|Win32
		{0BAD46EB-7688-4113-870F-C1F3D9AD64F6}.Debug|Win32.ActiveCfg = Debug|Win32
		{0BAD46EB-7688-4113-870F-C1F3D9AD64F6}.Debug|Win32.Build.0 = Debug|Win32
		{0BAD46EB-7688-4113-870F-C1F3D9AD64F6}.Release|Win32.ActiveCfg = Release|Win32
		{0BAD46EB-7688-4113-870F-C1F3D9AD64F6}.Release|Win32.Build.0 = Release|Win32
		{0BAD46EB-7688-4113-870F-C1F3D9AD64F6}.MinSizeRel|Win32.ActiveCfg = MinSizeRel|Win32
		{0BAD46EB-7688-4113-870F-C1F3D9AD64F6}.MinSizeRel|Win32.Build.0 = MinSizeRel|Win32
		{0BAD46EB-7688-4113-870F-C1F3D9AD64F6}.RelWithDebInfo|Win32.ActiveCfg = RelWithDebInfo|Win32
		{0BAD46EB-7688-4113-870F-C1F3D9AD64F6}.RelWithDebInfo|Win32.Build.0 = RelWithDebInfo|Win32
		{C970EB54-7A4F-4A64-85B6-7346C6026A1B}.Debug|Win32.ActiveCfg = Debug|Win32
		{C970EB54-7A4F-4A64-85B6-7346C6026A1B}.Debug|Win32.Build.0 = Debug|Win32
		{C970EB54-7A4F-4A64-85B6-7346C6026A1B}.Release|Win32.ActiveCfg = Release|Win32
		{C970EB54-7A4F-4A64-85B6-7346C6026A1B}.Release|Win32.Build.0 = Release|Win32
		{C970EB54-7A4F-4A64-85B6-7346C6026A1B}.MinSizeRel|Win32.ActiveCfg = MinSizeRel|Win32
		{C970EB54-7A4F-4A64-85B6-7346C6026A1B}.MinSizeRel|Win32.Build.0 = MinSizeRel|Win32
		{C970EB54-7A4F-4A64-85B6-7346C6026A1B}.RelWithDebInfo|Win32.ActiveCfg = RelWithDebInfo|Win32
		{C970EB54-7A4F-4A64-85B6-7346C6026A1B}.RelWithDebInfo|Win32.Build.0 = RelWithDebInfo|Win32
		{953524F7-5819-4D5D-A004-66B743BD3A45}.Debug|Win32.ActiveCfg = Debug|Win32
		{953524F7-5819-4D5D-A004-66B743BD3A45}.Debug|Win32.Build.0 = Debug|Win32
		{953524F7-5819-4D5D-A004-66B743BD3A45}.Release|Win32.ActiveCfg = Release|Win32
		{953524F7-5819-4D5D-A004-66B743BD3A45}.Release|Win32.Build.0 = Release|Win32
		{953524F7-5819-4D5D-A004-66B743BD3A45}.MinSizeRel|Win32.ActiveCfg = MinSizeRel|Win32
		{953524F7-5819-4D5D-A004-66B743BD3A45}.MinSizeRel|Win32.Build.0 = MinSizeRel|Win32
		{953524F7-5819-4D5D-A004-66B743BD3A45}.RelWithDebInfo|Win32.ActiveCfg = RelWithDebInfo|Win32
		{953524F7-5819-4D5D-A004-66B743BD3A45}.RelWithDebInfo|Win32.Build.0 = RelWithDebInfo|Win32
		{9A05868D-D0E0-4FDB-ADD4-F9F57B44AA82}.Debug|Win32.ActiveCfg = Debug|Win32
		{9A05868D-D0E0-4FDB-ADD4-F9F57B44AA82}.Debug|Win32.Build.0 = Debug|Win32
		{9A05868D-D0E0-4FDB-ADD4-F9F57B44AA82}.Release|Win32.ActiveCfg = Release|Win32
		{9A05868D-D0E0-4FDB-ADD4-F9F57B44AA82}.Release|Win32.Build.0 = Release|Win32
		{9A05868D-D0E0-4FDB-ADD4-F9F57B44AA82}.MinSizeRel|Win32.ActiveCfg = MinSizeRel|Win32
		{9A05868D-D0E0-4FDB-ADD4-F9F57B44AA82}.MinSizeRel|Win32.Build.0 = MinSizeRel|Win32
		{9A05868D-D0E0-4FDB-ADD4-F9F57B44AA82}.RelWithDebInfo|Win32.ActiveCfg = RelWithDebInfo|Win32
		{9A05868D-D0E0-4FDB-ADD4-F9F57B44AA82}.RelWithDebInfo|Win32.Build.0 = RelWithDebInfo|Win32
		{1CE18A8B-BC22-4394-8FFD-429375B0548A}.Debug|Win32.ActiveCfg = Debug|Win32
		{1CE18A8B-BC22-4394-8FFD-429375B0548A}.Debug|Win32.Build.0 = Debug|Win32
		{1CE18A8B-BC22-4394-8FFD-429375B0548A}.Release|Win32.ActiveCfg = Release|Win32
		{1CE18A8B-BC22-4394-8FFD-429375B0548A}.Release|Win32.Build.0 = Release|Win32
		{1CE18A8B-BC22-4394-8FFD-429375B0548A}.MinSizeRel|Win32.ActiveCfg = MinSizeRel|Win32
		{1CE18A8B-BC22-4394-8FFD-429375B0548A}.MinSizeRel|Win32.Build.0 = MinSizeRel|Win32
		{1CE18A8B-BC22-4394-8FFD-429375B0548A}.RelWithDebInfo|Win32.ActiveCfg = RelWithDebInfo|Win32
		{1CE18A8B-BC22-4394-8FFD-429375B0548A}.RelWithDebInfo|Win32.Build.0 = RelWithDebInfo|Win32
		{2B262D3C-3E77-4015-B964-36435EF7130F}.Debug|Win32.ActiveCfg = Debug|Win32
		{2B262D3C-3E77-4015-B964-36435EF7130F}.Debug|Win32.Build.0 = Debug|Win32
		{2B262D3C-3E77-4015-B964-36435EF7130F}.Release|Win32.ActiveCfg = Release|Win32
		{2B262D3C-3E77-4015-B964-36435EF7130F}.Release|Win32.Build.0 = Release|Win32
		{2B262D3C-3E77-4015-B964-36435EF7130F}.MinSizeRel|Win32.ActiveCfg = MinSizeRel|Win32
		{2B262D3C-3E77-4015-B964-36435EF7130F}.MinSizeRel|Win32.Build.0 = MinSizeRel|Win32
		{2B262D3C-3E77-4015-B964-36435EF7130F}.RelWithDebInfo|Win32.ActiveCfg = RelWithDebInfo|Win32
		{2B262D3C-3E77-4015-B964-36435EF7130F}.RelWithDebInfo|Win32.Build.0 = RelWithDebInfo|Win32
		{FD8EC068-8E5D-478B-9F9F-23805C071D5F}.Debug|Win32.ActiveCfg = Debug|Win32
		{FD8EC068-8E5D-478B-9F9F-23805C071D5F}.Debug|Win32.Build.0 = Debug|Win32
		{FD8EC068-8E5D-478B-9F9F-23805C071D5F}.Release|Win32.ActiveCfg = Release|Win32
		{FD8EC068-8E5D-478B-9F9F-23805C071D5F}.Release|Win32.Build.0 = Release|Win32
		{FD8EC068-8E5D-478B-9F9F-23805C071D5F}.MinSizeRel|Win32.ActiveCfg = MinSizeRel|Win32
		{FD8EC068-8E5D-478B-9F9F-23805C071D5F}.MinSizeRel|Win32.Build.0 = MinSizeRel|Win32
		{FD8EC068-8E5D-478B-9F9F-23805C071D5F}.RelWithDebInfo|Win32.ActiveCfg = RelWithDebInfo|Win32
		{FD8EC068-8E5D-478B-9F9F-23805C071D5F}.RelWithDebInfo|Win32.Build.0 = RelWithDebInfo|Win32
		{3D0AE411-4DAA-4A39-9C51-B089849796D1}.Debug|Win32.ActiveCfg = Debug|Win32
		{3D0AE411-4DAA-4A39-9C51-B089849796D1}.Debug|Win32.Build.0 = Debug|Win32
		{3D0AE411-4DAA-4A39-9C51-B089849796D1}.Release|Win32.ActiveCfg = Release|Win32
		{3D0AE411-4DAA-4A39-9C51-B089849796D1}.Release|Win32.Build.0 = Release|Win32
		{3D0AE411-4DAA-4A39-9C51-B089849796D1}.MinSizeRel|Win32.ActiveCfg = MinSizeRel|Win32
		{3D0AE411-4DAA-4A39-9C51-B089849796D1}.MinSizeRel|Win32.Build.0 = MinSizeRel|Win32
		{3D0AE411-4DAA-4A39-9C51-B089849796D1}.RelWithDebInfo|Win32.ActiveCfg = RelWithDebInfo|Win32
		{3D0AE411-4DAA-4A39-9C51-B089849796D1}.RelWithDebInfo|Win32.Build.0 = RelWithDebInfo|Win32
		{61544C2F-91B2-4BDD-8404-EC24C0282DE7}.Debug|Win32.ActiveCfg = Debug|Win32
		{61544C2F-91B2-4BDD-8404-EC24C0282DE7}.Debug|Win32.Build.0 = Debug|Win32
		{61544C2F-91B2-4BDD-8404-EC24C0282DE7}.Release|Win32.ActiveCfg = Release|Win32
		{61544C2F-91B2-4BDD-8404-EC24C0282DE7}.Release|Win32.Build.0 = Release|Win32
		{61544C2F-91B2-4BDD-8404-EC24C0282DE7}.MinSizeRel|Win32.ActiveCfg = MinSizeRel|Win32
		{61544C2F-91B2-4BDD-8404-EC24C0282DE7}.MinSizeRel|Win32.Build.0 = MinSizeRel|Win32
		{61544C2F-91B2-4BDD-8404-EC24C0282DE7}.RelWithDebInfo|Win32.ActiveCfg = RelWithDebInfo|Win32
		{61544C2F-91B2-4BDD-8404-EC24C0282DE7}.RelWithDebInfo|Win32.Build.0 = RelWithDebInfo|Win32
		{9047F2F2-9F0F-42E8-A244-9B8036C24A30}.Debug|Win32.ActiveCfg = Debug|Win32
		{9047F2F2-9F0F-42E8-A244-9B8036C24A30}.Debug|Win32.Build.0 = Debug|Win32
		{9047F2F2-9F0F-42E8-A244-9B8036C24A30}.Release|Win32.ActiveCfg = Release|Win32
		{9047F2F2-9F0F-42E8-A244-9B8036C24A30}.Release|Win32.Build.0 = Release|Win32
		{9047F2F2-9F0F-42E8-A244-9B8036C24A30}.MinSizeRel|Win32.ActiveCfg = MinSizeRel|Win32
		{9047F2F2-9F0F-42E8-A244-9B8036C24A30}.MinSizeRel|Win32.Build.0 = MinSizeRel|Win32
		{9047F2F2-9F0F-42E8-A244-9B8036C24A30}.RelWithDebInfo|Win32.ActiveCfg = RelWithDebInfo|Win32
		{9047F2F2-9F0F-42E8-A244-9B8036C24A30}.RelWithDebInfo|Win32.Build.0 = RelWithDebInfo|Win32
	EndGlobalSection
	GlobalSection(ExtensibilityGlobals) = postSolution
	EndGlobalSection
	GlobalSection(ExtensibilityAddIns) = postSolution
	EndGlobalSection
EndGlobal
